
Microsoft Visual Studio Solution File, Format Version 11.00
# Visual Studio 2010
Project("{FAE04EC0-301F-11D3-BF4B-00C04F79EFBC}") = "TikzEdt", "TikzEdt\TikzEdt.csproj", "{8DC4C41D-2095-4213-A46B-121EB550A2ED}"
EndProject
Project("{54435603-DBB4-11D2-8724-00A0C9A8B90C}") = "TikzEdt1.0", "TikzEdt1.0\TikzEdt1.0.vdproj", "{CA2B5FF9-8713-4337-A6A9-ECDA1596A3EF}"
EndProject
Project("{FAE04EC0-301F-11D3-BF4B-00C04F79EFBC}") = "TikzParser", "TikzParser\TikzParser.csproj", "{DCEE85EE-19E0-46F4-8C94-BB044075561F}"
EndProject
Project("{FAE04EC0-301F-11D3-BF4B-00C04F79EFBC}") = "TikzParserUnitTests", "TikzParserUnitTests\TikzParserUnitTests.csproj", "{396A9DE0-2EE3-4F24-BE7F-70756EB5B4CE}"
EndProject
Project("{FAE04EC0-301F-11D3-BF4B-00C04F79EFBC}") = "TEApplicationLogic", "TEApplicationLogic\TEApplicationLogic.csproj", "{EB03FD23-3941-4B4B-964C-29CB265BA5EA}"
EndProject
Project("{FAE04EC0-301F-11D3-BF4B-00C04F79EFBC}") = "TEApplicationLogicUnitTests", "TEApplicationLogicUnitTests\TEApplicationLogicUnitTests.csproj", "{869F7503-52E5-4A0A-9D68-2AFABCE8DBDB}"
EndProject
Project("{F088123C-0E9E-452A-89E6-6BA2F21D5CAC}") = "TEModeling", "TEModeling\TEModeling.modelproj", "{2ECD3A02-0B5A-4CEC-9277-D49590CF970A}"
EndProject
Project("{FAE04EC0-301F-11D3-BF4B-00C04F79EFBC}") = "TESharedComponents", "TESharedComponents\TESharedComponents.csproj", "{67D51221-DEBE-4A44-9C67-F09DEAA69368}"
EndProject
Project("{FAE04EC0-301F-11D3-BF4B-00C04F79EFBC}") = "TESharedComponentsTests", "TESharedComponentsTests\TESharedComponentsTests.csproj", "{245AAB5D-E043-43AC-8507-32FA02CC5696}"
EndProject
Project("{FAE04EC0-301F-11D3-BF4B-00C04F79EFBC}") = "FileListView", "Components\FileListView\FileListView\FileListView.csproj", "{1EDFF96E-0520-4D6C-8CBD-754510DB57D6}"
EndProject
Project("{FAE04EC0-301F-11D3-BF4B-00C04F79EFBC}") = "FileListViewTest", "Components\FileListView\FileListViewTest\FileListViewTest.csproj", "{CB2572E1-D207-4BEF-A9D7-A226D27C7871}"
EndProject
Project("{2150E333-8FDC-42A3-9474-1A3956D46DE8}") = "Components", "Components", "{E2E09343-38EC-4E39-92C7-3AEA082B8735}"
EndProject
Project("{2150E333-8FDC-42A3-9474-1A3956D46DE8}") = "FileListView", "FileListView", "{8CAC0335-82F5-4A9C-A551-4A96D245F4D7}"
EndProject
Project("{2150E333-8FDC-42A3-9474-1A3956D46DE8}") = "TextEditorEx", "TextEditorEx", "{23DAF4C2-D8DD-4C5B-9CC4-09163C20F932}"
EndProject
Project("{FAE04EC0-301F-11D3-BF4B-00C04F79EFBC}") = "TextEditorEx", "Components\TextEditorEx\TextEditorEx\TextEditorEx.csproj", "{15E848B4-F289-4580-BAEA-F818F2899E23}"
EndProject
Project("{FAE04EC0-301F-11D3-BF4B-00C04F79EFBC}") = "TestEditorExTest", "Components\TextEditorEx\TestEditorExTest\TestEditorExTest.csproj", "{2C4125FF-0B50-43B9-A37A-592977F6041E}"
EndProject
Project("{2150E333-8FDC-42A3-9474-1A3956D46DE8}") = "FindReplace", "FindReplace", "{841A3488-E87C-42E8-826E-B692210FBB13}"
EndProject
Project("{FAE04EC0-301F-11D3-BF4B-00C04F79EFBC}") = "FindReplaceTest", "Components\FindReplaceTest\FindReplaceTest\FindReplaceTest.csproj", "{4C64F7EC-CAB4-49BB-8FB9-AB936D027086}"
EndProject
Project("{FAE04EC0-301F-11D3-BF4B-00C04F79EFBC}") = "FindReplace", "Components\FindReplaceTest\FindReplace\FindReplace.csproj", "{F6237B7D-9A3B-4F55-961B-72035B0DEA4D}"
EndProject
Project("{FAE04EC0-301F-11D3-BF4B-00C04F79EFBC}") = "FindReplaceUnitTests", "Components\FindReplaceTest\FindReplaceUnitTests\FindReplaceUnitTests.csproj", "{D7C9CB53-C1D7-450B-9EF7-6D7449D57793}"
EndProject
Project("{FAE04EC0-301F-11D3-BF4B-00C04F79EFBC}") = "FindReplaceTestSDI", "Components\FindReplaceTest\FindReplaceTestSDI\FindReplaceTestSDI.csproj", "{AE872F09-9471-4684-9F68-85588B46496F}"
EndProject
Project("{2150E333-8FDC-42A3-9474-1A3956D46DE8}") = "AuxiliaryPrograms", "AuxiliaryPrograms", "{56251D3F-B48C-4890-8028-F7C9C54F1518}"
EndProject
Project("{FAE04EC0-301F-11D3-BF4B-00C04F79EFBC}") = "CopyRuntimeData", "Components\AuxiliaryPrograms\CopyRuntimeData\CopyRuntimeData.csproj", "{E5A431B6-FD67-4B76-83A8-825FB3820EEF}"
EndProject
Project("{FAE04EC0-301F-11D3-BF4B-00C04F79EFBC}") = "Unzipper", "Components\AuxiliaryPrograms\Unzipper\Unzipper.csproj", "{A5AE753E-3A06-4770-9AAC-4E902D1868E3}"
EndProject
Project("{FAE04EC0-301F-11D3-BF4B-00C04F79EFBC}") = "my_cmd", "Components\AuxiliaryPrograms\InstallLatexPackages\my_cmd.csproj", "{6A871C81-F5C6-4CA7-8FEE-0A96610C6569}"
EndProject
Project("{FAE04EC0-301F-11D3-BF4B-00C04F79EFBC}") = "MakeWebsiteStatic", "Components\AuxiliaryPrograms\MakeWebsiteStatic\MakeWebsiteStatic.csproj", "{23AE0B0A-490C-4755-8A55-6B3FC28B0B98}"
EndProject
Project("{FAE04EC0-301F-11D3-BF4B-00C04F79EFBC}") = "XSHDEditor", "Components\AuxiliaryPrograms\XSHDEditor\XSHDEditor.csproj", "{4FC9ABF5-F001-4439-9FF4-F516F428121A}"
EndProject
Project("{2150E333-8FDC-42A3-9474-1A3956D46DE8}") = "Solution Items", "Solution Items", "{5BDAA118-26A7-4753-A32C-10975FD74B0B}"
	ProjectSection(SolutionItems) = preProject
		TestSettings1.testsettings = TestSettings1.testsettings
		TikzEdt1.vsmdi = TikzEdt1.vsmdi
	EndProjectSection
EndProject
Project("{FAE04EC0-301F-11D3-BF4B-00C04F79EFBC}") = "WpfSpecificComponents", "WpfSpecificComponents\WpfSpecificComponents.csproj", "{09025834-E5F7-4D1A-A2B7-130E4C45BE13}"
EndProject
Project("{FAE04EC0-301F-11D3-BF4B-00C04F79EFBC}") = "TikzEdtWForms", "TikzEdtWForms\TikzEdtWForms.csproj", "{51D62C9C-9978-4494-8367-73070707A986}"
EndProject
Global
	GlobalSection(TestCaseManagementSettings) = postSolution
		CategoryFile = TikzEdt1.vsmdi
	EndGlobalSection
	GlobalSection(SolutionConfigurationPlatforms) = preSolution
		CD_ROM|Any CPU = CD_ROM|Any CPU
		CD_ROM|Mixed Platforms = CD_ROM|Mixed Platforms
		CD_ROM|x64 = CD_ROM|x64
		CD_ROM|x86 = CD_ROM|x86
		Debug|Any CPU = Debug|Any CPU
		Debug|Mixed Platforms = Debug|Mixed Platforms
		Debug|x64 = Debug|x64
		Debug|x86 = Debug|x86
		DVD-5|Any CPU = DVD-5|Any CPU
		DVD-5|Mixed Platforms = DVD-5|Mixed Platforms
		DVD-5|x64 = DVD-5|x64
		DVD-5|x86 = DVD-5|x86
		Release|Any CPU = Release|Any CPU
		Release|Mixed Platforms = Release|Mixed Platforms
		Release|x64 = Release|x64
		Release|x86 = Release|x86
		ReleaseRaw|Any CPU = ReleaseRaw|Any CPU
		ReleaseRaw|Mixed Platforms = ReleaseRaw|Mixed Platforms
		ReleaseRaw|x64 = ReleaseRaw|x64
		ReleaseRaw|x86 = ReleaseRaw|x86
		SingleImage|Any CPU = SingleImage|Any CPU
		SingleImage|Mixed Platforms = SingleImage|Mixed Platforms
		SingleImage|x64 = SingleImage|x64
		SingleImage|x86 = SingleImage|x86
	EndGlobalSection
	GlobalSection(ProjectConfigurationPlatforms) = postSolution
		{8DC4C41D-2095-4213-A46B-121EB550A2ED}.CD_ROM|Any CPU.ActiveCfg = ReleaseRaw|x86
		{8DC4C41D-2095-4213-A46B-121EB550A2ED}.CD_ROM|Mixed Platforms.ActiveCfg = ReleaseRaw|x86
		{8DC4C41D-2095-4213-A46B-121EB550A2ED}.CD_ROM|Mixed Platforms.Build.0 = ReleaseRaw|x86
		{8DC4C41D-2095-4213-A46B-121EB550A2ED}.CD_ROM|x64.ActiveCfg = ReleaseRaw|x86
		{8DC4C41D-2095-4213-A46B-121EB550A2ED}.CD_ROM|x86.ActiveCfg = Release|x86
		{8DC4C41D-2095-4213-A46B-121EB550A2ED}.CD_ROM|x86.Build.0 = Release|x86
		{8DC4C41D-2095-4213-A46B-121EB550A2ED}.Debug|Any CPU.ActiveCfg = Debug|x86
		{8DC4C41D-2095-4213-A46B-121EB550A2ED}.Debug|Mixed Platforms.ActiveCfg = Debug|x86
		{8DC4C41D-2095-4213-A46B-121EB550A2ED}.Debug|Mixed Platforms.Build.0 = Debug|x86
		{8DC4C41D-2095-4213-A46B-121EB550A2ED}.Debug|x64.ActiveCfg = Debug|x86
		{8DC4C41D-2095-4213-A46B-121EB550A2ED}.Debug|x64.Build.0 = Debug|x86
		{8DC4C41D-2095-4213-A46B-121EB550A2ED}.Debug|x86.ActiveCfg = Debug|x86
		{8DC4C41D-2095-4213-A46B-121EB550A2ED}.Debug|x86.Build.0 = Debug|x86
		{8DC4C41D-2095-4213-A46B-121EB550A2ED}.DVD-5|Any CPU.ActiveCfg = Debug|x86
		{8DC4C41D-2095-4213-A46B-121EB550A2ED}.DVD-5|Mixed Platforms.ActiveCfg = Debug|x86
		{8DC4C41D-2095-4213-A46B-121EB550A2ED}.DVD-5|Mixed Platforms.Build.0 = Debug|x86
		{8DC4C41D-2095-4213-A46B-121EB550A2ED}.DVD-5|x64.ActiveCfg = Debug|x86
		{8DC4C41D-2095-4213-A46B-121EB550A2ED}.DVD-5|x86.ActiveCfg = Debug|x86
		{8DC4C41D-2095-4213-A46B-121EB550A2ED}.DVD-5|x86.Build.0 = Debug|x86
		{8DC4C41D-2095-4213-A46B-121EB550A2ED}.Release|Any CPU.ActiveCfg = Release|x86
		{8DC4C41D-2095-4213-A46B-121EB550A2ED}.Release|Mixed Platforms.ActiveCfg = Release|x86
		{8DC4C41D-2095-4213-A46B-121EB550A2ED}.Release|Mixed Platforms.Build.0 = Release|x86
		{8DC4C41D-2095-4213-A46B-121EB550A2ED}.Release|x64.ActiveCfg = Release|x86
		{8DC4C41D-2095-4213-A46B-121EB550A2ED}.Release|x64.Build.0 = Release|x86
		{8DC4C41D-2095-4213-A46B-121EB550A2ED}.Release|x86.ActiveCfg = Release|x86
		{8DC4C41D-2095-4213-A46B-121EB550A2ED}.Release|x86.Build.0 = Release|x86
		{8DC4C41D-2095-4213-A46B-121EB550A2ED}.ReleaseRaw|Any CPU.ActiveCfg = ReleaseRaw|x86
		{8DC4C41D-2095-4213-A46B-121EB550A2ED}.ReleaseRaw|Mixed Platforms.ActiveCfg = ReleaseRaw|x86
		{8DC4C41D-2095-4213-A46B-121EB550A2ED}.ReleaseRaw|Mixed Platforms.Build.0 = ReleaseRaw|x86
		{8DC4C41D-2095-4213-A46B-121EB550A2ED}.ReleaseRaw|x64.ActiveCfg = ReleaseRaw|x86
		{8DC4C41D-2095-4213-A46B-121EB550A2ED}.ReleaseRaw|x86.ActiveCfg = ReleaseRaw|x86
		{8DC4C41D-2095-4213-A46B-121EB550A2ED}.ReleaseRaw|x86.Build.0 = ReleaseRaw|x86
		{8DC4C41D-2095-4213-A46B-121EB550A2ED}.SingleImage|Any CPU.ActiveCfg = ReleaseRaw|x86
		{8DC4C41D-2095-4213-A46B-121EB550A2ED}.SingleImage|Mixed Platforms.ActiveCfg = ReleaseRaw|x86
		{8DC4C41D-2095-4213-A46B-121EB550A2ED}.SingleImage|Mixed Platforms.Build.0 = ReleaseRaw|x86
		{8DC4C41D-2095-4213-A46B-121EB550A2ED}.SingleImage|x64.ActiveCfg = ReleaseRaw|x86
		{8DC4C41D-2095-4213-A46B-121EB550A2ED}.SingleImage|x86.ActiveCfg = Release|x86
		{8DC4C41D-2095-4213-A46B-121EB550A2ED}.SingleImage|x86.Build.0 = Release|x86
		{CA2B5FF9-8713-4337-A6A9-ECDA1596A3EF}.CD_ROM|Any CPU.ActiveCfg = Release
		{CA2B5FF9-8713-4337-A6A9-ECDA1596A3EF}.CD_ROM|Any CPU.Build.0 = Release
		{CA2B5FF9-8713-4337-A6A9-ECDA1596A3EF}.CD_ROM|Mixed Platforms.ActiveCfg = Release
		{CA2B5FF9-8713-4337-A6A9-ECDA1596A3EF}.CD_ROM|Mixed Platforms.Build.0 = Release
		{CA2B5FF9-8713-4337-A6A9-ECDA1596A3EF}.CD_ROM|x64.ActiveCfg = Release
		{CA2B5FF9-8713-4337-A6A9-ECDA1596A3EF}.CD_ROM|x86.ActiveCfg = Release
		{CA2B5FF9-8713-4337-A6A9-ECDA1596A3EF}.Debug|Any CPU.ActiveCfg = Debug
		{CA2B5FF9-8713-4337-A6A9-ECDA1596A3EF}.Debug|Any CPU.Build.0 = Debug
		{CA2B5FF9-8713-4337-A6A9-ECDA1596A3EF}.Debug|Mixed Platforms.ActiveCfg = Debug
		{CA2B5FF9-8713-4337-A6A9-ECDA1596A3EF}.Debug|Mixed Platforms.Build.0 = Debug
		{CA2B5FF9-8713-4337-A6A9-ECDA1596A3EF}.Debug|x64.ActiveCfg = Debug
		{CA2B5FF9-8713-4337-A6A9-ECDA1596A3EF}.Debug|x86.ActiveCfg = Debug
		{CA2B5FF9-8713-4337-A6A9-ECDA1596A3EF}.DVD-5|Any CPU.ActiveCfg = Debug
		{CA2B5FF9-8713-4337-A6A9-ECDA1596A3EF}.DVD-5|Any CPU.Build.0 = Debug
		{CA2B5FF9-8713-4337-A6A9-ECDA1596A3EF}.DVD-5|Mixed Platforms.ActiveCfg = Debug
		{CA2B5FF9-8713-4337-A6A9-ECDA1596A3EF}.DVD-5|Mixed Platforms.Build.0 = Debug
		{CA2B5FF9-8713-4337-A6A9-ECDA1596A3EF}.DVD-5|x64.ActiveCfg = Debug
		{CA2B5FF9-8713-4337-A6A9-ECDA1596A3EF}.DVD-5|x86.ActiveCfg = Debug
		{CA2B5FF9-8713-4337-A6A9-ECDA1596A3EF}.Release|Any CPU.ActiveCfg = Release
		{CA2B5FF9-8713-4337-A6A9-ECDA1596A3EF}.Release|Any CPU.Build.0 = Release
		{CA2B5FF9-8713-4337-A6A9-ECDA1596A3EF}.Release|Mixed Platforms.ActiveCfg = Release
		{CA2B5FF9-8713-4337-A6A9-ECDA1596A3EF}.Release|Mixed Platforms.Build.0 = Release
		{CA2B5FF9-8713-4337-A6A9-ECDA1596A3EF}.Release|x64.ActiveCfg = Release
		{CA2B5FF9-8713-4337-A6A9-ECDA1596A3EF}.Release|x86.ActiveCfg = Release
		{CA2B5FF9-8713-4337-A6A9-ECDA1596A3EF}.ReleaseRaw|Any CPU.ActiveCfg = ReleaseRaw
		{CA2B5FF9-8713-4337-A6A9-ECDA1596A3EF}.ReleaseRaw|Any CPU.Build.0 = ReleaseRaw
		{CA2B5FF9-8713-4337-A6A9-ECDA1596A3EF}.ReleaseRaw|Mixed Platforms.ActiveCfg = ReleaseRaw
		{CA2B5FF9-8713-4337-A6A9-ECDA1596A3EF}.ReleaseRaw|Mixed Platforms.Build.0 = ReleaseRaw
		{CA2B5FF9-8713-4337-A6A9-ECDA1596A3EF}.ReleaseRaw|x64.ActiveCfg = ReleaseRaw
		{CA2B5FF9-8713-4337-A6A9-ECDA1596A3EF}.ReleaseRaw|x64.Build.0 = ReleaseRaw
		{CA2B5FF9-8713-4337-A6A9-ECDA1596A3EF}.ReleaseRaw|x86.ActiveCfg = ReleaseRaw
		{CA2B5FF9-8713-4337-A6A9-ECDA1596A3EF}.ReleaseRaw|x86.Build.0 = ReleaseRaw
		{CA2B5FF9-8713-4337-A6A9-ECDA1596A3EF}.SingleImage|Any CPU.ActiveCfg = Release
		{CA2B5FF9-8713-4337-A6A9-ECDA1596A3EF}.SingleImage|Any CPU.Build.0 = Release
		{CA2B5FF9-8713-4337-A6A9-ECDA1596A3EF}.SingleImage|Mixed Platforms.ActiveCfg = Release
		{CA2B5FF9-8713-4337-A6A9-ECDA1596A3EF}.SingleImage|Mixed Platforms.Build.0 = Release
		{CA2B5FF9-8713-4337-A6A9-ECDA1596A3EF}.SingleImage|x64.ActiveCfg = Release
		{CA2B5FF9-8713-4337-A6A9-ECDA1596A3EF}.SingleImage|x86.ActiveCfg = Release
		{DCEE85EE-19E0-46F4-8C94-BB044075561F}.CD_ROM|Any CPU.ActiveCfg = Release|Any CPU
		{DCEE85EE-19E0-46F4-8C94-BB044075561F}.CD_ROM|Any CPU.Build.0 = Release|Any CPU
		{DCEE85EE-19E0-46F4-8C94-BB044075561F}.CD_ROM|Mixed Platforms.ActiveCfg = Release|Any CPU
		{DCEE85EE-19E0-46F4-8C94-BB044075561F}.CD_ROM|Mixed Platforms.Build.0 = Release|Any CPU
		{DCEE85EE-19E0-46F4-8C94-BB044075561F}.CD_ROM|x64.ActiveCfg = Release|Any CPU
		{DCEE85EE-19E0-46F4-8C94-BB044075561F}.CD_ROM|x86.ActiveCfg = Release|Any CPU
		{DCEE85EE-19E0-46F4-8C94-BB044075561F}.Debug|Any CPU.ActiveCfg = Debug|Any CPU
		{DCEE85EE-19E0-46F4-8C94-BB044075561F}.Debug|Any CPU.Build.0 = Debug|Any CPU
		{DCEE85EE-19E0-46F4-8C94-BB044075561F}.Debug|Mixed Platforms.ActiveCfg = Debug|Any CPU
		{DCEE85EE-19E0-46F4-8C94-BB044075561F}.Debug|Mixed Platforms.Build.0 = Debug|Any CPU
		{DCEE85EE-19E0-46F4-8C94-BB044075561F}.Debug|x64.ActiveCfg = Debug|Any CPU
		{DCEE85EE-19E0-46F4-8C94-BB044075561F}.Debug|x86.ActiveCfg = Debug|Any CPU
		{DCEE85EE-19E0-46F4-8C94-BB044075561F}.DVD-5|Any CPU.ActiveCfg = Debug|Any CPU
		{DCEE85EE-19E0-46F4-8C94-BB044075561F}.DVD-5|Any CPU.Build.0 = Debug|Any CPU
		{DCEE85EE-19E0-46F4-8C94-BB044075561F}.DVD-5|Mixed Platforms.ActiveCfg = Debug|Any CPU
		{DCEE85EE-19E0-46F4-8C94-BB044075561F}.DVD-5|Mixed Platforms.Build.0 = Debug|Any CPU
		{DCEE85EE-19E0-46F4-8C94-BB044075561F}.DVD-5|x64.ActiveCfg = Debug|Any CPU
		{DCEE85EE-19E0-46F4-8C94-BB044075561F}.DVD-5|x86.ActiveCfg = Debug|Any CPU
		{DCEE85EE-19E0-46F4-8C94-BB044075561F}.Release|Any CPU.ActiveCfg = Release|Any CPU
		{DCEE85EE-19E0-46F4-8C94-BB044075561F}.Release|Any CPU.Build.0 = Release|Any CPU
		{DCEE85EE-19E0-46F4-8C94-BB044075561F}.Release|Mixed Platforms.ActiveCfg = Release|Any CPU
		{DCEE85EE-19E0-46F4-8C94-BB044075561F}.Release|Mixed Platforms.Build.0 = Release|Any CPU
		{DCEE85EE-19E0-46F4-8C94-BB044075561F}.Release|x64.ActiveCfg = Release|Any CPU
		{DCEE85EE-19E0-46F4-8C94-BB044075561F}.Release|x86.ActiveCfg = Release|Any CPU
		{DCEE85EE-19E0-46F4-8C94-BB044075561F}.ReleaseRaw|Any CPU.ActiveCfg = ReleaseRaw|Any CPU
		{DCEE85EE-19E0-46F4-8C94-BB044075561F}.ReleaseRaw|Any CPU.Build.0 = ReleaseRaw|Any CPU
		{DCEE85EE-19E0-46F4-8C94-BB044075561F}.ReleaseRaw|Mixed Platforms.ActiveCfg = ReleaseRaw|Any CPU
		{DCEE85EE-19E0-46F4-8C94-BB044075561F}.ReleaseRaw|Mixed Platforms.Build.0 = ReleaseRaw|Any CPU
		{DCEE85EE-19E0-46F4-8C94-BB044075561F}.ReleaseRaw|x64.ActiveCfg = ReleaseRaw|Any CPU
		{DCEE85EE-19E0-46F4-8C94-BB044075561F}.ReleaseRaw|x86.ActiveCfg = ReleaseRaw|Any CPU
		{DCEE85EE-19E0-46F4-8C94-BB044075561F}.SingleImage|Any CPU.ActiveCfg = Release|Any CPU
		{DCEE85EE-19E0-46F4-8C94-BB044075561F}.SingleImage|Any CPU.Build.0 = Release|Any CPU
		{DCEE85EE-19E0-46F4-8C94-BB044075561F}.SingleImage|Mixed Platforms.ActiveCfg = Release|Any CPU
		{DCEE85EE-19E0-46F4-8C94-BB044075561F}.SingleImage|Mixed Platforms.Build.0 = Release|Any CPU
		{DCEE85EE-19E0-46F4-8C94-BB044075561F}.SingleImage|x64.ActiveCfg = Release|Any CPU
		{DCEE85EE-19E0-46F4-8C94-BB044075561F}.SingleImage|x86.ActiveCfg = Release|Any CPU
		{396A9DE0-2EE3-4F24-BE7F-70756EB5B4CE}.CD_ROM|Any CPU.ActiveCfg = Release|Any CPU
		{396A9DE0-2EE3-4F24-BE7F-70756EB5B4CE}.CD_ROM|Any CPU.Build.0 = Release|Any CPU
		{396A9DE0-2EE3-4F24-BE7F-70756EB5B4CE}.CD_ROM|Mixed Platforms.ActiveCfg = Release|Any CPU
		{396A9DE0-2EE3-4F24-BE7F-70756EB5B4CE}.CD_ROM|Mixed Platforms.Build.0 = Release|Any CPU
		{396A9DE0-2EE3-4F24-BE7F-70756EB5B4CE}.CD_ROM|x64.ActiveCfg = Release|Any CPU
		{396A9DE0-2EE3-4F24-BE7F-70756EB5B4CE}.CD_ROM|x86.ActiveCfg = Release|Any CPU
		{396A9DE0-2EE3-4F24-BE7F-70756EB5B4CE}.Debug|Any CPU.ActiveCfg = Debug|Any CPU
		{396A9DE0-2EE3-4F24-BE7F-70756EB5B4CE}.Debug|Any CPU.Build.0 = Debug|Any CPU
		{396A9DE0-2EE3-4F24-BE7F-70756EB5B4CE}.Debug|Mixed Platforms.ActiveCfg = Debug|Any CPU
		{396A9DE0-2EE3-4F24-BE7F-70756EB5B4CE}.Debug|Mixed Platforms.Build.0 = Debug|Any CPU
		{396A9DE0-2EE3-4F24-BE7F-70756EB5B4CE}.Debug|x64.ActiveCfg = Debug|Any CPU
		{396A9DE0-2EE3-4F24-BE7F-70756EB5B4CE}.Debug|x86.ActiveCfg = Debug|Any CPU
		{396A9DE0-2EE3-4F24-BE7F-70756EB5B4CE}.DVD-5|Any CPU.ActiveCfg = Debug|Any CPU
		{396A9DE0-2EE3-4F24-BE7F-70756EB5B4CE}.DVD-5|Any CPU.Build.0 = Debug|Any CPU
		{396A9DE0-2EE3-4F24-BE7F-70756EB5B4CE}.DVD-5|Mixed Platforms.ActiveCfg = Debug|Any CPU
		{396A9DE0-2EE3-4F24-BE7F-70756EB5B4CE}.DVD-5|Mixed Platforms.Build.0 = Debug|Any CPU
		{396A9DE0-2EE3-4F24-BE7F-70756EB5B4CE}.DVD-5|x64.ActiveCfg = Debug|Any CPU
		{396A9DE0-2EE3-4F24-BE7F-70756EB5B4CE}.DVD-5|x86.ActiveCfg = Debug|Any CPU
		{396A9DE0-2EE3-4F24-BE7F-70756EB5B4CE}.Release|Any CPU.ActiveCfg = Release|Any CPU
		{396A9DE0-2EE3-4F24-BE7F-70756EB5B4CE}.Release|Any CPU.Build.0 = Release|Any CPU
		{396A9DE0-2EE3-4F24-BE7F-70756EB5B4CE}.Release|Mixed Platforms.ActiveCfg = Release|Any CPU
		{396A9DE0-2EE3-4F24-BE7F-70756EB5B4CE}.Release|Mixed Platforms.Build.0 = Release|Any CPU
		{396A9DE0-2EE3-4F24-BE7F-70756EB5B4CE}.Release|x64.ActiveCfg = Release|Any CPU
		{396A9DE0-2EE3-4F24-BE7F-70756EB5B4CE}.Release|x86.ActiveCfg = Release|Any CPU
		{396A9DE0-2EE3-4F24-BE7F-70756EB5B4CE}.ReleaseRaw|Any CPU.ActiveCfg = ReleaseRaw|Any CPU
		{396A9DE0-2EE3-4F24-BE7F-70756EB5B4CE}.ReleaseRaw|Any CPU.Build.0 = ReleaseRaw|Any CPU
		{396A9DE0-2EE3-4F24-BE7F-70756EB5B4CE}.ReleaseRaw|Mixed Platforms.ActiveCfg = ReleaseRaw|Any CPU
		{396A9DE0-2EE3-4F24-BE7F-70756EB5B4CE}.ReleaseRaw|Mixed Platforms.Build.0 = ReleaseRaw|Any CPU
		{396A9DE0-2EE3-4F24-BE7F-70756EB5B4CE}.ReleaseRaw|x64.ActiveCfg = ReleaseRaw|Any CPU
		{396A9DE0-2EE3-4F24-BE7F-70756EB5B4CE}.ReleaseRaw|x86.ActiveCfg = ReleaseRaw|Any CPU
		{396A9DE0-2EE3-4F24-BE7F-70756EB5B4CE}.SingleImage|Any CPU.ActiveCfg = Release|Any CPU
		{396A9DE0-2EE3-4F24-BE7F-70756EB5B4CE}.SingleImage|Any CPU.Build.0 = Release|Any CPU
		{396A9DE0-2EE3-4F24-BE7F-70756EB5B4CE}.SingleImage|Mixed Platforms.ActiveCfg = Release|Any CPU
		{396A9DE0-2EE3-4F24-BE7F-70756EB5B4CE}.SingleImage|Mixed Platforms.Build.0 = Release|Any CPU
		{396A9DE0-2EE3-4F24-BE7F-70756EB5B4CE}.SingleImage|x64.ActiveCfg = Release|Any CPU
		{396A9DE0-2EE3-4F24-BE7F-70756EB5B4CE}.SingleImage|x86.ActiveCfg = Release|Any CPU
		{EB03FD23-3941-4B4B-964C-29CB265BA5EA}.CD_ROM|Any CPU.ActiveCfg = Release|Any CPU
		{EB03FD23-3941-4B4B-964C-29CB265BA5EA}.CD_ROM|Any CPU.Build.0 = Release|Any CPU
		{EB03FD23-3941-4B4B-964C-29CB265BA5EA}.CD_ROM|Mixed Platforms.ActiveCfg = Release|Any CPU
		{EB03FD23-3941-4B4B-964C-29CB265BA5EA}.CD_ROM|Mixed Platforms.Build.0 = Release|Any CPU
		{EB03FD23-3941-4B4B-964C-29CB265BA5EA}.CD_ROM|x64.ActiveCfg = Release|Any CPU
		{EB03FD23-3941-4B4B-964C-29CB265BA5EA}.CD_ROM|x86.ActiveCfg = Release|Any CPU
		{EB03FD23-3941-4B4B-964C-29CB265BA5EA}.Debug|Any CPU.ActiveCfg = Debug|Any CPU
		{EB03FD23-3941-4B4B-964C-29CB265BA5EA}.Debug|Any CPU.Build.0 = Debug|Any CPU
		{EB03FD23-3941-4B4B-964C-29CB265BA5EA}.Debug|Mixed Platforms.ActiveCfg = Debug|Any CPU
		{EB03FD23-3941-4B4B-964C-29CB265BA5EA}.Debug|Mixed Platforms.Build.0 = Debug|Any CPU
		{EB03FD23-3941-4B4B-964C-29CB265BA5EA}.Debug|x64.ActiveCfg = Debug|Any CPU
		{EB03FD23-3941-4B4B-964C-29CB265BA5EA}.Debug|x86.ActiveCfg = Debug|Any CPU
		{EB03FD23-3941-4B4B-964C-29CB265BA5EA}.DVD-5|Any CPU.ActiveCfg = Debug|Any CPU
		{EB03FD23-3941-4B4B-964C-29CB265BA5EA}.DVD-5|Any CPU.Build.0 = Debug|Any CPU
		{EB03FD23-3941-4B4B-964C-29CB265BA5EA}.DVD-5|Mixed Platforms.ActiveCfg = Debug|Any CPU
		{EB03FD23-3941-4B4B-964C-29CB265BA5EA}.DVD-5|Mixed Platforms.Build.0 = Debug|Any CPU
		{EB03FD23-3941-4B4B-964C-29CB265BA5EA}.DVD-5|x64.ActiveCfg = Debug|Any CPU
		{EB03FD23-3941-4B4B-964C-29CB265BA5EA}.DVD-5|x86.ActiveCfg = Debug|Any CPU
		{EB03FD23-3941-4B4B-964C-29CB265BA5EA}.Release|Any CPU.ActiveCfg = Release|Any CPU
		{EB03FD23-3941-4B4B-964C-29CB265BA5EA}.Release|Any CPU.Build.0 = Release|Any CPU
		{EB03FD23-3941-4B4B-964C-29CB265BA5EA}.Release|Mixed Platforms.ActiveCfg = Release|Any CPU
		{EB03FD23-3941-4B4B-964C-29CB265BA5EA}.Release|Mixed Platforms.Build.0 = Release|Any CPU
		{EB03FD23-3941-4B4B-964C-29CB265BA5EA}.Release|x64.ActiveCfg = Release|Any CPU
		{EB03FD23-3941-4B4B-964C-29CB265BA5EA}.Release|x86.ActiveCfg = Release|Any CPU
		{EB03FD23-3941-4B4B-964C-29CB265BA5EA}.ReleaseRaw|Any CPU.ActiveCfg = ReleaseRaw|Any CPU
		{EB03FD23-3941-4B4B-964C-29CB265BA5EA}.ReleaseRaw|Any CPU.Build.0 = ReleaseRaw|Any CPU
		{EB03FD23-3941-4B4B-964C-29CB265BA5EA}.ReleaseRaw|Mixed Platforms.ActiveCfg = ReleaseRaw|Any CPU
		{EB03FD23-3941-4B4B-964C-29CB265BA5EA}.ReleaseRaw|Mixed Platforms.Build.0 = ReleaseRaw|Any CPU
		{EB03FD23-3941-4B4B-964C-29CB265BA5EA}.ReleaseRaw|x64.ActiveCfg = ReleaseRaw|Any CPU
		{EB03FD23-3941-4B4B-964C-29CB265BA5EA}.ReleaseRaw|x86.ActiveCfg = ReleaseRaw|Any CPU
		{EB03FD23-3941-4B4B-964C-29CB265BA5EA}.SingleImage|Any CPU.ActiveCfg = Release|Any CPU
		{EB03FD23-3941-4B4B-964C-29CB265BA5EA}.SingleImage|Any CPU.Build.0 = Release|Any CPU
		{EB03FD23-3941-4B4B-964C-29CB265BA5EA}.SingleImage|Mixed Platforms.ActiveCfg = Release|Any CPU
		{EB03FD23-3941-4B4B-964C-29CB265BA5EA}.SingleImage|Mixed Platforms.Build.0 = Release|Any CPU
		{EB03FD23-3941-4B4B-964C-29CB265BA5EA}.SingleImage|x64.ActiveCfg = Release|Any CPU
		{EB03FD23-3941-4B4B-964C-29CB265BA5EA}.SingleImage|x86.ActiveCfg = Release|Any CPU
		{869F7503-52E5-4A0A-9D68-2AFABCE8DBDB}.CD_ROM|Any CPU.ActiveCfg = Release|Any CPU
		{869F7503-52E5-4A0A-9D68-2AFABCE8DBDB}.CD_ROM|Any CPU.Build.0 = Release|Any CPU
		{869F7503-52E5-4A0A-9D68-2AFABCE8DBDB}.CD_ROM|Mixed Platforms.ActiveCfg = Release|Any CPU
		{869F7503-52E5-4A0A-9D68-2AFABCE8DBDB}.CD_ROM|Mixed Platforms.Build.0 = Release|Any CPU
		{869F7503-52E5-4A0A-9D68-2AFABCE8DBDB}.CD_ROM|x64.ActiveCfg = Release|Any CPU
		{869F7503-52E5-4A0A-9D68-2AFABCE8DBDB}.CD_ROM|x86.ActiveCfg = Release|Any CPU
		{869F7503-52E5-4A0A-9D68-2AFABCE8DBDB}.Debug|Any CPU.ActiveCfg = Debug|Any CPU
		{869F7503-52E5-4A0A-9D68-2AFABCE8DBDB}.Debug|Any CPU.Build.0 = Debug|Any CPU
		{869F7503-52E5-4A0A-9D68-2AFABCE8DBDB}.Debug|Mixed Platforms.ActiveCfg = Debug|Any CPU
		{869F7503-52E5-4A0A-9D68-2AFABCE8DBDB}.Debug|Mixed Platforms.Build.0 = Debug|Any CPU
		{869F7503-52E5-4A0A-9D68-2AFABCE8DBDB}.Debug|x64.ActiveCfg = Debug|Any CPU
		{869F7503-52E5-4A0A-9D68-2AFABCE8DBDB}.Debug|x86.ActiveCfg = Debug|Any CPU
		{869F7503-52E5-4A0A-9D68-2AFABCE8DBDB}.DVD-5|Any CPU.ActiveCfg = Debug|Any CPU
		{869F7503-52E5-4A0A-9D68-2AFABCE8DBDB}.DVD-5|Any CPU.Build.0 = Debug|Any CPU
		{869F7503-52E5-4A0A-9D68-2AFABCE8DBDB}.DVD-5|Mixed Platforms.ActiveCfg = Debug|Any CPU
		{869F7503-52E5-4A0A-9D68-2AFABCE8DBDB}.DVD-5|Mixed Platforms.Build.0 = Debug|Any CPU
		{869F7503-52E5-4A0A-9D68-2AFABCE8DBDB}.DVD-5|x64.ActiveCfg = Debug|Any CPU
		{869F7503-52E5-4A0A-9D68-2AFABCE8DBDB}.DVD-5|x86.ActiveCfg = Debug|Any CPU
		{869F7503-52E5-4A0A-9D68-2AFABCE8DBDB}.Release|Any CPU.ActiveCfg = Release|Any CPU
		{869F7503-52E5-4A0A-9D68-2AFABCE8DBDB}.Release|Any CPU.Build.0 = Release|Any CPU
		{869F7503-52E5-4A0A-9D68-2AFABCE8DBDB}.Release|Mixed Platforms.ActiveCfg = Release|Any CPU
		{869F7503-52E5-4A0A-9D68-2AFABCE8DBDB}.Release|Mixed Platforms.Build.0 = Release|Any CPU
		{869F7503-52E5-4A0A-9D68-2AFABCE8DBDB}.Release|x64.ActiveCfg = Release|Any CPU
		{869F7503-52E5-4A0A-9D68-2AFABCE8DBDB}.Release|x86.ActiveCfg = Release|Any CPU
		{869F7503-52E5-4A0A-9D68-2AFABCE8DBDB}.ReleaseRaw|Any CPU.ActiveCfg = ReleaseRaw|Any CPU
		{869F7503-52E5-4A0A-9D68-2AFABCE8DBDB}.ReleaseRaw|Any CPU.Build.0 = ReleaseRaw|Any CPU
		{869F7503-52E5-4A0A-9D68-2AFABCE8DBDB}.ReleaseRaw|Mixed Platforms.ActiveCfg = ReleaseRaw|Any CPU
		{869F7503-52E5-4A0A-9D68-2AFABCE8DBDB}.ReleaseRaw|Mixed Platforms.Build.0 = ReleaseRaw|Any CPU
		{869F7503-52E5-4A0A-9D68-2AFABCE8DBDB}.ReleaseRaw|x64.ActiveCfg = ReleaseRaw|Any CPU
		{869F7503-52E5-4A0A-9D68-2AFABCE8DBDB}.ReleaseRaw|x86.ActiveCfg = ReleaseRaw|Any CPU
		{869F7503-52E5-4A0A-9D68-2AFABCE8DBDB}.SingleImage|Any CPU.ActiveCfg = Release|Any CPU
		{869F7503-52E5-4A0A-9D68-2AFABCE8DBDB}.SingleImage|Any CPU.Build.0 = Release|Any CPU
		{869F7503-52E5-4A0A-9D68-2AFABCE8DBDB}.SingleImage|Mixed Platforms.ActiveCfg = Release|Any CPU
		{869F7503-52E5-4A0A-9D68-2AFABCE8DBDB}.SingleImage|Mixed Platforms.Build.0 = Release|Any CPU
		{869F7503-52E5-4A0A-9D68-2AFABCE8DBDB}.SingleImage|x64.ActiveCfg = Release|Any CPU
		{869F7503-52E5-4A0A-9D68-2AFABCE8DBDB}.SingleImage|x86.ActiveCfg = Release|Any CPU
		{2ECD3A02-0B5A-4CEC-9277-D49590CF970A}.CD_ROM|Any CPU.ActiveCfg = Release|Any CPU
		{2ECD3A02-0B5A-4CEC-9277-D49590CF970A}.CD_ROM|Any CPU.Build.0 = Release|Any CPU
		{2ECD3A02-0B5A-4CEC-9277-D49590CF970A}.CD_ROM|Mixed Platforms.ActiveCfg = Release|Any CPU
		{2ECD3A02-0B5A-4CEC-9277-D49590CF970A}.CD_ROM|Mixed Platforms.Build.0 = Release|Any CPU
		{2ECD3A02-0B5A-4CEC-9277-D49590CF970A}.CD_ROM|x64.ActiveCfg = Release|Any CPU
		{2ECD3A02-0B5A-4CEC-9277-D49590CF970A}.CD_ROM|x86.ActiveCfg = Release|Any CPU
		{2ECD3A02-0B5A-4CEC-9277-D49590CF970A}.Debug|Any CPU.ActiveCfg = Debug|Any CPU
		{2ECD3A02-0B5A-4CEC-9277-D49590CF970A}.Debug|Any CPU.Build.0 = Debug|Any CPU
		{2ECD3A02-0B5A-4CEC-9277-D49590CF970A}.Debug|Mixed Platforms.ActiveCfg = Debug|Any CPU
		{2ECD3A02-0B5A-4CEC-9277-D49590CF970A}.Debug|Mixed Platforms.Build.0 = Debug|Any CPU
		{2ECD3A02-0B5A-4CEC-9277-D49590CF970A}.Debug|x64.ActiveCfg = Debug|Any CPU
		{2ECD3A02-0B5A-4CEC-9277-D49590CF970A}.Debug|x86.ActiveCfg = Debug|Any CPU
		{2ECD3A02-0B5A-4CEC-9277-D49590CF970A}.DVD-5|Any CPU.ActiveCfg = Debug|Any CPU
		{2ECD3A02-0B5A-4CEC-9277-D49590CF970A}.DVD-5|Any CPU.Build.0 = Debug|Any CPU
		{2ECD3A02-0B5A-4CEC-9277-D49590CF970A}.DVD-5|Mixed Platforms.ActiveCfg = Debug|Any CPU
		{2ECD3A02-0B5A-4CEC-9277-D49590CF970A}.DVD-5|Mixed Platforms.Build.0 = Debug|Any CPU
		{2ECD3A02-0B5A-4CEC-9277-D49590CF970A}.DVD-5|x64.ActiveCfg = Debug|Any CPU
		{2ECD3A02-0B5A-4CEC-9277-D49590CF970A}.DVD-5|x86.ActiveCfg = Debug|Any CPU
		{2ECD3A02-0B5A-4CEC-9277-D49590CF970A}.Release|Any CPU.ActiveCfg = Release|Any CPU
		{2ECD3A02-0B5A-4CEC-9277-D49590CF970A}.Release|Any CPU.Build.0 = Release|Any CPU
		{2ECD3A02-0B5A-4CEC-9277-D49590CF970A}.Release|Mixed Platforms.ActiveCfg = Release|Any CPU
		{2ECD3A02-0B5A-4CEC-9277-D49590CF970A}.Release|Mixed Platforms.Build.0 = Release|Any CPU
		{2ECD3A02-0B5A-4CEC-9277-D49590CF970A}.Release|x64.ActiveCfg = Release|Any CPU
		{2ECD3A02-0B5A-4CEC-9277-D49590CF970A}.Release|x86.ActiveCfg = Release|Any CPU
		{2ECD3A02-0B5A-4CEC-9277-D49590CF970A}.ReleaseRaw|Any CPU.ActiveCfg = ReleaseRaw|Any CPU
		{2ECD3A02-0B5A-4CEC-9277-D49590CF970A}.ReleaseRaw|Any CPU.Build.0 = ReleaseRaw|Any CPU
		{2ECD3A02-0B5A-4CEC-9277-D49590CF970A}.ReleaseRaw|Mixed Platforms.ActiveCfg = ReleaseRaw|Any CPU
		{2ECD3A02-0B5A-4CEC-9277-D49590CF970A}.ReleaseRaw|Mixed Platforms.Build.0 = ReleaseRaw|Any CPU
		{2ECD3A02-0B5A-4CEC-9277-D49590CF970A}.ReleaseRaw|x64.ActiveCfg = ReleaseRaw|Any CPU
		{2ECD3A02-0B5A-4CEC-9277-D49590CF970A}.ReleaseRaw|x86.ActiveCfg = ReleaseRaw|Any CPU
		{2ECD3A02-0B5A-4CEC-9277-D49590CF970A}.SingleImage|Any CPU.ActiveCfg = Release|Any CPU
		{2ECD3A02-0B5A-4CEC-9277-D49590CF970A}.SingleImage|Any CPU.Build.0 = Release|Any CPU
		{2ECD3A02-0B5A-4CEC-9277-D49590CF970A}.SingleImage|Mixed Platforms.ActiveCfg = Release|Any CPU
		{2ECD3A02-0B5A-4CEC-9277-D49590CF970A}.SingleImage|Mixed Platforms.Build.0 = Release|Any CPU
		{2ECD3A02-0B5A-4CEC-9277-D49590CF970A}.SingleImage|x64.ActiveCfg = Release|Any CPU
		{2ECD3A02-0B5A-4CEC-9277-D49590CF970A}.SingleImage|x86.ActiveCfg = Release|Any CPU
		{67D51221-DEBE-4A44-9C67-F09DEAA69368}.CD_ROM|Any CPU.ActiveCfg = Release|Any CPU
		{67D51221-DEBE-4A44-9C67-F09DEAA69368}.CD_ROM|Any CPU.Build.0 = Release|Any CPU
		{67D51221-DEBE-4A44-9C67-F09DEAA69368}.CD_ROM|Mixed Platforms.ActiveCfg = Release|Any CPU
		{67D51221-DEBE-4A44-9C67-F09DEAA69368}.CD_ROM|Mixed Platforms.Build.0 = Release|Any CPU
		{67D51221-DEBE-4A44-9C67-F09DEAA69368}.CD_ROM|x64.ActiveCfg = Release|Any CPU
		{67D51221-DEBE-4A44-9C67-F09DEAA69368}.CD_ROM|x86.ActiveCfg = Release|Any CPU
		{67D51221-DEBE-4A44-9C67-F09DEAA69368}.Debug|Any CPU.ActiveCfg = Debug|Any CPU
		{67D51221-DEBE-4A44-9C67-F09DEAA69368}.Debug|Any CPU.Build.0 = Debug|Any CPU
		{67D51221-DEBE-4A44-9C67-F09DEAA69368}.Debug|Mixed Platforms.ActiveCfg = Debug|Any CPU
		{67D51221-DEBE-4A44-9C67-F09DEAA69368}.Debug|Mixed Platforms.Build.0 = Debug|Any CPU
		{67D51221-DEBE-4A44-9C67-F09DEAA69368}.Debug|x64.ActiveCfg = Debug|Any CPU
		{67D51221-DEBE-4A44-9C67-F09DEAA69368}.Debug|x86.ActiveCfg = Debug|Any CPU
		{67D51221-DEBE-4A44-9C67-F09DEAA69368}.DVD-5|Any CPU.ActiveCfg = Debug|Any CPU
		{67D51221-DEBE-4A44-9C67-F09DEAA69368}.DVD-5|Any CPU.Build.0 = Debug|Any CPU
		{67D51221-DEBE-4A44-9C67-F09DEAA69368}.DVD-5|Mixed Platforms.ActiveCfg = Debug|Any CPU
		{67D51221-DEBE-4A44-9C67-F09DEAA69368}.DVD-5|Mixed Platforms.Build.0 = Debug|Any CPU
		{67D51221-DEBE-4A44-9C67-F09DEAA69368}.DVD-5|x64.ActiveCfg = Debug|Any CPU
		{67D51221-DEBE-4A44-9C67-F09DEAA69368}.DVD-5|x86.ActiveCfg = Debug|Any CPU
		{67D51221-DEBE-4A44-9C67-F09DEAA69368}.Release|Any CPU.ActiveCfg = Release|Any CPU
		{67D51221-DEBE-4A44-9C67-F09DEAA69368}.Release|Any CPU.Build.0 = Release|Any CPU
		{67D51221-DEBE-4A44-9C67-F09DEAA69368}.Release|Mixed Platforms.ActiveCfg = Release|Any CPU
		{67D51221-DEBE-4A44-9C67-F09DEAA69368}.Release|Mixed Platforms.Build.0 = Release|Any CPU
		{67D51221-DEBE-4A44-9C67-F09DEAA69368}.Release|x64.ActiveCfg = Release|Any CPU
		{67D51221-DEBE-4A44-9C67-F09DEAA69368}.Release|x86.ActiveCfg = Release|Any CPU
		{67D51221-DEBE-4A44-9C67-F09DEAA69368}.ReleaseRaw|Any CPU.ActiveCfg = ReleaseRaw|Any CPU
		{67D51221-DEBE-4A44-9C67-F09DEAA69368}.ReleaseRaw|Any CPU.Build.0 = ReleaseRaw|Any CPU
		{67D51221-DEBE-4A44-9C67-F09DEAA69368}.ReleaseRaw|Mixed Platforms.ActiveCfg = ReleaseRaw|Any CPU
		{67D51221-DEBE-4A44-9C67-F09DEAA69368}.ReleaseRaw|Mixed Platforms.Build.0 = ReleaseRaw|Any CPU
		{67D51221-DEBE-4A44-9C67-F09DEAA69368}.ReleaseRaw|x64.ActiveCfg = ReleaseRaw|Any CPU
		{67D51221-DEBE-4A44-9C67-F09DEAA69368}.ReleaseRaw|x86.ActiveCfg = ReleaseRaw|Any CPU
		{67D51221-DEBE-4A44-9C67-F09DEAA69368}.SingleImage|Any CPU.ActiveCfg = Release|Any CPU
		{67D51221-DEBE-4A44-9C67-F09DEAA69368}.SingleImage|Any CPU.Build.0 = Release|Any CPU
		{67D51221-DEBE-4A44-9C67-F09DEAA69368}.SingleImage|Mixed Platforms.ActiveCfg = Release|Any CPU
		{67D51221-DEBE-4A44-9C67-F09DEAA69368}.SingleImage|Mixed Platforms.Build.0 = Release|Any CPU
		{67D51221-DEBE-4A44-9C67-F09DEAA69368}.SingleImage|x64.ActiveCfg = Release|Any CPU
		{67D51221-DEBE-4A44-9C67-F09DEAA69368}.SingleImage|x86.ActiveCfg = Release|Any CPU
		{245AAB5D-E043-43AC-8507-32FA02CC5696}.CD_ROM|Any CPU.ActiveCfg = Release|Any CPU
		{245AAB5D-E043-43AC-8507-32FA02CC5696}.CD_ROM|Any CPU.Build.0 = Release|Any CPU
		{245AAB5D-E043-43AC-8507-32FA02CC5696}.CD_ROM|Mixed Platforms.ActiveCfg = Release|Any CPU
		{245AAB5D-E043-43AC-8507-32FA02CC5696}.CD_ROM|Mixed Platforms.Build.0 = Release|Any CPU
		{245AAB5D-E043-43AC-8507-32FA02CC5696}.CD_ROM|x64.ActiveCfg = Release|Any CPU
		{245AAB5D-E043-43AC-8507-32FA02CC5696}.CD_ROM|x86.ActiveCfg = Release|Any CPU
		{245AAB5D-E043-43AC-8507-32FA02CC5696}.Debug|Any CPU.ActiveCfg = Debug|Any CPU
		{245AAB5D-E043-43AC-8507-32FA02CC5696}.Debug|Any CPU.Build.0 = Debug|Any CPU
		{245AAB5D-E043-43AC-8507-32FA02CC5696}.Debug|Mixed Platforms.ActiveCfg = Debug|Any CPU
		{245AAB5D-E043-43AC-8507-32FA02CC5696}.Debug|Mixed Platforms.Build.0 = Debug|Any CPU
		{245AAB5D-E043-43AC-8507-32FA02CC5696}.Debug|x64.ActiveCfg = Debug|Any CPU
		{245AAB5D-E043-43AC-8507-32FA02CC5696}.Debug|x86.ActiveCfg = Debug|Any CPU
		{245AAB5D-E043-43AC-8507-32FA02CC5696}.DVD-5|Any CPU.ActiveCfg = Debug|Any CPU
		{245AAB5D-E043-43AC-8507-32FA02CC5696}.DVD-5|Any CPU.Build.0 = Debug|Any CPU
		{245AAB5D-E043-43AC-8507-32FA02CC5696}.DVD-5|Mixed Platforms.ActiveCfg = Debug|Any CPU
		{245AAB5D-E043-43AC-8507-32FA02CC5696}.DVD-5|Mixed Platforms.Build.0 = Debug|Any CPU
		{245AAB5D-E043-43AC-8507-32FA02CC5696}.DVD-5|x64.ActiveCfg = Debug|Any CPU
		{245AAB5D-E043-43AC-8507-32FA02CC5696}.DVD-5|x86.ActiveCfg = Debug|Any CPU
		{245AAB5D-E043-43AC-8507-32FA02CC5696}.Release|Any CPU.ActiveCfg = Release|Any CPU
		{245AAB5D-E043-43AC-8507-32FA02CC5696}.Release|Any CPU.Build.0 = Release|Any CPU
		{245AAB5D-E043-43AC-8507-32FA02CC5696}.Release|Mixed Platforms.ActiveCfg = Release|Any CPU
		{245AAB5D-E043-43AC-8507-32FA02CC5696}.Release|Mixed Platforms.Build.0 = Release|Any CPU
		{245AAB5D-E043-43AC-8507-32FA02CC5696}.Release|x64.ActiveCfg = Release|Any CPU
		{245AAB5D-E043-43AC-8507-32FA02CC5696}.Release|x86.ActiveCfg = Release|Any CPU
		{245AAB5D-E043-43AC-8507-32FA02CC5696}.ReleaseRaw|Any CPU.ActiveCfg = ReleaseRaw|Any CPU
		{245AAB5D-E043-43AC-8507-32FA02CC5696}.ReleaseRaw|Any CPU.Build.0 = ReleaseRaw|Any CPU
		{245AAB5D-E043-43AC-8507-32FA02CC5696}.ReleaseRaw|Mixed Platforms.ActiveCfg = ReleaseRaw|Any CPU
		{245AAB5D-E043-43AC-8507-32FA02CC5696}.ReleaseRaw|Mixed Platforms.Build.0 = ReleaseRaw|Any CPU
		{245AAB5D-E043-43AC-8507-32FA02CC5696}.ReleaseRaw|x64.ActiveCfg = ReleaseRaw|Any CPU
		{245AAB5D-E043-43AC-8507-32FA02CC5696}.ReleaseRaw|x86.ActiveCfg = ReleaseRaw|Any CPU
		{245AAB5D-E043-43AC-8507-32FA02CC5696}.SingleImage|Any CPU.ActiveCfg = Release|Any CPU
		{245AAB5D-E043-43AC-8507-32FA02CC5696}.SingleImage|Any CPU.Build.0 = Release|Any CPU
		{245AAB5D-E043-43AC-8507-32FA02CC5696}.SingleImage|Mixed Platforms.ActiveCfg = Release|Any CPU
		{245AAB5D-E043-43AC-8507-32FA02CC5696}.SingleImage|Mixed Platforms.Build.0 = Release|Any CPU
		{245AAB5D-E043-43AC-8507-32FA02CC5696}.SingleImage|x64.ActiveCfg = Release|Any CPU
		{245AAB5D-E043-43AC-8507-32FA02CC5696}.SingleImage|x86.ActiveCfg = Release|Any CPU
		{1EDFF96E-0520-4D6C-8CBD-754510DB57D6}.CD_ROM|Any CPU.ActiveCfg = Release|Any CPU
		{1EDFF96E-0520-4D6C-8CBD-754510DB57D6}.CD_ROM|Any CPU.Build.0 = Release|Any CPU
		{1EDFF96E-0520-4D6C-8CBD-754510DB57D6}.CD_ROM|Mixed Platforms.ActiveCfg = Release|Any CPU
		{1EDFF96E-0520-4D6C-8CBD-754510DB57D6}.CD_ROM|Mixed Platforms.Build.0 = Release|Any CPU
		{1EDFF96E-0520-4D6C-8CBD-754510DB57D6}.CD_ROM|x64.ActiveCfg = Release|Any CPU
		{1EDFF96E-0520-4D6C-8CBD-754510DB57D6}.CD_ROM|x86.ActiveCfg = Release|Any CPU
		{1EDFF96E-0520-4D6C-8CBD-754510DB57D6}.Debug|Any CPU.ActiveCfg = Debug|Any CPU
		{1EDFF96E-0520-4D6C-8CBD-754510DB57D6}.Debug|Any CPU.Build.0 = Debug|Any CPU
		{1EDFF96E-0520-4D6C-8CBD-754510DB57D6}.Debug|Mixed Platforms.ActiveCfg = Debug|Any CPU
		{1EDFF96E-0520-4D6C-8CBD-754510DB57D6}.Debug|Mixed Platforms.Build.0 = Debug|Any CPU
		{1EDFF96E-0520-4D6C-8CBD-754510DB57D6}.Debug|x64.ActiveCfg = Debug|Any CPU
		{1EDFF96E-0520-4D6C-8CBD-754510DB57D6}.Debug|x86.ActiveCfg = Debug|Any CPU
		{1EDFF96E-0520-4D6C-8CBD-754510DB57D6}.DVD-5|Any CPU.ActiveCfg = Debug|Any CPU
		{1EDFF96E-0520-4D6C-8CBD-754510DB57D6}.DVD-5|Any CPU.Build.0 = Debug|Any CPU
		{1EDFF96E-0520-4D6C-8CBD-754510DB57D6}.DVD-5|Mixed Platforms.ActiveCfg = Debug|Any CPU
		{1EDFF96E-0520-4D6C-8CBD-754510DB57D6}.DVD-5|Mixed Platforms.Build.0 = Debug|Any CPU
		{1EDFF96E-0520-4D6C-8CBD-754510DB57D6}.DVD-5|x64.ActiveCfg = Debug|Any CPU
		{1EDFF96E-0520-4D6C-8CBD-754510DB57D6}.DVD-5|x86.ActiveCfg = Debug|Any CPU
		{1EDFF96E-0520-4D6C-8CBD-754510DB57D6}.Release|Any CPU.ActiveCfg = Release|Any CPU
		{1EDFF96E-0520-4D6C-8CBD-754510DB57D6}.Release|Any CPU.Build.0 = Release|Any CPU
		{1EDFF96E-0520-4D6C-8CBD-754510DB57D6}.Release|Mixed Platforms.ActiveCfg = Release|Any CPU
		{1EDFF96E-0520-4D6C-8CBD-754510DB57D6}.Release|Mixed Platforms.Build.0 = Release|Any CPU
		{1EDFF96E-0520-4D6C-8CBD-754510DB57D6}.Release|x64.ActiveCfg = Release|Any CPU
		{1EDFF96E-0520-4D6C-8CBD-754510DB57D6}.Release|x86.ActiveCfg = Release|Any CPU
		{1EDFF96E-0520-4D6C-8CBD-754510DB57D6}.ReleaseRaw|Any CPU.ActiveCfg = Release|Any CPU
		{1EDFF96E-0520-4D6C-8CBD-754510DB57D6}.ReleaseRaw|Any CPU.Build.0 = Release|Any CPU
		{1EDFF96E-0520-4D6C-8CBD-754510DB57D6}.ReleaseRaw|Mixed Platforms.ActiveCfg = Release|Any CPU
		{1EDFF96E-0520-4D6C-8CBD-754510DB57D6}.ReleaseRaw|Mixed Platforms.Build.0 = Release|Any CPU
		{1EDFF96E-0520-4D6C-8CBD-754510DB57D6}.ReleaseRaw|x64.ActiveCfg = Release|Any CPU
		{1EDFF96E-0520-4D6C-8CBD-754510DB57D6}.ReleaseRaw|x86.ActiveCfg = Release|Any CPU
		{1EDFF96E-0520-4D6C-8CBD-754510DB57D6}.SingleImage|Any CPU.ActiveCfg = Release|Any CPU
		{1EDFF96E-0520-4D6C-8CBD-754510DB57D6}.SingleImage|Any CPU.Build.0 = Release|Any CPU
		{1EDFF96E-0520-4D6C-8CBD-754510DB57D6}.SingleImage|Mixed Platforms.ActiveCfg = Release|Any CPU
		{1EDFF96E-0520-4D6C-8CBD-754510DB57D6}.SingleImage|Mixed Platforms.Build.0 = Release|Any CPU
		{1EDFF96E-0520-4D6C-8CBD-754510DB57D6}.SingleImage|x64.ActiveCfg = Release|Any CPU
		{1EDFF96E-0520-4D6C-8CBD-754510DB57D6}.SingleImage|x86.ActiveCfg = Release|Any CPU
		{CB2572E1-D207-4BEF-A9D7-A226D27C7871}.CD_ROM|Any CPU.ActiveCfg = Release|x86
		{CB2572E1-D207-4BEF-A9D7-A226D27C7871}.CD_ROM|Mixed Platforms.ActiveCfg = Release|x86
		{CB2572E1-D207-4BEF-A9D7-A226D27C7871}.CD_ROM|Mixed Platforms.Build.0 = Release|x86
		{CB2572E1-D207-4BEF-A9D7-A226D27C7871}.CD_ROM|x64.ActiveCfg = Release|x86
		{CB2572E1-D207-4BEF-A9D7-A226D27C7871}.CD_ROM|x86.ActiveCfg = Release|x86
		{CB2572E1-D207-4BEF-A9D7-A226D27C7871}.CD_ROM|x86.Build.0 = Release|x86
		{CB2572E1-D207-4BEF-A9D7-A226D27C7871}.Debug|Any CPU.ActiveCfg = Debug|x86
		{CB2572E1-D207-4BEF-A9D7-A226D27C7871}.Debug|Mixed Platforms.ActiveCfg = Debug|x86
		{CB2572E1-D207-4BEF-A9D7-A226D27C7871}.Debug|Mixed Platforms.Build.0 = Debug|x86
		{CB2572E1-D207-4BEF-A9D7-A226D27C7871}.Debug|x64.ActiveCfg = Debug|x86
		{CB2572E1-D207-4BEF-A9D7-A226D27C7871}.Debug|x86.ActiveCfg = Debug|x86
		{CB2572E1-D207-4BEF-A9D7-A226D27C7871}.Debug|x86.Build.0 = Debug|x86
		{CB2572E1-D207-4BEF-A9D7-A226D27C7871}.DVD-5|Any CPU.ActiveCfg = Debug|x86
		{CB2572E1-D207-4BEF-A9D7-A226D27C7871}.DVD-5|Mixed Platforms.ActiveCfg = Debug|x86
		{CB2572E1-D207-4BEF-A9D7-A226D27C7871}.DVD-5|Mixed Platforms.Build.0 = Debug|x86
		{CB2572E1-D207-4BEF-A9D7-A226D27C7871}.DVD-5|x64.ActiveCfg = Debug|x86
		{CB2572E1-D207-4BEF-A9D7-A226D27C7871}.DVD-5|x86.ActiveCfg = Debug|x86
		{CB2572E1-D207-4BEF-A9D7-A226D27C7871}.DVD-5|x86.Build.0 = Debug|x86
		{CB2572E1-D207-4BEF-A9D7-A226D27C7871}.Release|Any CPU.ActiveCfg = Release|x86
		{CB2572E1-D207-4BEF-A9D7-A226D27C7871}.Release|Mixed Platforms.ActiveCfg = Release|x86
		{CB2572E1-D207-4BEF-A9D7-A226D27C7871}.Release|Mixed Platforms.Build.0 = Release|x86
		{CB2572E1-D207-4BEF-A9D7-A226D27C7871}.Release|x64.ActiveCfg = Release|x86
		{CB2572E1-D207-4BEF-A9D7-A226D27C7871}.Release|x86.ActiveCfg = Release|x86
		{CB2572E1-D207-4BEF-A9D7-A226D27C7871}.Release|x86.Build.0 = Release|x86
		{CB2572E1-D207-4BEF-A9D7-A226D27C7871}.ReleaseRaw|Any CPU.ActiveCfg = Release|x86
		{CB2572E1-D207-4BEF-A9D7-A226D27C7871}.ReleaseRaw|Mixed Platforms.ActiveCfg = Release|x86
		{CB2572E1-D207-4BEF-A9D7-A226D27C7871}.ReleaseRaw|Mixed Platforms.Build.0 = Release|x86
		{CB2572E1-D207-4BEF-A9D7-A226D27C7871}.ReleaseRaw|x64.ActiveCfg = Release|x86
		{CB2572E1-D207-4BEF-A9D7-A226D27C7871}.ReleaseRaw|x86.ActiveCfg = Release|x86
		{CB2572E1-D207-4BEF-A9D7-A226D27C7871}.ReleaseRaw|x86.Build.0 = Release|x86
		{CB2572E1-D207-4BEF-A9D7-A226D27C7871}.SingleImage|Any CPU.ActiveCfg = Release|x86
		{CB2572E1-D207-4BEF-A9D7-A226D27C7871}.SingleImage|Mixed Platforms.ActiveCfg = Release|x86
		{CB2572E1-D207-4BEF-A9D7-A226D27C7871}.SingleImage|Mixed Platforms.Build.0 = Release|x86
		{CB2572E1-D207-4BEF-A9D7-A226D27C7871}.SingleImage|x64.ActiveCfg = Release|x86
		{CB2572E1-D207-4BEF-A9D7-A226D27C7871}.SingleImage|x86.ActiveCfg = Release|x86
		{CB2572E1-D207-4BEF-A9D7-A226D27C7871}.SingleImage|x86.Build.0 = Release|x86
		{15E848B4-F289-4580-BAEA-F818F2899E23}.CD_ROM|Any CPU.ActiveCfg = Release|Any CPU
		{15E848B4-F289-4580-BAEA-F818F2899E23}.CD_ROM|Any CPU.Build.0 = Release|Any CPU
		{15E848B4-F289-4580-BAEA-F818F2899E23}.CD_ROM|Mixed Platforms.ActiveCfg = Release|Any CPU
		{15E848B4-F289-4580-BAEA-F818F2899E23}.CD_ROM|Mixed Platforms.Build.0 = Release|Any CPU
		{15E848B4-F289-4580-BAEA-F818F2899E23}.CD_ROM|x64.ActiveCfg = Release|Any CPU
		{15E848B4-F289-4580-BAEA-F818F2899E23}.CD_ROM|x86.ActiveCfg = Release|Any CPU
		{15E848B4-F289-4580-BAEA-F818F2899E23}.Debug|Any CPU.ActiveCfg = Debug|Any CPU
		{15E848B4-F289-4580-BAEA-F818F2899E23}.Debug|Any CPU.Build.0 = Debug|Any CPU
		{15E848B4-F289-4580-BAEA-F818F2899E23}.Debug|Mixed Platforms.ActiveCfg = Debug|Any CPU
		{15E848B4-F289-4580-BAEA-F818F2899E23}.Debug|Mixed Platforms.Build.0 = Debug|Any CPU
		{15E848B4-F289-4580-BAEA-F818F2899E23}.Debug|x64.ActiveCfg = Debug|Any CPU
		{15E848B4-F289-4580-BAEA-F818F2899E23}.Debug|x86.ActiveCfg = Debug|Any CPU
		{15E848B4-F289-4580-BAEA-F818F2899E23}.DVD-5|Any CPU.ActiveCfg = Debug|Any CPU
		{15E848B4-F289-4580-BAEA-F818F2899E23}.DVD-5|Any CPU.Build.0 = Debug|Any CPU
		{15E848B4-F289-4580-BAEA-F818F2899E23}.DVD-5|Mixed Platforms.ActiveCfg = Debug|Any CPU
		{15E848B4-F289-4580-BAEA-F818F2899E23}.DVD-5|Mixed Platforms.Build.0 = Debug|Any CPU
		{15E848B4-F289-4580-BAEA-F818F2899E23}.DVD-5|x64.ActiveCfg = Debug|Any CPU
		{15E848B4-F289-4580-BAEA-F818F2899E23}.DVD-5|x86.ActiveCfg = Debug|Any CPU
		{15E848B4-F289-4580-BAEA-F818F2899E23}.Release|Any CPU.ActiveCfg = Release|Any CPU
		{15E848B4-F289-4580-BAEA-F818F2899E23}.Release|Any CPU.Build.0 = Release|Any CPU
		{15E848B4-F289-4580-BAEA-F818F2899E23}.Release|Mixed Platforms.ActiveCfg = Release|Any CPU
		{15E848B4-F289-4580-BAEA-F818F2899E23}.Release|Mixed Platforms.Build.0 = Release|Any CPU
		{15E848B4-F289-4580-BAEA-F818F2899E23}.Release|x64.ActiveCfg = Release|Any CPU
		{15E848B4-F289-4580-BAEA-F818F2899E23}.Release|x86.ActiveCfg = Release|Any CPU
		{15E848B4-F289-4580-BAEA-F818F2899E23}.ReleaseRaw|Any CPU.ActiveCfg = Release|Any CPU
		{15E848B4-F289-4580-BAEA-F818F2899E23}.ReleaseRaw|Any CPU.Build.0 = Release|Any CPU
		{15E848B4-F289-4580-BAEA-F818F2899E23}.ReleaseRaw|Mixed Platforms.ActiveCfg = Release|Any CPU
		{15E848B4-F289-4580-BAEA-F818F2899E23}.ReleaseRaw|Mixed Platforms.Build.0 = Release|Any CPU
		{15E848B4-F289-4580-BAEA-F818F2899E23}.ReleaseRaw|x64.ActiveCfg = Release|Any CPU
		{15E848B4-F289-4580-BAEA-F818F2899E23}.ReleaseRaw|x86.ActiveCfg = Release|Any CPU
		{15E848B4-F289-4580-BAEA-F818F2899E23}.SingleImage|Any CPU.ActiveCfg = Release|Any CPU
		{15E848B4-F289-4580-BAEA-F818F2899E23}.SingleImage|Any CPU.Build.0 = Release|Any CPU
		{15E848B4-F289-4580-BAEA-F818F2899E23}.SingleImage|Mixed Platforms.ActiveCfg = Release|Any CPU
		{15E848B4-F289-4580-BAEA-F818F2899E23}.SingleImage|Mixed Platforms.Build.0 = Release|Any CPU
		{15E848B4-F289-4580-BAEA-F818F2899E23}.SingleImage|x64.ActiveCfg = Release|Any CPU
		{15E848B4-F289-4580-BAEA-F818F2899E23}.SingleImage|x86.ActiveCfg = Release|Any CPU
		{2C4125FF-0B50-43B9-A37A-592977F6041E}.CD_ROM|Any CPU.ActiveCfg = Release|x86
		{2C4125FF-0B50-43B9-A37A-592977F6041E}.CD_ROM|Mixed Platforms.ActiveCfg = Release|x86
		{2C4125FF-0B50-43B9-A37A-592977F6041E}.CD_ROM|Mixed Platforms.Build.0 = Release|x86
		{2C4125FF-0B50-43B9-A37A-592977F6041E}.CD_ROM|x64.ActiveCfg = Release|x86
		{2C4125FF-0B50-43B9-A37A-592977F6041E}.CD_ROM|x86.ActiveCfg = Release|x86
		{2C4125FF-0B50-43B9-A37A-592977F6041E}.CD_ROM|x86.Build.0 = Release|x86
		{2C4125FF-0B50-43B9-A37A-592977F6041E}.Debug|Any CPU.ActiveCfg = Debug|x86
		{2C4125FF-0B50-43B9-A37A-592977F6041E}.Debug|Mixed Platforms.ActiveCfg = Debug|x86
		{2C4125FF-0B50-43B9-A37A-592977F6041E}.Debug|Mixed Platforms.Build.0 = Debug|x86
		{2C4125FF-0B50-43B9-A37A-592977F6041E}.Debug|x64.ActiveCfg = Debug|x86
		{2C4125FF-0B50-43B9-A37A-592977F6041E}.Debug|x86.ActiveCfg = Debug|x86
		{2C4125FF-0B50-43B9-A37A-592977F6041E}.Debug|x86.Build.0 = Debug|x86
		{2C4125FF-0B50-43B9-A37A-592977F6041E}.DVD-5|Any CPU.ActiveCfg = Debug|x86
		{2C4125FF-0B50-43B9-A37A-592977F6041E}.DVD-5|Mixed Platforms.ActiveCfg = Debug|x86
		{2C4125FF-0B50-43B9-A37A-592977F6041E}.DVD-5|Mixed Platforms.Build.0 = Debug|x86
		{2C4125FF-0B50-43B9-A37A-592977F6041E}.DVD-5|x64.ActiveCfg = Debug|x86
		{2C4125FF-0B50-43B9-A37A-592977F6041E}.DVD-5|x86.ActiveCfg = Debug|x86
		{2C4125FF-0B50-43B9-A37A-592977F6041E}.DVD-5|x86.Build.0 = Debug|x86
		{2C4125FF-0B50-43B9-A37A-592977F6041E}.Release|Any CPU.ActiveCfg = Release|x86
		{2C4125FF-0B50-43B9-A37A-592977F6041E}.Release|Mixed Platforms.ActiveCfg = Release|x86
		{2C4125FF-0B50-43B9-A37A-592977F6041E}.Release|Mixed Platforms.Build.0 = Release|x86
		{2C4125FF-0B50-43B9-A37A-592977F6041E}.Release|x64.ActiveCfg = Release|x86
		{2C4125FF-0B50-43B9-A37A-592977F6041E}.Release|x86.ActiveCfg = Release|x86
		{2C4125FF-0B50-43B9-A37A-592977F6041E}.Release|x86.Build.0 = Release|x86
		{2C4125FF-0B50-43B9-A37A-592977F6041E}.ReleaseRaw|Any CPU.ActiveCfg = Release|x86
		{2C4125FF-0B50-43B9-A37A-592977F6041E}.ReleaseRaw|Mixed Platforms.ActiveCfg = Release|x86
		{2C4125FF-0B50-43B9-A37A-592977F6041E}.ReleaseRaw|Mixed Platforms.Build.0 = Release|x86
		{2C4125FF-0B50-43B9-A37A-592977F6041E}.ReleaseRaw|x64.ActiveCfg = Release|x86
		{2C4125FF-0B50-43B9-A37A-592977F6041E}.ReleaseRaw|x86.ActiveCfg = Release|x86
		{2C4125FF-0B50-43B9-A37A-592977F6041E}.ReleaseRaw|x86.Build.0 = Release|x86
		{2C4125FF-0B50-43B9-A37A-592977F6041E}.SingleImage|Any CPU.ActiveCfg = Release|x86
		{2C4125FF-0B50-43B9-A37A-592977F6041E}.SingleImage|Mixed Platforms.ActiveCfg = Release|x86
		{2C4125FF-0B50-43B9-A37A-592977F6041E}.SingleImage|Mixed Platforms.Build.0 = Release|x86
		{2C4125FF-0B50-43B9-A37A-592977F6041E}.SingleImage|x64.ActiveCfg = Release|x86
		{2C4125FF-0B50-43B9-A37A-592977F6041E}.SingleImage|x86.ActiveCfg = Release|x86
		{2C4125FF-0B50-43B9-A37A-592977F6041E}.SingleImage|x86.Build.0 = Release|x86
		{4C64F7EC-CAB4-49BB-8FB9-AB936D027086}.CD_ROM|Any CPU.ActiveCfg = Release|x86
		{4C64F7EC-CAB4-49BB-8FB9-AB936D027086}.CD_ROM|Mixed Platforms.ActiveCfg = Release|x86
		{4C64F7EC-CAB4-49BB-8FB9-AB936D027086}.CD_ROM|Mixed Platforms.Build.0 = Release|x86
		{4C64F7EC-CAB4-49BB-8FB9-AB936D027086}.CD_ROM|x64.ActiveCfg = Release|x86
		{4C64F7EC-CAB4-49BB-8FB9-AB936D027086}.CD_ROM|x86.ActiveCfg = Release|x86
		{4C64F7EC-CAB4-49BB-8FB9-AB936D027086}.CD_ROM|x86.Build.0 = Release|x86
		{4C64F7EC-CAB4-49BB-8FB9-AB936D027086}.Debug|Any CPU.ActiveCfg = Debug|x86
		{4C64F7EC-CAB4-49BB-8FB9-AB936D027086}.Debug|Mixed Platforms.ActiveCfg = Debug|x86
		{4C64F7EC-CAB4-49BB-8FB9-AB936D027086}.Debug|Mixed Platforms.Build.0 = Debug|x86
		{4C64F7EC-CAB4-49BB-8FB9-AB936D027086}.Debug|x64.ActiveCfg = Debug|x86
		{4C64F7EC-CAB4-49BB-8FB9-AB936D027086}.Debug|x86.ActiveCfg = Debug|x86
		{4C64F7EC-CAB4-49BB-8FB9-AB936D027086}.Debug|x86.Build.0 = Debug|x86
		{4C64F7EC-CAB4-49BB-8FB9-AB936D027086}.DVD-5|Any CPU.ActiveCfg = Debug|x86
		{4C64F7EC-CAB4-49BB-8FB9-AB936D027086}.DVD-5|Mixed Platforms.ActiveCfg = Debug|x86
		{4C64F7EC-CAB4-49BB-8FB9-AB936D027086}.DVD-5|Mixed Platforms.Build.0 = Debug|x86
		{4C64F7EC-CAB4-49BB-8FB9-AB936D027086}.DVD-5|x64.ActiveCfg = Debug|x86
		{4C64F7EC-CAB4-49BB-8FB9-AB936D027086}.DVD-5|x86.ActiveCfg = Debug|x86
		{4C64F7EC-CAB4-49BB-8FB9-AB936D027086}.DVD-5|x86.Build.0 = Debug|x86
		{4C64F7EC-CAB4-49BB-8FB9-AB936D027086}.Release|Any CPU.ActiveCfg = Release|x86
		{4C64F7EC-CAB4-49BB-8FB9-AB936D027086}.Release|Mixed Platforms.ActiveCfg = Release|x86
		{4C64F7EC-CAB4-49BB-8FB9-AB936D027086}.Release|Mixed Platforms.Build.0 = Release|x86
		{4C64F7EC-CAB4-49BB-8FB9-AB936D027086}.Release|x64.ActiveCfg = Release|x86
		{4C64F7EC-CAB4-49BB-8FB9-AB936D027086}.Release|x86.ActiveCfg = Release|x86
		{4C64F7EC-CAB4-49BB-8FB9-AB936D027086}.Release|x86.Build.0 = Release|x86
		{4C64F7EC-CAB4-49BB-8FB9-AB936D027086}.ReleaseRaw|Any CPU.ActiveCfg = Release|x86
		{4C64F7EC-CAB4-49BB-8FB9-AB936D027086}.ReleaseRaw|Mixed Platforms.ActiveCfg = Release|x86
		{4C64F7EC-CAB4-49BB-8FB9-AB936D027086}.ReleaseRaw|Mixed Platforms.Build.0 = Release|x86
		{4C64F7EC-CAB4-49BB-8FB9-AB936D027086}.ReleaseRaw|x64.ActiveCfg = Release|x86
		{4C64F7EC-CAB4-49BB-8FB9-AB936D027086}.ReleaseRaw|x86.ActiveCfg = Release|x86
		{4C64F7EC-CAB4-49BB-8FB9-AB936D027086}.ReleaseRaw|x86.Build.0 = Release|x86
		{4C64F7EC-CAB4-49BB-8FB9-AB936D027086}.SingleImage|Any CPU.ActiveCfg = Release|x86
		{4C64F7EC-CAB4-49BB-8FB9-AB936D027086}.SingleImage|Mixed Platforms.ActiveCfg = Release|x86
		{4C64F7EC-CAB4-49BB-8FB9-AB936D027086}.SingleImage|Mixed Platforms.Build.0 = Release|x86
		{4C64F7EC-CAB4-49BB-8FB9-AB936D027086}.SingleImage|x64.ActiveCfg = Release|x86
		{4C64F7EC-CAB4-49BB-8FB9-AB936D027086}.SingleImage|x86.ActiveCfg = Release|x86
		{4C64F7EC-CAB4-49BB-8FB9-AB936D027086}.SingleImage|x86.Build.0 = Release|x86
		{F6237B7D-9A3B-4F55-961B-72035B0DEA4D}.CD_ROM|Any CPU.ActiveCfg = Release|Any CPU
		{F6237B7D-9A3B-4F55-961B-72035B0DEA4D}.CD_ROM|Any CPU.Build.0 = Release|Any CPU
		{F6237B7D-9A3B-4F55-961B-72035B0DEA4D}.CD_ROM|Mixed Platforms.ActiveCfg = Release|Any CPU
		{F6237B7D-9A3B-4F55-961B-72035B0DEA4D}.CD_ROM|Mixed Platforms.Build.0 = Release|Any CPU
		{F6237B7D-9A3B-4F55-961B-72035B0DEA4D}.CD_ROM|x64.ActiveCfg = Release|Any CPU
		{F6237B7D-9A3B-4F55-961B-72035B0DEA4D}.CD_ROM|x86.ActiveCfg = Release|Any CPU
		{F6237B7D-9A3B-4F55-961B-72035B0DEA4D}.Debug|Any CPU.ActiveCfg = Debug|Any CPU
		{F6237B7D-9A3B-4F55-961B-72035B0DEA4D}.Debug|Any CPU.Build.0 = Debug|Any CPU
		{F6237B7D-9A3B-4F55-961B-72035B0DEA4D}.Debug|Mixed Platforms.ActiveCfg = Debug|Any CPU
		{F6237B7D-9A3B-4F55-961B-72035B0DEA4D}.Debug|Mixed Platforms.Build.0 = Debug|Any CPU
		{F6237B7D-9A3B-4F55-961B-72035B0DEA4D}.Debug|x64.ActiveCfg = Debug|Any CPU
		{F6237B7D-9A3B-4F55-961B-72035B0DEA4D}.Debug|x86.ActiveCfg = Debug|Any CPU
		{F6237B7D-9A3B-4F55-961B-72035B0DEA4D}.DVD-5|Any CPU.ActiveCfg = Debug|Any CPU
		{F6237B7D-9A3B-4F55-961B-72035B0DEA4D}.DVD-5|Any CPU.Build.0 = Debug|Any CPU
		{F6237B7D-9A3B-4F55-961B-72035B0DEA4D}.DVD-5|Mixed Platforms.ActiveCfg = Debug|Any CPU
		{F6237B7D-9A3B-4F55-961B-72035B0DEA4D}.DVD-5|Mixed Platforms.Build.0 = Debug|Any CPU
		{F6237B7D-9A3B-4F55-961B-72035B0DEA4D}.DVD-5|x64.ActiveCfg = Debug|Any CPU
		{F6237B7D-9A3B-4F55-961B-72035B0DEA4D}.DVD-5|x86.ActiveCfg = Debug|Any CPU
		{F6237B7D-9A3B-4F55-961B-72035B0DEA4D}.Release|Any CPU.ActiveCfg = Release|Any CPU
		{F6237B7D-9A3B-4F55-961B-72035B0DEA4D}.Release|Any CPU.Build.0 = Release|Any CPU
		{F6237B7D-9A3B-4F55-961B-72035B0DEA4D}.Release|Mixed Platforms.ActiveCfg = Release|Any CPU
		{F6237B7D-9A3B-4F55-961B-72035B0DEA4D}.Release|Mixed Platforms.Build.0 = Release|Any CPU
		{F6237B7D-9A3B-4F55-961B-72035B0DEA4D}.Release|x64.ActiveCfg = Release|Any CPU
		{F6237B7D-9A3B-4F55-961B-72035B0DEA4D}.Release|x86.ActiveCfg = Release|Any CPU
		{F6237B7D-9A3B-4F55-961B-72035B0DEA4D}.ReleaseRaw|Any CPU.ActiveCfg = Release|Any CPU
		{F6237B7D-9A3B-4F55-961B-72035B0DEA4D}.ReleaseRaw|Any CPU.Build.0 = Release|Any CPU
		{F6237B7D-9A3B-4F55-961B-72035B0DEA4D}.ReleaseRaw|Mixed Platforms.ActiveCfg = Release|Any CPU
		{F6237B7D-9A3B-4F55-961B-72035B0DEA4D}.ReleaseRaw|Mixed Platforms.Build.0 = Release|Any CPU
		{F6237B7D-9A3B-4F55-961B-72035B0DEA4D}.ReleaseRaw|x64.ActiveCfg = Release|Any CPU
		{F6237B7D-9A3B-4F55-961B-72035B0DEA4D}.ReleaseRaw|x86.ActiveCfg = Release|Any CPU
		{F6237B7D-9A3B-4F55-961B-72035B0DEA4D}.SingleImage|Any CPU.ActiveCfg = Release|Any CPU
		{F6237B7D-9A3B-4F55-961B-72035B0DEA4D}.SingleImage|Any CPU.Build.0 = Release|Any CPU
		{F6237B7D-9A3B-4F55-961B-72035B0DEA4D}.SingleImage|Mixed Platforms.ActiveCfg = Release|Any CPU
		{F6237B7D-9A3B-4F55-961B-72035B0DEA4D}.SingleImage|Mixed Platforms.Build.0 = Release|Any CPU
		{F6237B7D-9A3B-4F55-961B-72035B0DEA4D}.SingleImage|x64.ActiveCfg = Release|Any CPU
		{F6237B7D-9A3B-4F55-961B-72035B0DEA4D}.SingleImage|x86.ActiveCfg = Release|Any CPU
		{D7C9CB53-C1D7-450B-9EF7-6D7449D57793}.CD_ROM|Any CPU.ActiveCfg = Release|Any CPU
		{D7C9CB53-C1D7-450B-9EF7-6D7449D57793}.CD_ROM|Any CPU.Build.0 = Release|Any CPU
		{D7C9CB53-C1D7-450B-9EF7-6D7449D57793}.CD_ROM|Mixed Platforms.ActiveCfg = Release|Any CPU
		{D7C9CB53-C1D7-450B-9EF7-6D7449D57793}.CD_ROM|Mixed Platforms.Build.0 = Release|Any CPU
		{D7C9CB53-C1D7-450B-9EF7-6D7449D57793}.CD_ROM|x64.ActiveCfg = Release|Any CPU
		{D7C9CB53-C1D7-450B-9EF7-6D7449D57793}.CD_ROM|x86.ActiveCfg = Release|Any CPU
		{D7C9CB53-C1D7-450B-9EF7-6D7449D57793}.Debug|Any CPU.ActiveCfg = Debug|Any CPU
		{D7C9CB53-C1D7-450B-9EF7-6D7449D57793}.Debug|Any CPU.Build.0 = Debug|Any CPU
		{D7C9CB53-C1D7-450B-9EF7-6D7449D57793}.Debug|Mixed Platforms.ActiveCfg = Debug|Any CPU
		{D7C9CB53-C1D7-450B-9EF7-6D7449D57793}.Debug|Mixed Platforms.Build.0 = Debug|Any CPU
		{D7C9CB53-C1D7-450B-9EF7-6D7449D57793}.Debug|x64.ActiveCfg = Debug|Any CPU
		{D7C9CB53-C1D7-450B-9EF7-6D7449D57793}.Debug|x86.ActiveCfg = Debug|Any CPU
		{D7C9CB53-C1D7-450B-9EF7-6D7449D57793}.DVD-5|Any CPU.ActiveCfg = Debug|Any CPU
		{D7C9CB53-C1D7-450B-9EF7-6D7449D57793}.DVD-5|Any CPU.Build.0 = Debug|Any CPU
		{D7C9CB53-C1D7-450B-9EF7-6D7449D57793}.DVD-5|Mixed Platforms.ActiveCfg = Debug|Any CPU
		{D7C9CB53-C1D7-450B-9EF7-6D7449D57793}.DVD-5|Mixed Platforms.Build.0 = Debug|Any CPU
		{D7C9CB53-C1D7-450B-9EF7-6D7449D57793}.DVD-5|x64.ActiveCfg = Debug|Any CPU
		{D7C9CB53-C1D7-450B-9EF7-6D7449D57793}.DVD-5|x86.ActiveCfg = Debug|Any CPU
		{D7C9CB53-C1D7-450B-9EF7-6D7449D57793}.Release|Any CPU.ActiveCfg = Release|Any CPU
		{D7C9CB53-C1D7-450B-9EF7-6D7449D57793}.Release|Any CPU.Build.0 = Release|Any CPU
		{D7C9CB53-C1D7-450B-9EF7-6D7449D57793}.Release|Mixed Platforms.ActiveCfg = Release|Any CPU
		{D7C9CB53-C1D7-450B-9EF7-6D7449D57793}.Release|Mixed Platforms.Build.0 = Release|Any CPU
		{D7C9CB53-C1D7-450B-9EF7-6D7449D57793}.Release|x64.ActiveCfg = Release|Any CPU
		{D7C9CB53-C1D7-450B-9EF7-6D7449D57793}.Release|x86.ActiveCfg = Release|Any CPU
		{D7C9CB53-C1D7-450B-9EF7-6D7449D57793}.ReleaseRaw|Any CPU.ActiveCfg = Release|Any CPU
		{D7C9CB53-C1D7-450B-9EF7-6D7449D57793}.ReleaseRaw|Any CPU.Build.0 = Release|Any CPU
		{D7C9CB53-C1D7-450B-9EF7-6D7449D57793}.ReleaseRaw|Mixed Platforms.ActiveCfg = Release|Any CPU
		{D7C9CB53-C1D7-450B-9EF7-6D7449D57793}.ReleaseRaw|Mixed Platforms.Build.0 = Release|Any CPU
		{D7C9CB53-C1D7-450B-9EF7-6D7449D57793}.ReleaseRaw|x64.ActiveCfg = Release|Any CPU
		{D7C9CB53-C1D7-450B-9EF7-6D7449D57793}.ReleaseRaw|x86.ActiveCfg = Release|Any CPU
		{D7C9CB53-C1D7-450B-9EF7-6D7449D57793}.SingleImage|Any CPU.ActiveCfg = Release|Any CPU
		{D7C9CB53-C1D7-450B-9EF7-6D7449D57793}.SingleImage|Any CPU.Build.0 = Release|Any CPU
		{D7C9CB53-C1D7-450B-9EF7-6D7449D57793}.SingleImage|Mixed Platforms.ActiveCfg = Release|Any CPU
		{D7C9CB53-C1D7-450B-9EF7-6D7449D57793}.SingleImage|Mixed Platforms.Build.0 = Release|Any CPU
		{D7C9CB53-C1D7-450B-9EF7-6D7449D57793}.SingleImage|x64.ActiveCfg = Release|Any CPU
		{D7C9CB53-C1D7-450B-9EF7-6D7449D57793}.SingleImage|x86.ActiveCfg = Release|Any CPU
		{AE872F09-9471-4684-9F68-85588B46496F}.CD_ROM|Any CPU.ActiveCfg = Release|x86
		{AE872F09-9471-4684-9F68-85588B46496F}.CD_ROM|Mixed Platforms.ActiveCfg = Release|x86
		{AE872F09-9471-4684-9F68-85588B46496F}.CD_ROM|Mixed Platforms.Build.0 = Release|x86
		{AE872F09-9471-4684-9F68-85588B46496F}.CD_ROM|x64.ActiveCfg = Release|x86
		{AE872F09-9471-4684-9F68-85588B46496F}.CD_ROM|x86.ActiveCfg = Release|x86
		{AE872F09-9471-4684-9F68-85588B46496F}.CD_ROM|x86.Build.0 = Release|x86
		{AE872F09-9471-4684-9F68-85588B46496F}.Debug|Any CPU.ActiveCfg = Debug|x86
		{AE872F09-9471-4684-9F68-85588B46496F}.Debug|Mixed Platforms.ActiveCfg = Debug|x86
		{AE872F09-9471-4684-9F68-85588B46496F}.Debug|Mixed Platforms.Build.0 = Debug|x86
		{AE872F09-9471-4684-9F68-85588B46496F}.Debug|x64.ActiveCfg = Debug|x86
		{AE872F09-9471-4684-9F68-85588B46496F}.Debug|x86.ActiveCfg = Debug|x86
		{AE872F09-9471-4684-9F68-85588B46496F}.Debug|x86.Build.0 = Debug|x86
		{AE872F09-9471-4684-9F68-85588B46496F}.DVD-5|Any CPU.ActiveCfg = Debug|x86
		{AE872F09-9471-4684-9F68-85588B46496F}.DVD-5|Mixed Platforms.ActiveCfg = Debug|x86
		{AE872F09-9471-4684-9F68-85588B46496F}.DVD-5|Mixed Platforms.Build.0 = Debug|x86
		{AE872F09-9471-4684-9F68-85588B46496F}.DVD-5|x64.ActiveCfg = Debug|x86
		{AE872F09-9471-4684-9F68-85588B46496F}.DVD-5|x86.ActiveCfg = Debug|x86
		{AE872F09-9471-4684-9F68-85588B46496F}.DVD-5|x86.Build.0 = Debug|x86
		{AE872F09-9471-4684-9F68-85588B46496F}.Release|Any CPU.ActiveCfg = Release|x86
		{AE872F09-9471-4684-9F68-85588B46496F}.Release|Mixed Platforms.ActiveCfg = Release|x86
		{AE872F09-9471-4684-9F68-85588B46496F}.Release|Mixed Platforms.Build.0 = Release|x86
		{AE872F09-9471-4684-9F68-85588B46496F}.Release|x64.ActiveCfg = Release|x86
		{AE872F09-9471-4684-9F68-85588B46496F}.Release|x86.ActiveCfg = Release|x86
		{AE872F09-9471-4684-9F68-85588B46496F}.Release|x86.Build.0 = Release|x86
		{AE872F09-9471-4684-9F68-85588B46496F}.ReleaseRaw|Any CPU.ActiveCfg = Release|x86
		{AE872F09-9471-4684-9F68-85588B46496F}.ReleaseRaw|Mixed Platforms.ActiveCfg = Release|x86
		{AE872F09-9471-4684-9F68-85588B46496F}.ReleaseRaw|Mixed Platforms.Build.0 = Release|x86
		{AE872F09-9471-4684-9F68-85588B46496F}.ReleaseRaw|x64.ActiveCfg = Release|x86
		{AE872F09-9471-4684-9F68-85588B46496F}.ReleaseRaw|x86.ActiveCfg = Release|x86
		{AE872F09-9471-4684-9F68-85588B46496F}.ReleaseRaw|x86.Build.0 = Release|x86
		{AE872F09-9471-4684-9F68-85588B46496F}.SingleImage|Any CPU.ActiveCfg = Release|x86
		{AE872F09-9471-4684-9F68-85588B46496F}.SingleImage|Mixed Platforms.ActiveCfg = Release|x86
		{AE872F09-9471-4684-9F68-85588B46496F}.SingleImage|Mixed Platforms.Build.0 = Release|x86
		{AE872F09-9471-4684-9F68-85588B46496F}.SingleImage|x64.ActiveCfg = Release|x86
		{AE872F09-9471-4684-9F68-85588B46496F}.SingleImage|x86.ActiveCfg = Release|x86
		{AE872F09-9471-4684-9F68-85588B46496F}.SingleImage|x86.Build.0 = Release|x86
		{E5A431B6-FD67-4B76-83A8-825FB3820EEF}.CD_ROM|Any CPU.ActiveCfg = Release|x86
		{E5A431B6-FD67-4B76-83A8-825FB3820EEF}.CD_ROM|Mixed Platforms.ActiveCfg = Release|x86
		{E5A431B6-FD67-4B76-83A8-825FB3820EEF}.CD_ROM|Mixed Platforms.Build.0 = Release|x86
		{E5A431B6-FD67-4B76-83A8-825FB3820EEF}.CD_ROM|x64.ActiveCfg = Release|x86
		{E5A431B6-FD67-4B76-83A8-825FB3820EEF}.CD_ROM|x86.ActiveCfg = Release|x86
		{E5A431B6-FD67-4B76-83A8-825FB3820EEF}.CD_ROM|x86.Build.0 = Release|x86
		{E5A431B6-FD67-4B76-83A8-825FB3820EEF}.Debug|Any CPU.ActiveCfg = Debug|x86
		{E5A431B6-FD67-4B76-83A8-825FB3820EEF}.Debug|Mixed Platforms.ActiveCfg = Debug|x86
		{E5A431B6-FD67-4B76-83A8-825FB3820EEF}.Debug|Mixed Platforms.Build.0 = Debug|x86
		{E5A431B6-FD67-4B76-83A8-825FB3820EEF}.Debug|x64.ActiveCfg = Debug|x86
		{E5A431B6-FD67-4B76-83A8-825FB3820EEF}.Debug|x86.ActiveCfg = Debug|x86
		{E5A431B6-FD67-4B76-83A8-825FB3820EEF}.Debug|x86.Build.0 = Debug|x86
		{E5A431B6-FD67-4B76-83A8-825FB3820EEF}.DVD-5|Any CPU.ActiveCfg = Debug|x86
		{E5A431B6-FD67-4B76-83A8-825FB3820EEF}.DVD-5|Mixed Platforms.ActiveCfg = Debug|x86
		{E5A431B6-FD67-4B76-83A8-825FB3820EEF}.DVD-5|Mixed Platforms.Build.0 = Debug|x86
		{E5A431B6-FD67-4B76-83A8-825FB3820EEF}.DVD-5|x64.ActiveCfg = Debug|x86
		{E5A431B6-FD67-4B76-83A8-825FB3820EEF}.DVD-5|x86.ActiveCfg = Debug|x86
		{E5A431B6-FD67-4B76-83A8-825FB3820EEF}.DVD-5|x86.Build.0 = Debug|x86
		{E5A431B6-FD67-4B76-83A8-825FB3820EEF}.Release|Any CPU.ActiveCfg = Release|x86
		{E5A431B6-FD67-4B76-83A8-825FB3820EEF}.Release|Mixed Platforms.ActiveCfg = Release|x86
		{E5A431B6-FD67-4B76-83A8-825FB3820EEF}.Release|Mixed Platforms.Build.0 = Release|x86
		{E5A431B6-FD67-4B76-83A8-825FB3820EEF}.Release|x64.ActiveCfg = Release|x86
		{E5A431B6-FD67-4B76-83A8-825FB3820EEF}.Release|x86.ActiveCfg = Release|x86
		{E5A431B6-FD67-4B76-83A8-825FB3820EEF}.Release|x86.Build.0 = Release|x86
		{E5A431B6-FD67-4B76-83A8-825FB3820EEF}.ReleaseRaw|Any CPU.ActiveCfg = Release|x86
		{E5A431B6-FD67-4B76-83A8-825FB3820EEF}.ReleaseRaw|Mixed Platforms.ActiveCfg = Release|x86
		{E5A431B6-FD67-4B76-83A8-825FB3820EEF}.ReleaseRaw|Mixed Platforms.Build.0 = Release|x86
		{E5A431B6-FD67-4B76-83A8-825FB3820EEF}.ReleaseRaw|x64.ActiveCfg = Release|x86
		{E5A431B6-FD67-4B76-83A8-825FB3820EEF}.ReleaseRaw|x86.ActiveCfg = Release|x86
		{E5A431B6-FD67-4B76-83A8-825FB3820EEF}.ReleaseRaw|x86.Build.0 = Release|x86
		{E5A431B6-FD67-4B76-83A8-825FB3820EEF}.SingleImage|Any CPU.ActiveCfg = Release|x86
		{E5A431B6-FD67-4B76-83A8-825FB3820EEF}.SingleImage|Mixed Platforms.ActiveCfg = Release|x86
		{E5A431B6-FD67-4B76-83A8-825FB3820EEF}.SingleImage|Mixed Platforms.Build.0 = Release|x86
		{E5A431B6-FD67-4B76-83A8-825FB3820EEF}.SingleImage|x64.ActiveCfg = Release|x86
		{E5A431B6-FD67-4B76-83A8-825FB3820EEF}.SingleImage|x86.ActiveCfg = Release|x86
		{E5A431B6-FD67-4B76-83A8-825FB3820EEF}.SingleImage|x86.Build.0 = Release|x86
		{A5AE753E-3A06-4770-9AAC-4E902D1868E3}.CD_ROM|Any CPU.ActiveCfg = Release|x86
		{A5AE753E-3A06-4770-9AAC-4E902D1868E3}.CD_ROM|Mixed Platforms.ActiveCfg = Release|x86
		{A5AE753E-3A06-4770-9AAC-4E902D1868E3}.CD_ROM|Mixed Platforms.Build.0 = Release|x86
		{A5AE753E-3A06-4770-9AAC-4E902D1868E3}.CD_ROM|x64.ActiveCfg = Release|x86
		{A5AE753E-3A06-4770-9AAC-4E902D1868E3}.CD_ROM|x86.ActiveCfg = Release|x86
		{A5AE753E-3A06-4770-9AAC-4E902D1868E3}.CD_ROM|x86.Build.0 = Release|x86
		{A5AE753E-3A06-4770-9AAC-4E902D1868E3}.Debug|Any CPU.ActiveCfg = Debug|x86
		{A5AE753E-3A06-4770-9AAC-4E902D1868E3}.Debug|Mixed Platforms.ActiveCfg = Debug|x86
		{A5AE753E-3A06-4770-9AAC-4E902D1868E3}.Debug|Mixed Platforms.Build.0 = Debug|x86
		{A5AE753E-3A06-4770-9AAC-4E902D1868E3}.Debug|x64.ActiveCfg = Debug|x86
		{A5AE753E-3A06-4770-9AAC-4E902D1868E3}.Debug|x86.ActiveCfg = Debug|x86
		{A5AE753E-3A06-4770-9AAC-4E902D1868E3}.Debug|x86.Build.0 = Debug|x86
		{A5AE753E-3A06-4770-9AAC-4E902D1868E3}.DVD-5|Any CPU.ActiveCfg = Debug|x86
		{A5AE753E-3A06-4770-9AAC-4E902D1868E3}.DVD-5|Mixed Platforms.ActiveCfg = Debug|x86
		{A5AE753E-3A06-4770-9AAC-4E902D1868E3}.DVD-5|Mixed Platforms.Build.0 = Debug|x86
		{A5AE753E-3A06-4770-9AAC-4E902D1868E3}.DVD-5|x64.ActiveCfg = Debug|x86
		{A5AE753E-3A06-4770-9AAC-4E902D1868E3}.DVD-5|x86.ActiveCfg = Debug|x86
		{A5AE753E-3A06-4770-9AAC-4E902D1868E3}.DVD-5|x86.Build.0 = Debug|x86
		{A5AE753E-3A06-4770-9AAC-4E902D1868E3}.Release|Any CPU.ActiveCfg = Release|x86
		{A5AE753E-3A06-4770-9AAC-4E902D1868E3}.Release|Mixed Platforms.ActiveCfg = Release|x86
		{A5AE753E-3A06-4770-9AAC-4E902D1868E3}.Release|Mixed Platforms.Build.0 = Release|x86
		{A5AE753E-3A06-4770-9AAC-4E902D1868E3}.Release|x64.ActiveCfg = Release|x86
		{A5AE753E-3A06-4770-9AAC-4E902D1868E3}.Release|x86.ActiveCfg = Release|x86
		{A5AE753E-3A06-4770-9AAC-4E902D1868E3}.Release|x86.Build.0 = Release|x86
		{A5AE753E-3A06-4770-9AAC-4E902D1868E3}.ReleaseRaw|Any CPU.ActiveCfg = Release|x86
		{A5AE753E-3A06-4770-9AAC-4E902D1868E3}.ReleaseRaw|Mixed Platforms.ActiveCfg = Release|x86
		{A5AE753E-3A06-4770-9AAC-4E902D1868E3}.ReleaseRaw|Mixed Platforms.Build.0 = Release|x86
		{A5AE753E-3A06-4770-9AAC-4E902D1868E3}.ReleaseRaw|x64.ActiveCfg = Release|x86
		{A5AE753E-3A06-4770-9AAC-4E902D1868E3}.ReleaseRaw|x86.ActiveCfg = Release|x86
		{A5AE753E-3A06-4770-9AAC-4E902D1868E3}.ReleaseRaw|x86.Build.0 = Release|x86
		{A5AE753E-3A06-4770-9AAC-4E902D1868E3}.SingleImage|Any CPU.ActiveCfg = Release|x86
		{A5AE753E-3A06-4770-9AAC-4E902D1868E3}.SingleImage|Mixed Platforms.ActiveCfg = Release|x86
		{A5AE753E-3A06-4770-9AAC-4E902D1868E3}.SingleImage|Mixed Platforms.Build.0 = Release|x86
		{A5AE753E-3A06-4770-9AAC-4E902D1868E3}.SingleImage|x64.ActiveCfg = Release|x86
		{A5AE753E-3A06-4770-9AAC-4E902D1868E3}.SingleImage|x86.ActiveCfg = Release|x86
		{A5AE753E-3A06-4770-9AAC-4E902D1868E3}.SingleImage|x86.Build.0 = Release|x86
		{6A871C81-F5C6-4CA7-8FEE-0A96610C6569}.CD_ROM|Any CPU.ActiveCfg = Release|x86
		{6A871C81-F5C6-4CA7-8FEE-0A96610C6569}.CD_ROM|Mixed Platforms.ActiveCfg = Release|x86
		{6A871C81-F5C6-4CA7-8FEE-0A96610C6569}.CD_ROM|Mixed Platforms.Build.0 = Release|x86
		{6A871C81-F5C6-4CA7-8FEE-0A96610C6569}.CD_ROM|x64.ActiveCfg = Release|x86
		{6A871C81-F5C6-4CA7-8FEE-0A96610C6569}.CD_ROM|x86.ActiveCfg = Release|x86
		{6A871C81-F5C6-4CA7-8FEE-0A96610C6569}.CD_ROM|x86.Build.0 = Release|x86
		{6A871C81-F5C6-4CA7-8FEE-0A96610C6569}.Debug|Any CPU.ActiveCfg = Debug|x86
		{6A871C81-F5C6-4CA7-8FEE-0A96610C6569}.Debug|Mixed Platforms.ActiveCfg = Debug|x86
		{6A871C81-F5C6-4CA7-8FEE-0A96610C6569}.Debug|Mixed Platforms.Build.0 = Debug|x86
		{6A871C81-F5C6-4CA7-8FEE-0A96610C6569}.Debug|x64.ActiveCfg = Debug|x86
		{6A871C81-F5C6-4CA7-8FEE-0A96610C6569}.Debug|x86.ActiveCfg = Debug|x86
		{6A871C81-F5C6-4CA7-8FEE-0A96610C6569}.Debug|x86.Build.0 = Debug|x86
		{6A871C81-F5C6-4CA7-8FEE-0A96610C6569}.DVD-5|Any CPU.ActiveCfg = Debug|x86
		{6A871C81-F5C6-4CA7-8FEE-0A96610C6569}.DVD-5|Mixed Platforms.ActiveCfg = Debug|x86
		{6A871C81-F5C6-4CA7-8FEE-0A96610C6569}.DVD-5|Mixed Platforms.Build.0 = Debug|x86
		{6A871C81-F5C6-4CA7-8FEE-0A96610C6569}.DVD-5|x64.ActiveCfg = Debug|x86
		{6A871C81-F5C6-4CA7-8FEE-0A96610C6569}.DVD-5|x86.ActiveCfg = Debug|x86
		{6A871C81-F5C6-4CA7-8FEE-0A96610C6569}.DVD-5|x86.Build.0 = Debug|x86
		{6A871C81-F5C6-4CA7-8FEE-0A96610C6569}.Release|Any CPU.ActiveCfg = Release|x86
		{6A871C81-F5C6-4CA7-8FEE-0A96610C6569}.Release|Mixed Platforms.ActiveCfg = Release|x86
		{6A871C81-F5C6-4CA7-8FEE-0A96610C6569}.Release|Mixed Platforms.Build.0 = Release|x86
		{6A871C81-F5C6-4CA7-8FEE-0A96610C6569}.Release|x64.ActiveCfg = Release|x86
		{6A871C81-F5C6-4CA7-8FEE-0A96610C6569}.Release|x86.ActiveCfg = Release|x86
		{6A871C81-F5C6-4CA7-8FEE-0A96610C6569}.Release|x86.Build.0 = Release|x86
		{6A871C81-F5C6-4CA7-8FEE-0A96610C6569}.ReleaseRaw|Any CPU.ActiveCfg = Release|x86
		{6A871C81-F5C6-4CA7-8FEE-0A96610C6569}.ReleaseRaw|Mixed Platforms.ActiveCfg = Release|x86
		{6A871C81-F5C6-4CA7-8FEE-0A96610C6569}.ReleaseRaw|Mixed Platforms.Build.0 = Release|x86
		{6A871C81-F5C6-4CA7-8FEE-0A96610C6569}.ReleaseRaw|x64.ActiveCfg = Release|x86
		{6A871C81-F5C6-4CA7-8FEE-0A96610C6569}.ReleaseRaw|x86.ActiveCfg = Release|x86
		{6A871C81-F5C6-4CA7-8FEE-0A96610C6569}.ReleaseRaw|x86.Build.0 = Release|x86
		{6A871C81-F5C6-4CA7-8FEE-0A96610C6569}.SingleImage|Any CPU.ActiveCfg = Release|x86
		{6A871C81-F5C6-4CA7-8FEE-0A96610C6569}.SingleImage|Mixed Platforms.ActiveCfg = Release|x86
		{6A871C81-F5C6-4CA7-8FEE-0A96610C6569}.SingleImage|Mixed Platforms.Build.0 = Release|x86
		{6A871C81-F5C6-4CA7-8FEE-0A96610C6569}.SingleImage|x64.ActiveCfg = Release|x86
		{6A871C81-F5C6-4CA7-8FEE-0A96610C6569}.SingleImage|x86.ActiveCfg = Release|x86
		{6A871C81-F5C6-4CA7-8FEE-0A96610C6569}.SingleImage|x86.Build.0 = Release|x86
		{23AE0B0A-490C-4755-8A55-6B3FC28B0B98}.CD_ROM|Any CPU.ActiveCfg = Release|x86
		{23AE0B0A-490C-4755-8A55-6B3FC28B0B98}.CD_ROM|Mixed Platforms.ActiveCfg = Release|x86
		{23AE0B0A-490C-4755-8A55-6B3FC28B0B98}.CD_ROM|Mixed Platforms.Build.0 = Release|x86
		{23AE0B0A-490C-4755-8A55-6B3FC28B0B98}.CD_ROM|x64.ActiveCfg = Release|x86
		{23AE0B0A-490C-4755-8A55-6B3FC28B0B98}.CD_ROM|x86.ActiveCfg = Release|x86
		{23AE0B0A-490C-4755-8A55-6B3FC28B0B98}.CD_ROM|x86.Build.0 = Release|x86
		{23AE0B0A-490C-4755-8A55-6B3FC28B0B98}.Debug|Any CPU.ActiveCfg = Debug|x86
		{23AE0B0A-490C-4755-8A55-6B3FC28B0B98}.Debug|Mixed Platforms.ActiveCfg = Debug|x86
		{23AE0B0A-490C-4755-8A55-6B3FC28B0B98}.Debug|Mixed Platforms.Build.0 = Debug|x86
		{23AE0B0A-490C-4755-8A55-6B3FC28B0B98}.Debug|x64.ActiveCfg = Debug|x86
		{23AE0B0A-490C-4755-8A55-6B3FC28B0B98}.Debug|x86.ActiveCfg = Debug|x86
		{23AE0B0A-490C-4755-8A55-6B3FC28B0B98}.Debug|x86.Build.0 = Debug|x86
		{23AE0B0A-490C-4755-8A55-6B3FC28B0B98}.DVD-5|Any CPU.ActiveCfg = Debug|x86
		{23AE0B0A-490C-4755-8A55-6B3FC28B0B98}.DVD-5|Mixed Platforms.ActiveCfg = Debug|x86
		{23AE0B0A-490C-4755-8A55-6B3FC28B0B98}.DVD-5|Mixed Platforms.Build.0 = Debug|x86
		{23AE0B0A-490C-4755-8A55-6B3FC28B0B98}.DVD-5|x64.ActiveCfg = Debug|x86
		{23AE0B0A-490C-4755-8A55-6B3FC28B0B98}.DVD-5|x86.ActiveCfg = Debug|x86
		{23AE0B0A-490C-4755-8A55-6B3FC28B0B98}.DVD-5|x86.Build.0 = Debug|x86
		{23AE0B0A-490C-4755-8A55-6B3FC28B0B98}.Release|Any CPU.ActiveCfg = Release|x86
		{23AE0B0A-490C-4755-8A55-6B3FC28B0B98}.Release|Mixed Platforms.ActiveCfg = Release|x86
		{23AE0B0A-490C-4755-8A55-6B3FC28B0B98}.Release|Mixed Platforms.Build.0 = Release|x86
		{23AE0B0A-490C-4755-8A55-6B3FC28B0B98}.Release|x64.ActiveCfg = Release|x86
		{23AE0B0A-490C-4755-8A55-6B3FC28B0B98}.Release|x86.ActiveCfg = Release|x86
		{23AE0B0A-490C-4755-8A55-6B3FC28B0B98}.Release|x86.Build.0 = Release|x86
		{23AE0B0A-490C-4755-8A55-6B3FC28B0B98}.ReleaseRaw|Any CPU.ActiveCfg = Release|x86
		{23AE0B0A-490C-4755-8A55-6B3FC28B0B98}.ReleaseRaw|Mixed Platforms.ActiveCfg = Release|x86
		{23AE0B0A-490C-4755-8A55-6B3FC28B0B98}.ReleaseRaw|Mixed Platforms.Build.0 = Release|x86
		{23AE0B0A-490C-4755-8A55-6B3FC28B0B98}.ReleaseRaw|x64.ActiveCfg = Release|x86
		{23AE0B0A-490C-4755-8A55-6B3FC28B0B98}.ReleaseRaw|x86.ActiveCfg = Release|x86
		{23AE0B0A-490C-4755-8A55-6B3FC28B0B98}.ReleaseRaw|x86.Build.0 = Release|x86
		{23AE0B0A-490C-4755-8A55-6B3FC28B0B98}.SingleImage|Any CPU.ActiveCfg = Release|x86
		{23AE0B0A-490C-4755-8A55-6B3FC28B0B98}.SingleImage|Mixed Platforms.ActiveCfg = Release|x86
		{23AE0B0A-490C-4755-8A55-6B3FC28B0B98}.SingleImage|Mixed Platforms.Build.0 = Release|x86
		{23AE0B0A-490C-4755-8A55-6B3FC28B0B98}.SingleImage|x64.ActiveCfg = Release|x86
		{23AE0B0A-490C-4755-8A55-6B3FC28B0B98}.SingleImage|x86.ActiveCfg = Release|x86
		{23AE0B0A-490C-4755-8A55-6B3FC28B0B98}.SingleImage|x86.Build.0 = Release|x86
		{4FC9ABF5-F001-4439-9FF4-F516F428121A}.CD_ROM|Any CPU.ActiveCfg = Release|x86
		{4FC9ABF5-F001-4439-9FF4-F516F428121A}.CD_ROM|Mixed Platforms.ActiveCfg = Release|x86
		{4FC9ABF5-F001-4439-9FF4-F516F428121A}.CD_ROM|Mixed Platforms.Build.0 = Release|x86
		{4FC9ABF5-F001-4439-9FF4-F516F428121A}.CD_ROM|x64.ActiveCfg = Release|x86
		{4FC9ABF5-F001-4439-9FF4-F516F428121A}.CD_ROM|x86.ActiveCfg = Release|x86
		{4FC9ABF5-F001-4439-9FF4-F516F428121A}.CD_ROM|x86.Build.0 = Release|x86
		{4FC9ABF5-F001-4439-9FF4-F516F428121A}.Debug|Any CPU.ActiveCfg = Debug|x86
		{4FC9ABF5-F001-4439-9FF4-F516F428121A}.Debug|Mixed Platforms.ActiveCfg = Debug|x86
		{4FC9ABF5-F001-4439-9FF4-F516F428121A}.Debug|Mixed Platforms.Build.0 = Debug|x86
		{4FC9ABF5-F001-4439-9FF4-F516F428121A}.Debug|x64.ActiveCfg = Debug|x86
		{4FC9ABF5-F001-4439-9FF4-F516F428121A}.Debug|x86.ActiveCfg = Debug|x86
		{4FC9ABF5-F001-4439-9FF4-F516F428121A}.Debug|x86.Build.0 = Debug|x86
		{4FC9ABF5-F001-4439-9FF4-F516F428121A}.DVD-5|Any CPU.ActiveCfg = Debug|x86
		{4FC9ABF5-F001-4439-9FF4-F516F428121A}.DVD-5|Mixed Platforms.ActiveCfg = Debug|x86
		{4FC9ABF5-F001-4439-9FF4-F516F428121A}.DVD-5|Mixed Platforms.Build.0 = Debug|x86
		{4FC9ABF5-F001-4439-9FF4-F516F428121A}.DVD-5|x64.ActiveCfg = Debug|x86
		{4FC9ABF5-F001-4439-9FF4-F516F428121A}.DVD-5|x86.ActiveCfg = Debug|x86
		{4FC9ABF5-F001-4439-9FF4-F516F428121A}.DVD-5|x86.Build.0 = Debug|x86
		{4FC9ABF5-F001-4439-9FF4-F516F428121A}.Release|Any CPU.ActiveCfg = Release|x86
		{4FC9ABF5-F001-4439-9FF4-F516F428121A}.Release|Mixed Platforms.ActiveCfg = Release|x86
		{4FC9ABF5-F001-4439-9FF4-F516F428121A}.Release|Mixed Platforms.Build.0 = Release|x86
		{4FC9ABF5-F001-4439-9FF4-F516F428121A}.Release|x64.ActiveCfg = Release|x86
		{4FC9ABF5-F001-4439-9FF4-F516F428121A}.Release|x86.ActiveCfg = Release|x86
		{4FC9ABF5-F001-4439-9FF4-F516F428121A}.Release|x86.Build.0 = Release|x86
		{4FC9ABF5-F001-4439-9FF4-F516F428121A}.ReleaseRaw|Any CPU.ActiveCfg = Release|x86
		{4FC9ABF5-F001-4439-9FF4-F516F428121A}.ReleaseRaw|Mixed Platforms.ActiveCfg = Release|x86
		{4FC9ABF5-F001-4439-9FF4-F516F428121A}.ReleaseRaw|Mixed Platforms.Build.0 = Release|x86
		{4FC9ABF5-F001-4439-9FF4-F516F428121A}.ReleaseRaw|x64.ActiveCfg = Release|x86
		{4FC9ABF5-F001-4439-9FF4-F516F428121A}.ReleaseRaw|x86.ActiveCfg = Release|x86
		{4FC9ABF5-F001-4439-9FF4-F516F428121A}.ReleaseRaw|x86.Build.0 = Release|x86
		{4FC9ABF5-F001-4439-9FF4-F516F428121A}.SingleImage|Any CPU.ActiveCfg = Release|x86
		{4FC9ABF5-F001-4439-9FF4-F516F428121A}.SingleImage|Mixed Platforms.ActiveCfg = Release|x86
		{4FC9ABF5-F001-4439-9FF4-F516F428121A}.SingleImage|Mixed Platforms.Build.0 = Release|x86
		{4FC9ABF5-F001-4439-9FF4-F516F428121A}.SingleImage|x64.ActiveCfg = Release|x86
		{4FC9ABF5-F001-4439-9FF4-F516F428121A}.SingleImage|x86.ActiveCfg = Release|x86
		{4FC9ABF5-F001-4439-9FF4-F516F428121A}.SingleImage|x86.Build.0 = Release|x86
		{09025834-E5F7-4D1A-A2B7-130E4C45BE13}.CD_ROM|Any CPU.ActiveCfg = Release|Any CPU
		{09025834-E5F7-4D1A-A2B7-130E4C45BE13}.CD_ROM|Any CPU.Build.0 = Release|Any CPU
		{09025834-E5F7-4D1A-A2B7-130E4C45BE13}.CD_ROM|Mixed Platforms.ActiveCfg = Release|Any CPU
		{09025834-E5F7-4D1A-A2B7-130E4C45BE13}.CD_ROM|Mixed Platforms.Build.0 = Release|Any CPU
		{09025834-E5F7-4D1A-A2B7-130E4C45BE13}.CD_ROM|x64.ActiveCfg = Release|Any CPU
		{09025834-E5F7-4D1A-A2B7-130E4C45BE13}.CD_ROM|x86.ActiveCfg = Release|Any CPU
		{09025834-E5F7-4D1A-A2B7-130E4C45BE13}.Debug|Any CPU.ActiveCfg = Debug|Any CPU
		{09025834-E5F7-4D1A-A2B7-130E4C45BE13}.Debug|Any CPU.Build.0 = Debug|Any CPU
		{09025834-E5F7-4D1A-A2B7-130E4C45BE13}.Debug|Mixed Platforms.ActiveCfg = Debug|Any CPU
		{09025834-E5F7-4D1A-A2B7-130E4C45BE13}.Debug|Mixed Platforms.Build.0 = Debug|Any CPU
		{09025834-E5F7-4D1A-A2B7-130E4C45BE13}.Debug|x64.ActiveCfg = Debug|Any CPU
		{09025834-E5F7-4D1A-A2B7-130E4C45BE13}.Debug|x86.ActiveCfg = Debug|Any CPU
		{09025834-E5F7-4D1A-A2B7-130E4C45BE13}.DVD-5|Any CPU.ActiveCfg = Debug|Any CPU
		{09025834-E5F7-4D1A-A2B7-130E4C45BE13}.DVD-5|Any CPU.Build.0 = Debug|Any CPU
		{09025834-E5F7-4D1A-A2B7-130E4C45BE13}.DVD-5|Mixed Platforms.ActiveCfg = Debug|Any CPU
		{09025834-E5F7-4D1A-A2B7-130E4C45BE13}.DVD-5|Mixed Platforms.Build.0 = Debug|Any CPU
		{09025834-E5F7-4D1A-A2B7-130E4C45BE13}.DVD-5|x64.ActiveCfg = Debug|Any CPU
		{09025834-E5F7-4D1A-A2B7-130E4C45BE13}.DVD-5|x86.ActiveCfg = Debug|Any CPU
		{09025834-E5F7-4D1A-A2B7-130E4C45BE13}.Release|Any CPU.ActiveCfg = Release|Any CPU
		{09025834-E5F7-4D1A-A2B7-130E4C45BE13}.Release|Any CPU.Build.0 = Release|Any CPU
		{09025834-E5F7-4D1A-A2B7-130E4C45BE13}.Release|Mixed Platforms.ActiveCfg = Release|Any CPU
		{09025834-E5F7-4D1A-A2B7-130E4C45BE13}.Release|Mixed Platforms.Build.0 = Release|Any CPU
		{09025834-E5F7-4D1A-A2B7-130E4C45BE13}.Release|x64.ActiveCfg = Release|Any CPU
		{09025834-E5F7-4D1A-A2B7-130E4C45BE13}.Release|x86.ActiveCfg = Release|Any CPU
		{09025834-E5F7-4D1A-A2B7-130E4C45BE13}.ReleaseRaw|Any CPU.ActiveCfg = Release|Any CPU
		{09025834-E5F7-4D1A-A2B7-130E4C45BE13}.ReleaseRaw|Any CPU.Build.0 = Release|Any CPU
		{09025834-E5F7-4D1A-A2B7-130E4C45BE13}.ReleaseRaw|Mixed Platforms.ActiveCfg = Release|Any CPU
		{09025834-E5F7-4D1A-A2B7-130E4C45BE13}.ReleaseRaw|Mixed Platforms.Build.0 = Release|Any CPU
		{09025834-E5F7-4D1A-A2B7-130E4C45BE13}.ReleaseRaw|x64.ActiveCfg = Release|Any CPU
		{09025834-E5F7-4D1A-A2B7-130E4C45BE13}.ReleaseRaw|x86.ActiveCfg = Release|Any CPU
		{09025834-E5F7-4D1A-A2B7-130E4C45BE13}.SingleImage|Any CPU.ActiveCfg = Release|Any CPU
		{09025834-E5F7-4D1A-A2B7-130E4C45BE13}.SingleImage|Any CPU.Build.0 = Release|Any CPU
		{09025834-E5F7-4D1A-A2B7-130E4C45BE13}.SingleImage|Mixed Platforms.ActiveCfg = Release|Any CPU
		{09025834-E5F7-4D1A-A2B7-130E4C45BE13}.SingleImage|Mixed Platforms.Build.0 = Release|Any CPU
		{09025834-E5F7-4D1A-A2B7-130E4C45BE13}.SingleImage|x64.ActiveCfg = Release|Any CPU
		{09025834-E5F7-4D1A-A2B7-130E4C45BE13}.SingleImage|x86.ActiveCfg = Release|Any CPU
		{51D62C9C-9978-4494-8367-73070707A986}.CD_ROM|Any CPU.ActiveCfg = Release|x86
		{51D62C9C-9978-4494-8367-73070707A986}.CD_ROM|Mixed Platforms.ActiveCfg = Release|x86
		{51D62C9C-9978-4494-8367-73070707A986}.CD_ROM|Mixed Platforms.Build.0 = Release|x86
		{51D62C9C-9978-4494-8367-73070707A986}.CD_ROM|x64.ActiveCfg = Release|x86
		{51D62C9C-9978-4494-8367-73070707A986}.CD_ROM|x86.ActiveCfg = Release|x86
		{51D62C9C-9978-4494-8367-73070707A986}.CD_ROM|x86.Build.0 = Release|x86
		{51D62C9C-9978-4494-8367-73070707A986}.Debug|Any CPU.ActiveCfg = Debug|x86
		{51D62C9C-9978-4494-8367-73070707A986}.Debug|Mixed Platforms.ActiveCfg = Debug|x86
		{51D62C9C-9978-4494-8367-73070707A986}.Debug|Mixed Platforms.Build.0 = Debug|x86
		{51D62C9C-9978-4494-8367-73070707A986}.Debug|x64.ActiveCfg = Debug|x86
		{51D62C9C-9978-4494-8367-73070707A986}.Debug|x86.ActiveCfg = Debug|x86
		{51D62C9C-9978-4494-8367-73070707A986}.Debug|x86.Build.0 = Debug|x86
		{51D62C9C-9978-4494-8367-73070707A986}.DVD-5|Any CPU.ActiveCfg = Debug|x86
		{51D62C9C-9978-4494-8367-73070707A986}.DVD-5|Mixed Platforms.ActiveCfg = Debug|x86
		{51D62C9C-9978-4494-8367-73070707A986}.DVD-5|Mixed Platforms.Build.0 = Debug|x86
		{51D62C9C-9978-4494-8367-73070707A986}.DVD-5|x64.ActiveCfg = Debug|x86
		{51D62C9C-9978-4494-8367-73070707A986}.DVD-5|x86.ActiveCfg = Debug|x86
		{51D62C9C-9978-4494-8367-73070707A986}.DVD-5|x86.Build.0 = Debug|x86
		{51D62C9C-9978-4494-8367-73070707A986}.Release|Any CPU.ActiveCfg = Release|x86
		{51D62C9C-9978-4494-8367-73070707A986}.Release|Mixed Platforms.ActiveCfg = Release|x86
		{51D62C9C-9978-4494-8367-73070707A986}.Release|Mixed Platforms.Build.0 = Release|x86
		{51D62C9C-9978-4494-8367-73070707A986}.Release|x64.ActiveCfg = Release|x86
		{51D62C9C-9978-4494-8367-73070707A986}.Release|x86.ActiveCfg = Release|x86
		{51D62C9C-9978-4494-8367-73070707A986}.Release|x86.Build.0 = Release|x86
		{51D62C9C-9978-4494-8367-73070707A986}.ReleaseRaw|Any CPU.ActiveCfg = Release|x86
		{51D62C9C-9978-4494-8367-73070707A986}.ReleaseRaw|Mixed Platforms.ActiveCfg = Release|x86
		{51D62C9C-9978-4494-8367-73070707A986}.ReleaseRaw|Mixed Platforms.Build.0 = Release|x86
		{51D62C9C-9978-4494-8367-73070707A986}.ReleaseRaw|x64.ActiveCfg = Release|x86
		{51D62C9C-9978-4494-8367-73070707A986}.ReleaseRaw|x86.ActiveCfg = Release|x86
		{51D62C9C-9978-4494-8367-73070707A986}.ReleaseRaw|x86.Build.0 = Release|x86
		{51D62C9C-9978-4494-8367-73070707A986}.SingleImage|Any CPU.ActiveCfg = Release|x86
		{51D62C9C-9978-4494-8367-73070707A986}.SingleImage|Mixed Platforms.ActiveCfg = Release|x86
		{51D62C9C-9978-4494-8367-73070707A986}.SingleImage|Mixed Platforms.Build.0 = Release|x86
		{51D62C9C-9978-4494-8367-73070707A986}.SingleImage|x64.ActiveCfg = Release|x86
		{51D62C9C-9978-4494-8367-73070707A986}.SingleImage|x86.ActiveCfg = Release|x86
		{51D62C9C-9978-4494-8367-73070707A986}.SingleImage|x86.Build.0 = Release|x86
	EndGlobalSection
	GlobalSection(SolutionProperties) = preSolution
		HideSolutionNode = FALSE
	EndGlobalSection
	GlobalSection(NestedProjects) = preSolution
		{8CAC0335-82F5-4A9C-A551-4A96D245F4D7} = {E2E09343-38EC-4E39-92C7-3AEA082B8735}
		{23DAF4C2-D8DD-4C5B-9CC4-09163C20F932} = {E2E09343-38EC-4E39-92C7-3AEA082B8735}
		{841A3488-E87C-42E8-826E-B692210FBB13} = {E2E09343-38EC-4E39-92C7-3AEA082B8735}
		{56251D3F-B48C-4890-8028-F7C9C54F1518} = {E2E09343-38EC-4E39-92C7-3AEA082B8735}
		{1EDFF96E-0520-4D6C-8CBD-754510DB57D6} = {8CAC0335-82F5-4A9C-A551-4A96D245F4D7}
		{CB2572E1-D207-4BEF-A9D7-A226D27C7871} = {8CAC0335-82F5-4A9C-A551-4A96D245F4D7}
		{15E848B4-F289-4580-BAEA-F818F2899E23} = {23DAF4C2-D8DD-4C5B-9CC4-09163C20F932}
		{2C4125FF-0B50-43B9-A37A-592977F6041E} = {23DAF4C2-D8DD-4C5B-9CC4-09163C20F932}
		{4C64F7EC-CAB4-49BB-8FB9-AB936D027086} = {841A3488-E87C-42E8-826E-B692210FBB13}
		{F6237B7D-9A3B-4F55-961B-72035B0DEA4D} = {841A3488-E87C-42E8-826E-B692210FBB13}
		{D7C9CB53-C1D7-450B-9EF7-6D7449D57793} = {841A3488-E87C-42E8-826E-B692210FBB13}
		{AE872F09-9471-4684-9F68-85588B46496F} = {841A3488-E87C-42E8-826E-B692210FBB13}
		{E5A431B6-FD67-4B76-83A8-825FB3820EEF} = {56251D3F-B48C-4890-8028-F7C9C54F1518}
		{A5AE753E-3A06-4770-9AAC-4E902D1868E3} = {56251D3F-B48C-4890-8028-F7C9C54F1518}
		{6A871C81-F5C6-4CA7-8FEE-0A96610C6569} = {56251D3F-B48C-4890-8028-F7C9C54F1518}
		{23AE0B0A-490C-4755-8A55-6B3FC28B0B98} = {56251D3F-B48C-4890-8028-F7C9C54F1518}
		{4FC9ABF5-F001-4439-9FF4-F516F428121A} = {56251D3F-B48C-4890-8028-F7C9C54F1518}
	EndGlobalSection
EndGlobal
