
Microsoft Visual Studio Solution File, Format Version 11.00
# Visual Studio 2010
Project("{FAE04EC0-301F-11D3-BF4B-00C04F79EFBC}") = "FileListView", "FileListView\FileListView.csproj", "{1EDFF96E-0520-4D6C-8CBD-754510DB57D6}"
EndProject
Project("{FAE04EC0-301F-11D3-BF4B-00C04F79EFBC}") = "FileListViewTest", "FileListViewTest\FileListViewTest.csproj", "{CB2572E1-D207-4BEF-A9D7-A226D27C7871}"
EndProject
Global
	GlobalSection(SolutionConfigurationPlatforms) = preSolution
		Debug|Any CPU = Debug|Any CPU
		Debug|Mixed Platforms = Debug|Mixed Platforms
		Debug|x86 = Debug|x86
		Release|Any CPU = Release|Any CPU
		Release|Mixed Platforms = Release|Mixed Platforms
		Release|x86 = Release|x86
	EndGlobalSection
	GlobalSection(ProjectConfigurationPlatforms) = postSolution
		{1EDFF96E-0520-4D6C-8CBD-754510DB57D6}.Debug|Any CPU.ActiveCfg = Debug|Any CPU
		{1EDFF96E-0520-4D6C-8CBD-754510DB57D6}.Debug|Any CPU.Build.0 = Debug|Any CPU
		{1EDFF96E-0520-4D6C-8CBD-754510DB57D6}.Debug|Mixed Platforms.ActiveCfg = Debug|Any CPU
		{1EDFF96E-0520-4D6C-8CBD-754510DB57D6}.Debug|Mixed Platforms.Build.0 = Debug|Any CPU
		{1EDFF96E-0520-4D6C-8CBD-754510DB57D6}.Debug|x86.ActiveCfg = Debug|Any CPU
		{1EDFF96E-0520-4D6C-8CBD-754510DB57D6}.Release|Any CPU.ActiveCfg = Release|Any CPU
		{1EDFF96E-0520-4D6C-8CBD-754510DB57D6}.Release|Any CPU.Build.0 = Release|Any CPU
		{1EDFF96E-0520-4D6C-8CBD-754510DB57D6}.Release|Mixed Platforms.ActiveCfg = Release|Any CPU
		{1EDFF96E-0520-4D6C-8CBD-754510DB57D6}.Release|Mixed Platforms.Build.0 = Release|Any CPU
		{1EDFF96E-0520-4D6C-8CBD-754510DB57D6}.Release|x86.ActiveCfg = Release|Any CPU
		{CB2572E1-D207-4BEF-A9D7-A226D27C7871}.Debug|Any CPU.ActiveCfg = Debug|x86
		{CB2572E1-D207-4BEF-A9D7-A226D27C7871}.Debug|Mixed Platforms.ActiveCfg = Debug|x86
		{CB2572E1-D207-4BEF-A9D7-A226D27C7871}.Debug|Mixed Platforms.Build.0 = Debug|x86
		{CB2572E1-D207-4BEF-A9D7-A226D27C7871}.Debug|x86.ActiveCfg = Debug|x86
		{CB2572E1-D207-4BEF-A9D7-A226D27C7871}.Debug|x86.Build.0 = Debug|x86
		{CB2572E1-D207-4BEF-A9D7-A226D27C7871}.Release|Any CPU.ActiveCfg = Release|x86
		{CB2572E1-D207-4BEF-A9D7-A226D27C7871}.Release|Mixed Platforms.ActiveCfg = Release|x86
		{CB2572E1-D207-4BEF-A9D7-A226D27C7871}.Release|Mixed Platforms.Build.0 = Release|x86
		{CB2572E1-D207-4BEF-A9D7-A226D27C7871}.Release|x86.ActiveCfg = Release|x86
		{CB2572E1-D207-4BEF-A9D7-A226D27C7871}.Release|x86.Build.0 = Release|x86
	EndGlobalSection
	GlobalSection(SolutionProperties) = preSolution
		HideSolutionNode = FALSE
	EndGlobalSection
EndGlobal
