
Microsoft Visual Studio Solution File, Format Version 11.00
# Visual Studio 2010
Project("{FAE04EC0-301F-11D3-BF4B-00C04F79EFBC}") = "TikzEdt", "TikzEdt\TikzEdt.csproj", "{8DC4C41D-2095-4213-A46B-121EB550A2ED}"
EndProject
Project("{54435603-DBB4-11D2-8724-00A0C9A8B90C}") = "TikzEdt1.0", "TikzEdt1.0\TikzEdt1.0.vdproj", "{CA2B5FF9-8713-4337-A6A9-ECDA1596A3EF}"
EndProject
Global
	GlobalSection(SolutionConfigurationPlatforms) = preSolution
		CD_ROM|x64 = CD_ROM|x64
		CD_ROM|x86 = CD_ROM|x86
		Debug|x64 = Debug|x64
		Debug|x86 = Debug|x86
		DVD-5|x64 = DVD-5|x64
		DVD-5|x86 = DVD-5|x86
		Release|x64 = Release|x64
		Release|x86 = Release|x86
		SingleImage|x64 = SingleImage|x64
		SingleImage|x86 = SingleImage|x86
	EndGlobalSection
	GlobalSection(ProjectConfigurationPlatforms) = postSolution
		{8DC4C41D-2095-4213-A46B-121EB550A2ED}.CD_ROM|x64.ActiveCfg = Release|x64
		{8DC4C41D-2095-4213-A46B-121EB550A2ED}.CD_ROM|x64.Build.0 = Release|x64
		{8DC4C41D-2095-4213-A46B-121EB550A2ED}.CD_ROM|x86.ActiveCfg = Release|x86
		{8DC4C41D-2095-4213-A46B-121EB550A2ED}.CD_ROM|x86.Build.0 = Release|x86
		{8DC4C41D-2095-4213-A46B-121EB550A2ED}.Debug|x64.ActiveCfg = Debug|x86
		{8DC4C41D-2095-4213-A46B-121EB550A2ED}.Debug|x64.Build.0 = Debug|x86
		{8DC4C41D-2095-4213-A46B-121EB550A2ED}.Debug|x86.ActiveCfg = Debug|x86
		{8DC4C41D-2095-4213-A46B-121EB550A2ED}.Debug|x86.Build.0 = Debug|x86
		{8DC4C41D-2095-4213-A46B-121EB550A2ED}.DVD-5|x64.ActiveCfg = Debug|x64
		{8DC4C41D-2095-4213-A46B-121EB550A2ED}.DVD-5|x64.Build.0 = Debug|x64
		{8DC4C41D-2095-4213-A46B-121EB550A2ED}.DVD-5|x86.ActiveCfg = Debug|x86
		{8DC4C41D-2095-4213-A46B-121EB550A2ED}.DVD-5|x86.Build.0 = Debug|x86
		{8DC4C41D-2095-4213-A46B-121EB550A2ED}.Release|x64.ActiveCfg = Release|x64
		{8DC4C41D-2095-4213-A46B-121EB550A2ED}.Release|x64.Build.0 = Release|x64
		{8DC4C41D-2095-4213-A46B-121EB550A2ED}.Release|x86.ActiveCfg = Release|x86
		{8DC4C41D-2095-4213-A46B-121EB550A2ED}.Release|x86.Build.0 = Release|x86
		{8DC4C41D-2095-4213-A46B-121EB550A2ED}.SingleImage|x64.ActiveCfg = Release|x64
		{8DC4C41D-2095-4213-A46B-121EB550A2ED}.SingleImage|x64.Build.0 = Release|x64
		{8DC4C41D-2095-4213-A46B-121EB550A2ED}.SingleImage|x86.ActiveCfg = Release|x86
		{8DC4C41D-2095-4213-A46B-121EB550A2ED}.SingleImage|x86.Build.0 = Release|x86
		{CA2B5FF9-8713-4337-A6A9-ECDA1596A3EF}.CD_ROM|x64.ActiveCfg = Release
		{CA2B5FF9-8713-4337-A6A9-ECDA1596A3EF}.CD_ROM|x86.ActiveCfg = Release
		{CA2B5FF9-8713-4337-A6A9-ECDA1596A3EF}.Debug|x64.ActiveCfg = Debug
		{CA2B5FF9-8713-4337-A6A9-ECDA1596A3EF}.Debug|x86.ActiveCfg = Debug
		{CA2B5FF9-8713-4337-A6A9-ECDA1596A3EF}.DVD-5|x64.ActiveCfg = Debug
		{CA2B5FF9-8713-4337-A6A9-ECDA1596A3EF}.DVD-5|x86.ActiveCfg = Debug
		{CA2B5FF9-8713-4337-A6A9-ECDA1596A3EF}.Release|x64.ActiveCfg = Release
		{CA2B5FF9-8713-4337-A6A9-ECDA1596A3EF}.Release|x86.ActiveCfg = Release
		{CA2B5FF9-8713-4337-A6A9-ECDA1596A3EF}.SingleImage|x64.ActiveCfg = Release
		{CA2B5FF9-8713-4337-A6A9-ECDA1596A3EF}.SingleImage|x86.ActiveCfg = Release
	EndGlobalSection
	GlobalSection(SolutionProperties) = preSolution
		HideSolutionNode = FALSE
	EndGlobalSection
EndGlobal
