
Microsoft Visual Studio Solution File, Format Version 11.00
# Visual Studio 2010
Project("{FAE04EC0-301F-11D3-BF4B-00C04F79EFBC}") = "TikzEdt", "TikzEdt\TikzEdt.csproj", "{8DC4C41D-2095-4213-A46B-121EB550A2ED}"
EndProject
Project("{54435603-DBB4-11D2-8724-00A0C9A8B90C}") = "TikzEdt1.0", "TikzEdt1.0\TikzEdt1.0.vdproj", "{CA2B5FF9-8713-4337-A6A9-ECDA1596A3EF}"
EndProject
Project("{FAE04EC0-301F-11D3-BF4B-00C04F79EFBC}") = "TikzParser", "TikzParser\TikzParser.csproj", "{DCEE85EE-19E0-46F4-8C94-BB044075561F}"
EndProject
Project("{FAE04EC0-301F-11D3-BF4B-00C04F79EFBC}") = "TikzParserUnitTests", "TikzParserUnitTests\TikzParserUnitTests.csproj", "{396A9DE0-2EE3-4F24-BE7F-70756EB5B4CE}"
EndProject
Project("{2150E333-8FDC-42A3-9474-1A3956D46DE8}") = "Solution Items", "Solution Items", "{C1C11997-1EA9-4D70-A118-598F39A1F404}"
	ProjectSection(SolutionItems) = preProject
		Local.testsettings = Local.testsettings
		TikzEdt.vsmdi = TikzEdt.vsmdi
		TraceAndTestImpact.testsettings = TraceAndTestImpact.testsettings
	EndProjectSection
EndProject
Project("{FAE04EC0-301F-11D3-BF4B-00C04F79EFBC}") = "TEApplicationLogic", "TEApplicationLogic\TEApplicationLogic.csproj", "{EB03FD23-3941-4B4B-964C-29CB265BA5EA}"
EndProject
Project("{FAE04EC0-301F-11D3-BF4B-00C04F79EFBC}") = "TEApplicationLogicUnitTests", "TEApplicationLogicUnitTests\TEApplicationLogicUnitTests.csproj", "{869F7503-52E5-4A0A-9D68-2AFABCE8DBDB}"
EndProject
Project("{FAE04EC0-301F-11D3-BF4B-00C04F79EFBC}") = "TEAppLogicNUnitTests", "TEAppLogicNUnitTests\TEAppLogicNUnitTests.csproj", "{F9ADB781-6536-4FE7-B440-439F8481A33C}"
EndProject
Project("{F088123C-0E9E-452A-89E6-6BA2F21D5CAC}") = "TEModeling", "TEModeling\TEModeling.modelproj", "{2ECD3A02-0B5A-4CEC-9277-D49590CF970A}"
EndProject
Project("{FAE04EC0-301F-11D3-BF4B-00C04F79EFBC}") = "TESharedComponents", "TESharedComponents\TESharedComponents.csproj", "{67D51221-DEBE-4A44-9C67-F09DEAA69368}"
EndProject
Project("{FAE04EC0-301F-11D3-BF4B-00C04F79EFBC}") = "TESharedComponentsTests", "TESharedComponentsTests\TESharedComponentsTests.csproj", "{245AAB5D-E043-43AC-8507-32FA02CC5696}"
EndProject
Global
	GlobalSection(TestCaseManagementSettings) = postSolution
		CategoryFile = TikzEdt.vsmdi
	EndGlobalSection
	GlobalSection(SolutionConfigurationPlatforms) = preSolution
		CD_ROM|Any CPU = CD_ROM|Any CPU
		CD_ROM|Mixed Platforms = CD_ROM|Mixed Platforms
		CD_ROM|x64 = CD_ROM|x64
		CD_ROM|x86 = CD_ROM|x86
		Debug|Any CPU = Debug|Any CPU
		Debug|Mixed Platforms = Debug|Mixed Platforms
		Debug|x64 = Debug|x64
		Debug|x86 = Debug|x86
		DVD-5|Any CPU = DVD-5|Any CPU
		DVD-5|Mixed Platforms = DVD-5|Mixed Platforms
		DVD-5|x64 = DVD-5|x64
		DVD-5|x86 = DVD-5|x86
		Release|Any CPU = Release|Any CPU
		Release|Mixed Platforms = Release|Mixed Platforms
		Release|x64 = Release|x64
		Release|x86 = Release|x86
		ReleaseRaw|Any CPU = ReleaseRaw|Any CPU
		ReleaseRaw|Mixed Platforms = ReleaseRaw|Mixed Platforms
		ReleaseRaw|x64 = ReleaseRaw|x64
		ReleaseRaw|x86 = ReleaseRaw|x86
		SingleImage|Any CPU = SingleImage|Any CPU
		SingleImage|Mixed Platforms = SingleImage|Mixed Platforms
		SingleImage|x64 = SingleImage|x64
		SingleImage|x86 = SingleImage|x86
	EndGlobalSection
	GlobalSection(ProjectConfigurationPlatforms) = postSolution
		{8DC4C41D-2095-4213-A46B-121EB550A2ED}.CD_ROM|Any CPU.ActiveCfg = ReleaseRaw|x86
		{8DC4C41D-2095-4213-A46B-121EB550A2ED}.CD_ROM|Mixed Platforms.ActiveCfg = ReleaseRaw|x86
		{8DC4C41D-2095-4213-A46B-121EB550A2ED}.CD_ROM|Mixed Platforms.Build.0 = ReleaseRaw|x86
		{8DC4C41D-2095-4213-A46B-121EB550A2ED}.CD_ROM|x64.ActiveCfg = ReleaseRaw|x86
		{8DC4C41D-2095-4213-A46B-121EB550A2ED}.CD_ROM|x86.ActiveCfg = Release|x86
		{8DC4C41D-2095-4213-A46B-121EB550A2ED}.CD_ROM|x86.Build.0 = Release|x86
		{8DC4C41D-2095-4213-A46B-121EB550A2ED}.Debug|Any CPU.ActiveCfg = Debug|x86
		{8DC4C41D-2095-4213-A46B-121EB550A2ED}.Debug|Mixed Platforms.ActiveCfg = Debug|x86
		{8DC4C41D-2095-4213-A46B-121EB550A2ED}.Debug|Mixed Platforms.Build.0 = Debug|x86
		{8DC4C41D-2095-4213-A46B-121EB550A2ED}.Debug|x64.ActiveCfg = Debug|x86
		{8DC4C41D-2095-4213-A46B-121EB550A2ED}.Debug|x64.Build.0 = Debug|x86
		{8DC4C41D-2095-4213-A46B-121EB550A2ED}.Debug|x86.ActiveCfg = Debug|x86
		{8DC4C41D-2095-4213-A46B-121EB550A2ED}.Debug|x86.Build.0 = Debug|x86
		{8DC4C41D-2095-4213-A46B-121EB550A2ED}.DVD-5|Any CPU.ActiveCfg = Debug|x86
		{8DC4C41D-2095-4213-A46B-121EB550A2ED}.DVD-5|Mixed Platforms.ActiveCfg = Debug|x86
		{8DC4C41D-2095-4213-A46B-121EB550A2ED}.DVD-5|Mixed Platforms.Build.0 = Debug|x86
		{8DC4C41D-2095-4213-A46B-121EB550A2ED}.DVD-5|x64.ActiveCfg = Debug|x86
		{8DC4C41D-2095-4213-A46B-121EB550A2ED}.DVD-5|x86.ActiveCfg = Debug|x86
		{8DC4C41D-2095-4213-A46B-121EB550A2ED}.DVD-5|x86.Build.0 = Debug|x86
		{8DC4C41D-2095-4213-A46B-121EB550A2ED}.Release|Any CPU.ActiveCfg = Release|x86
		{8DC4C41D-2095-4213-A46B-121EB550A2ED}.Release|Mixed Platforms.ActiveCfg = Release|x86
		{8DC4C41D-2095-4213-A46B-121EB550A2ED}.Release|Mixed Platforms.Build.0 = Release|x86
		{8DC4C41D-2095-4213-A46B-121EB550A2ED}.Release|x64.ActiveCfg = Release|x86
		{8DC4C41D-2095-4213-A46B-121EB550A2ED}.Release|x64.Build.0 = Release|x86
		{8DC4C41D-2095-4213-A46B-121EB550A2ED}.Release|x86.ActiveCfg = Release|x86
		{8DC4C41D-2095-4213-A46B-121EB550A2ED}.Release|x86.Build.0 = Release|x86
		{8DC4C41D-2095-4213-A46B-121EB550A2ED}.ReleaseRaw|Any CPU.ActiveCfg = ReleaseRaw|x86
		{8DC4C41D-2095-4213-A46B-121EB550A2ED}.ReleaseRaw|Mixed Platforms.ActiveCfg = ReleaseRaw|x86
		{8DC4C41D-2095-4213-A46B-121EB550A2ED}.ReleaseRaw|Mixed Platforms.Build.0 = ReleaseRaw|x86
		{8DC4C41D-2095-4213-A46B-121EB550A2ED}.ReleaseRaw|x64.ActiveCfg = ReleaseRaw|x86
		{8DC4C41D-2095-4213-A46B-121EB550A2ED}.ReleaseRaw|x86.ActiveCfg = ReleaseRaw|x86
		{8DC4C41D-2095-4213-A46B-121EB550A2ED}.ReleaseRaw|x86.Build.0 = ReleaseRaw|x86
		{8DC4C41D-2095-4213-A46B-121EB550A2ED}.SingleImage|Any CPU.ActiveCfg = ReleaseRaw|x86
		{8DC4C41D-2095-4213-A46B-121EB550A2ED}.SingleImage|Mixed Platforms.ActiveCfg = ReleaseRaw|x86
		{8DC4C41D-2095-4213-A46B-121EB550A2ED}.SingleImage|Mixed Platforms.Build.0 = ReleaseRaw|x86
		{8DC4C41D-2095-4213-A46B-121EB550A2ED}.SingleImage|x64.ActiveCfg = ReleaseRaw|x86
		{8DC4C41D-2095-4213-A46B-121EB550A2ED}.SingleImage|x86.ActiveCfg = Release|x86
		{8DC4C41D-2095-4213-A46B-121EB550A2ED}.SingleImage|x86.Build.0 = Release|x86
		{CA2B5FF9-8713-4337-A6A9-ECDA1596A3EF}.CD_ROM|Any CPU.ActiveCfg = Release
		{CA2B5FF9-8713-4337-A6A9-ECDA1596A3EF}.CD_ROM|Any CPU.Build.0 = Release
		{CA2B5FF9-8713-4337-A6A9-ECDA1596A3EF}.CD_ROM|Mixed Platforms.ActiveCfg = Release
		{CA2B5FF9-8713-4337-A6A9-ECDA1596A3EF}.CD_ROM|Mixed Platforms.Build.0 = Release
		{CA2B5FF9-8713-4337-A6A9-ECDA1596A3EF}.CD_ROM|x64.ActiveCfg = Release
		{CA2B5FF9-8713-4337-A6A9-ECDA1596A3EF}.CD_ROM|x86.ActiveCfg = Release
		{CA2B5FF9-8713-4337-A6A9-ECDA1596A3EF}.Debug|Any CPU.ActiveCfg = Debug
		{CA2B5FF9-8713-4337-A6A9-ECDA1596A3EF}.Debug|Any CPU.Build.0 = Debug
		{CA2B5FF9-8713-4337-A6A9-ECDA1596A3EF}.Debug|Mixed Platforms.ActiveCfg = Debug
		{CA2B5FF9-8713-4337-A6A9-ECDA1596A3EF}.Debug|Mixed Platforms.Build.0 = Debug
		{CA2B5FF9-8713-4337-A6A9-ECDA1596A3EF}.Debug|x64.ActiveCfg = Debug
		{CA2B5FF9-8713-4337-A6A9-ECDA1596A3EF}.Debug|x86.ActiveCfg = Debug
		{CA2B5FF9-8713-4337-A6A9-ECDA1596A3EF}.DVD-5|Any CPU.ActiveCfg = Debug
		{CA2B5FF9-8713-4337-A6A9-ECDA1596A3EF}.DVD-5|Any CPU.Build.0 = Debug
		{CA2B5FF9-8713-4337-A6A9-ECDA1596A3EF}.DVD-5|Mixed Platforms.ActiveCfg = Debug
		{CA2B5FF9-8713-4337-A6A9-ECDA1596A3EF}.DVD-5|Mixed Platforms.Build.0 = Debug
		{CA2B5FF9-8713-4337-A6A9-ECDA1596A3EF}.DVD-5|x64.ActiveCfg = Debug
		{CA2B5FF9-8713-4337-A6A9-ECDA1596A3EF}.DVD-5|x86.ActiveCfg = Debug
		{CA2B5FF9-8713-4337-A6A9-ECDA1596A3EF}.Release|Any CPU.ActiveCfg = Release
		{CA2B5FF9-8713-4337-A6A9-ECDA1596A3EF}.Release|Any CPU.Build.0 = Release
		{CA2B5FF9-8713-4337-A6A9-ECDA1596A3EF}.Release|Mixed Platforms.ActiveCfg = Release
		{CA2B5FF9-8713-4337-A6A9-ECDA1596A3EF}.Release|Mixed Platforms.Build.0 = Release
		{CA2B5FF9-8713-4337-A6A9-ECDA1596A3EF}.Release|x64.ActiveCfg = Release
		{CA2B5FF9-8713-4337-A6A9-ECDA1596A3EF}.Release|x86.ActiveCfg = Release
		{CA2B5FF9-8713-4337-A6A9-ECDA1596A3EF}.ReleaseRaw|Any CPU.ActiveCfg = ReleaseRaw
		{CA2B5FF9-8713-4337-A6A9-ECDA1596A3EF}.ReleaseRaw|Any CPU.Build.0 = ReleaseRaw
		{CA2B5FF9-8713-4337-A6A9-ECDA1596A3EF}.ReleaseRaw|Mixed Platforms.ActiveCfg = ReleaseRaw
		{CA2B5FF9-8713-4337-A6A9-ECDA1596A3EF}.ReleaseRaw|Mixed Platforms.Build.0 = ReleaseRaw
		{CA2B5FF9-8713-4337-A6A9-ECDA1596A3EF}.ReleaseRaw|x64.ActiveCfg = ReleaseRaw
		{CA2B5FF9-8713-4337-A6A9-ECDA1596A3EF}.ReleaseRaw|x64.Build.0 = ReleaseRaw
		{CA2B5FF9-8713-4337-A6A9-ECDA1596A3EF}.ReleaseRaw|x86.ActiveCfg = ReleaseRaw
		{CA2B5FF9-8713-4337-A6A9-ECDA1596A3EF}.ReleaseRaw|x86.Build.0 = ReleaseRaw
		{CA2B5FF9-8713-4337-A6A9-ECDA1596A3EF}.SingleImage|Any CPU.ActiveCfg = Release
		{CA2B5FF9-8713-4337-A6A9-ECDA1596A3EF}.SingleImage|Any CPU.Build.0 = Release
		{CA2B5FF9-8713-4337-A6A9-ECDA1596A3EF}.SingleImage|Mixed Platforms.ActiveCfg = Release
		{CA2B5FF9-8713-4337-A6A9-ECDA1596A3EF}.SingleImage|Mixed Platforms.Build.0 = Release
		{CA2B5FF9-8713-4337-A6A9-ECDA1596A3EF}.SingleImage|x64.ActiveCfg = Release
		{CA2B5FF9-8713-4337-A6A9-ECDA1596A3EF}.SingleImage|x86.ActiveCfg = Release
		{DCEE85EE-19E0-46F4-8C94-BB044075561F}.CD_ROM|Any CPU.ActiveCfg = Release|Any CPU
		{DCEE85EE-19E0-46F4-8C94-BB044075561F}.CD_ROM|Any CPU.Build.0 = Release|Any CPU
		{DCEE85EE-19E0-46F4-8C94-BB044075561F}.CD_ROM|Mixed Platforms.ActiveCfg = Release|Any CPU
		{DCEE85EE-19E0-46F4-8C94-BB044075561F}.CD_ROM|Mixed Platforms.Build.0 = Release|Any CPU
		{DCEE85EE-19E0-46F4-8C94-BB044075561F}.CD_ROM|x64.ActiveCfg = Release|Any CPU
		{DCEE85EE-19E0-46F4-8C94-BB044075561F}.CD_ROM|x86.ActiveCfg = Release|Any CPU
		{DCEE85EE-19E0-46F4-8C94-BB044075561F}.Debug|Any CPU.ActiveCfg = Debug|Any CPU
		{DCEE85EE-19E0-46F4-8C94-BB044075561F}.Debug|Any CPU.Build.0 = Debug|Any CPU
		{DCEE85EE-19E0-46F4-8C94-BB044075561F}.Debug|Mixed Platforms.ActiveCfg = Debug|Any CPU
		{DCEE85EE-19E0-46F4-8C94-BB044075561F}.Debug|Mixed Platforms.Build.0 = Debug|Any CPU
		{DCEE85EE-19E0-46F4-8C94-BB044075561F}.Debug|x64.ActiveCfg = Debug|Any CPU
		{DCEE85EE-19E0-46F4-8C94-BB044075561F}.Debug|x86.ActiveCfg = Debug|Any CPU
		{DCEE85EE-19E0-46F4-8C94-BB044075561F}.DVD-5|Any CPU.ActiveCfg = Debug|Any CPU
		{DCEE85EE-19E0-46F4-8C94-BB044075561F}.DVD-5|Any CPU.Build.0 = Debug|Any CPU
		{DCEE85EE-19E0-46F4-8C94-BB044075561F}.DVD-5|Mixed Platforms.ActiveCfg = Debug|Any CPU
		{DCEE85EE-19E0-46F4-8C94-BB044075561F}.DVD-5|Mixed Platforms.Build.0 = Debug|Any CPU
		{DCEE85EE-19E0-46F4-8C94-BB044075561F}.DVD-5|x64.ActiveCfg = Debug|Any CPU
		{DCEE85EE-19E0-46F4-8C94-BB044075561F}.DVD-5|x86.ActiveCfg = Debug|Any CPU
		{DCEE85EE-19E0-46F4-8C94-BB044075561F}.Release|Any CPU.ActiveCfg = Release|Any CPU
		{DCEE85EE-19E0-46F4-8C94-BB044075561F}.Release|Any CPU.Build.0 = Release|Any CPU
		{DCEE85EE-19E0-46F4-8C94-BB044075561F}.Release|Mixed Platforms.ActiveCfg = Release|Any CPU
		{DCEE85EE-19E0-46F4-8C94-BB044075561F}.Release|Mixed Platforms.Build.0 = Release|Any CPU
		{DCEE85EE-19E0-46F4-8C94-BB044075561F}.Release|x64.ActiveCfg = Release|Any CPU
		{DCEE85EE-19E0-46F4-8C94-BB044075561F}.Release|x86.ActiveCfg = Release|Any CPU
		{DCEE85EE-19E0-46F4-8C94-BB044075561F}.ReleaseRaw|Any CPU.ActiveCfg = ReleaseRaw|Any CPU
		{DCEE85EE-19E0-46F4-8C94-BB044075561F}.ReleaseRaw|Any CPU.Build.0 = ReleaseRaw|Any CPU
		{DCEE85EE-19E0-46F4-8C94-BB044075561F}.ReleaseRaw|Mixed Platforms.ActiveCfg = ReleaseRaw|Any CPU
		{DCEE85EE-19E0-46F4-8C94-BB044075561F}.ReleaseRaw|Mixed Platforms.Build.0 = ReleaseRaw|Any CPU
		{DCEE85EE-19E0-46F4-8C94-BB044075561F}.ReleaseRaw|x64.ActiveCfg = ReleaseRaw|Any CPU
		{DCEE85EE-19E0-46F4-8C94-BB044075561F}.ReleaseRaw|x86.ActiveCfg = ReleaseRaw|Any CPU
		{DCEE85EE-19E0-46F4-8C94-BB044075561F}.SingleImage|Any CPU.ActiveCfg = Release|Any CPU
		{DCEE85EE-19E0-46F4-8C94-BB044075561F}.SingleImage|Any CPU.Build.0 = Release|Any CPU
		{DCEE85EE-19E0-46F4-8C94-BB044075561F}.SingleImage|Mixed Platforms.ActiveCfg = Release|Any CPU
		{DCEE85EE-19E0-46F4-8C94-BB044075561F}.SingleImage|Mixed Platforms.Build.0 = Release|Any CPU
		{DCEE85EE-19E0-46F4-8C94-BB044075561F}.SingleImage|x64.ActiveCfg = Release|Any CPU
		{DCEE85EE-19E0-46F4-8C94-BB044075561F}.SingleImage|x86.ActiveCfg = Release|Any CPU
		{396A9DE0-2EE3-4F24-BE7F-70756EB5B4CE}.CD_ROM|Any CPU.ActiveCfg = Release|Any CPU
		{396A9DE0-2EE3-4F24-BE7F-70756EB5B4CE}.CD_ROM|Any CPU.Build.0 = Release|Any CPU
		{396A9DE0-2EE3-4F24-BE7F-70756EB5B4CE}.CD_ROM|Mixed Platforms.ActiveCfg = Release|Any CPU
		{396A9DE0-2EE3-4F24-BE7F-70756EB5B4CE}.CD_ROM|Mixed Platforms.Build.0 = Release|Any CPU
		{396A9DE0-2EE3-4F24-BE7F-70756EB5B4CE}.CD_ROM|x64.ActiveCfg = Release|Any CPU
		{396A9DE0-2EE3-4F24-BE7F-70756EB5B4CE}.CD_ROM|x86.ActiveCfg = Release|Any CPU
		{396A9DE0-2EE3-4F24-BE7F-70756EB5B4CE}.Debug|Any CPU.ActiveCfg = Debug|Any CPU
		{396A9DE0-2EE3-4F24-BE7F-70756EB5B4CE}.Debug|Any CPU.Build.0 = Debug|Any CPU
		{396A9DE0-2EE3-4F24-BE7F-70756EB5B4CE}.Debug|Mixed Platforms.ActiveCfg = Debug|Any CPU
		{396A9DE0-2EE3-4F24-BE7F-70756EB5B4CE}.Debug|Mixed Platforms.Build.0 = Debug|Any CPU
		{396A9DE0-2EE3-4F24-BE7F-70756EB5B4CE}.Debug|x64.ActiveCfg = Debug|Any CPU
		{396A9DE0-2EE3-4F24-BE7F-70756EB5B4CE}.Debug|x86.ActiveCfg = Debug|Any CPU
		{396A9DE0-2EE3-4F24-BE7F-70756EB5B4CE}.DVD-5|Any CPU.ActiveCfg = Debug|Any CPU
		{396A9DE0-2EE3-4F24-BE7F-70756EB5B4CE}.DVD-5|Any CPU.Build.0 = Debug|Any CPU
		{396A9DE0-2EE3-4F24-BE7F-70756EB5B4CE}.DVD-5|Mixed Platforms.ActiveCfg = Debug|Any CPU
		{396A9DE0-2EE3-4F24-BE7F-70756EB5B4CE}.DVD-5|Mixed Platforms.Build.0 = Debug|Any CPU
		{396A9DE0-2EE3-4F24-BE7F-70756EB5B4CE}.DVD-5|x64.ActiveCfg = Debug|Any CPU
		{396A9DE0-2EE3-4F24-BE7F-70756EB5B4CE}.DVD-5|x86.ActiveCfg = Debug|Any CPU
		{396A9DE0-2EE3-4F24-BE7F-70756EB5B4CE}.Release|Any CPU.ActiveCfg = Release|Any CPU
		{396A9DE0-2EE3-4F24-BE7F-70756EB5B4CE}.Release|Any CPU.Build.0 = Release|Any CPU
		{396A9DE0-2EE3-4F24-BE7F-70756EB5B4CE}.Release|Mixed Platforms.ActiveCfg = Release|Any CPU
		{396A9DE0-2EE3-4F24-BE7F-70756EB5B4CE}.Release|Mixed Platforms.Build.0 = Release|Any CPU
		{396A9DE0-2EE3-4F24-BE7F-70756EB5B4CE}.Release|x64.ActiveCfg = Release|Any CPU
		{396A9DE0-2EE3-4F24-BE7F-70756EB5B4CE}.Release|x86.ActiveCfg = Release|Any CPU
		{396A9DE0-2EE3-4F24-BE7F-70756EB5B4CE}.ReleaseRaw|Any CPU.ActiveCfg = ReleaseRaw|Any CPU
		{396A9DE0-2EE3-4F24-BE7F-70756EB5B4CE}.ReleaseRaw|Any CPU.Build.0 = ReleaseRaw|Any CPU
		{396A9DE0-2EE3-4F24-BE7F-70756EB5B4CE}.ReleaseRaw|Mixed Platforms.ActiveCfg = ReleaseRaw|Any CPU
		{396A9DE0-2EE3-4F24-BE7F-70756EB5B4CE}.ReleaseRaw|Mixed Platforms.Build.0 = ReleaseRaw|Any CPU
		{396A9DE0-2EE3-4F24-BE7F-70756EB5B4CE}.ReleaseRaw|x64.ActiveCfg = ReleaseRaw|Any CPU
		{396A9DE0-2EE3-4F24-BE7F-70756EB5B4CE}.ReleaseRaw|x86.ActiveCfg = ReleaseRaw|Any CPU
		{396A9DE0-2EE3-4F24-BE7F-70756EB5B4CE}.SingleImage|Any CPU.ActiveCfg = Release|Any CPU
		{396A9DE0-2EE3-4F24-BE7F-70756EB5B4CE}.SingleImage|Any CPU.Build.0 = Release|Any CPU
		{396A9DE0-2EE3-4F24-BE7F-70756EB5B4CE}.SingleImage|Mixed Platforms.ActiveCfg = Release|Any CPU
		{396A9DE0-2EE3-4F24-BE7F-70756EB5B4CE}.SingleImage|Mixed Platforms.Build.0 = Release|Any CPU
		{396A9DE0-2EE3-4F24-BE7F-70756EB5B4CE}.SingleImage|x64.ActiveCfg = Release|Any CPU
		{396A9DE0-2EE3-4F24-BE7F-70756EB5B4CE}.SingleImage|x86.ActiveCfg = Release|Any CPU
		{EB03FD23-3941-4B4B-964C-29CB265BA5EA}.CD_ROM|Any CPU.ActiveCfg = Release|Any CPU
		{EB03FD23-3941-4B4B-964C-29CB265BA5EA}.CD_ROM|Any CPU.Build.0 = Release|Any CPU
		{EB03FD23-3941-4B4B-964C-29CB265BA5EA}.CD_ROM|Mixed Platforms.ActiveCfg = Release|Any CPU
		{EB03FD23-3941-4B4B-964C-29CB265BA5EA}.CD_ROM|Mixed Platforms.Build.0 = Release|Any CPU
		{EB03FD23-3941-4B4B-964C-29CB265BA5EA}.CD_ROM|x64.ActiveCfg = Release|Any CPU
		{EB03FD23-3941-4B4B-964C-29CB265BA5EA}.CD_ROM|x86.ActiveCfg = Release|Any CPU
		{EB03FD23-3941-4B4B-964C-29CB265BA5EA}.Debug|Any CPU.ActiveCfg = Debug|Any CPU
		{EB03FD23-3941-4B4B-964C-29CB265BA5EA}.Debug|Any CPU.Build.0 = Debug|Any CPU
		{EB03FD23-3941-4B4B-964C-29CB265BA5EA}.Debug|Mixed Platforms.ActiveCfg = Debug|Any CPU
		{EB03FD23-3941-4B4B-964C-29CB265BA5EA}.Debug|Mixed Platforms.Build.0 = Debug|Any CPU
		{EB03FD23-3941-4B4B-964C-29CB265BA5EA}.Debug|x64.ActiveCfg = Debug|Any CPU
		{EB03FD23-3941-4B4B-964C-29CB265BA5EA}.Debug|x86.ActiveCfg = Debug|Any CPU
		{EB03FD23-3941-4B4B-964C-29CB265BA5EA}.DVD-5|Any CPU.ActiveCfg = Debug|Any CPU
		{EB03FD23-3941-4B4B-964C-29CB265BA5EA}.DVD-5|Any CPU.Build.0 = Debug|Any CPU
		{EB03FD23-3941-4B4B-964C-29CB265BA5EA}.DVD-5|Mixed Platforms.ActiveCfg = Debug|Any CPU
		{EB03FD23-3941-4B4B-964C-29CB265BA5EA}.DVD-5|Mixed Platforms.Build.0 = Debug|Any CPU
		{EB03FD23-3941-4B4B-964C-29CB265BA5EA}.DVD-5|x64.ActiveCfg = Debug|Any CPU
		{EB03FD23-3941-4B4B-964C-29CB265BA5EA}.DVD-5|x86.ActiveCfg = Debug|Any CPU
		{EB03FD23-3941-4B4B-964C-29CB265BA5EA}.Release|Any CPU.ActiveCfg = Release|Any CPU
		{EB03FD23-3941-4B4B-964C-29CB265BA5EA}.Release|Any CPU.Build.0 = Release|Any CPU
		{EB03FD23-3941-4B4B-964C-29CB265BA5EA}.Release|Mixed Platforms.ActiveCfg = Release|Any CPU
		{EB03FD23-3941-4B4B-964C-29CB265BA5EA}.Release|Mixed Platforms.Build.0 = Release|Any CPU
		{EB03FD23-3941-4B4B-964C-29CB265BA5EA}.Release|x64.ActiveCfg = Release|Any CPU
		{EB03FD23-3941-4B4B-964C-29CB265BA5EA}.Release|x86.ActiveCfg = Release|Any CPU
		{EB03FD23-3941-4B4B-964C-29CB265BA5EA}.ReleaseRaw|Any CPU.ActiveCfg = ReleaseRaw|Any CPU
		{EB03FD23-3941-4B4B-964C-29CB265BA5EA}.ReleaseRaw|Any CPU.Build.0 = ReleaseRaw|Any CPU
		{EB03FD23-3941-4B4B-964C-29CB265BA5EA}.ReleaseRaw|Mixed Platforms.ActiveCfg = ReleaseRaw|Any CPU
		{EB03FD23-3941-4B4B-964C-29CB265BA5EA}.ReleaseRaw|Mixed Platforms.Build.0 = ReleaseRaw|Any CPU
		{EB03FD23-3941-4B4B-964C-29CB265BA5EA}.ReleaseRaw|x64.ActiveCfg = ReleaseRaw|Any CPU
		{EB03FD23-3941-4B4B-964C-29CB265BA5EA}.ReleaseRaw|x86.ActiveCfg = ReleaseRaw|Any CPU
		{EB03FD23-3941-4B4B-964C-29CB265BA5EA}.SingleImage|Any CPU.ActiveCfg = Release|Any CPU
		{EB03FD23-3941-4B4B-964C-29CB265BA5EA}.SingleImage|Any CPU.Build.0 = Release|Any CPU
		{EB03FD23-3941-4B4B-964C-29CB265BA5EA}.SingleImage|Mixed Platforms.ActiveCfg = Release|Any CPU
		{EB03FD23-3941-4B4B-964C-29CB265BA5EA}.SingleImage|Mixed Platforms.Build.0 = Release|Any CPU
		{EB03FD23-3941-4B4B-964C-29CB265BA5EA}.SingleImage|x64.ActiveCfg = Release|Any CPU
		{EB03FD23-3941-4B4B-964C-29CB265BA5EA}.SingleImage|x86.ActiveCfg = Release|Any CPU
		{869F7503-52E5-4A0A-9D68-2AFABCE8DBDB}.CD_ROM|Any CPU.ActiveCfg = Release|Any CPU
		{869F7503-52E5-4A0A-9D68-2AFABCE8DBDB}.CD_ROM|Any CPU.Build.0 = Release|Any CPU
		{869F7503-52E5-4A0A-9D68-2AFABCE8DBDB}.CD_ROM|Mixed Platforms.ActiveCfg = Release|Any CPU
		{869F7503-52E5-4A0A-9D68-2AFABCE8DBDB}.CD_ROM|Mixed Platforms.Build.0 = Release|Any CPU
		{869F7503-52E5-4A0A-9D68-2AFABCE8DBDB}.CD_ROM|x64.ActiveCfg = Release|Any CPU
		{869F7503-52E5-4A0A-9D68-2AFABCE8DBDB}.CD_ROM|x86.ActiveCfg = Release|Any CPU
		{869F7503-52E5-4A0A-9D68-2AFABCE8DBDB}.Debug|Any CPU.ActiveCfg = Debug|Any CPU
		{869F7503-52E5-4A0A-9D68-2AFABCE8DBDB}.Debug|Any CPU.Build.0 = Debug|Any CPU
		{869F7503-52E5-4A0A-9D68-2AFABCE8DBDB}.Debug|Mixed Platforms.ActiveCfg = Debug|Any CPU
		{869F7503-52E5-4A0A-9D68-2AFABCE8DBDB}.Debug|Mixed Platforms.Build.0 = Debug|Any CPU
		{869F7503-52E5-4A0A-9D68-2AFABCE8DBDB}.Debug|x64.ActiveCfg = Debug|Any CPU
		{869F7503-52E5-4A0A-9D68-2AFABCE8DBDB}.Debug|x86.ActiveCfg = Debug|Any CPU
		{869F7503-52E5-4A0A-9D68-2AFABCE8DBDB}.DVD-5|Any CPU.ActiveCfg = Debug|Any CPU
		{869F7503-52E5-4A0A-9D68-2AFABCE8DBDB}.DVD-5|Any CPU.Build.0 = Debug|Any CPU
		{869F7503-52E5-4A0A-9D68-2AFABCE8DBDB}.DVD-5|Mixed Platforms.ActiveCfg = Debug|Any CPU
		{869F7503-52E5-4A0A-9D68-2AFABCE8DBDB}.DVD-5|Mixed Platforms.Build.0 = Debug|Any CPU
		{869F7503-52E5-4A0A-9D68-2AFABCE8DBDB}.DVD-5|x64.ActiveCfg = Debug|Any CPU
		{869F7503-52E5-4A0A-9D68-2AFABCE8DBDB}.DVD-5|x86.ActiveCfg = Debug|Any CPU
		{869F7503-52E5-4A0A-9D68-2AFABCE8DBDB}.Release|Any CPU.ActiveCfg = Release|Any CPU
		{869F7503-52E5-4A0A-9D68-2AFABCE8DBDB}.Release|Any CPU.Build.0 = Release|Any CPU
		{869F7503-52E5-4A0A-9D68-2AFABCE8DBDB}.Release|Mixed Platforms.ActiveCfg = Release|Any CPU
		{869F7503-52E5-4A0A-9D68-2AFABCE8DBDB}.Release|Mixed Platforms.Build.0 = Release|Any CPU
		{869F7503-52E5-4A0A-9D68-2AFABCE8DBDB}.Release|x64.ActiveCfg = Release|Any CPU
		{869F7503-52E5-4A0A-9D68-2AFABCE8DBDB}.Release|x86.ActiveCfg = Release|Any CPU
		{869F7503-52E5-4A0A-9D68-2AFABCE8DBDB}.ReleaseRaw|Any CPU.ActiveCfg = ReleaseRaw|Any CPU
		{869F7503-52E5-4A0A-9D68-2AFABCE8DBDB}.ReleaseRaw|Any CPU.Build.0 = ReleaseRaw|Any CPU
		{869F7503-52E5-4A0A-9D68-2AFABCE8DBDB}.ReleaseRaw|Mixed Platforms.ActiveCfg = ReleaseRaw|Any CPU
		{869F7503-52E5-4A0A-9D68-2AFABCE8DBDB}.ReleaseRaw|Mixed Platforms.Build.0 = ReleaseRaw|Any CPU
		{869F7503-52E5-4A0A-9D68-2AFABCE8DBDB}.ReleaseRaw|x64.ActiveCfg = ReleaseRaw|Any CPU
		{869F7503-52E5-4A0A-9D68-2AFABCE8DBDB}.ReleaseRaw|x86.ActiveCfg = ReleaseRaw|Any CPU
		{869F7503-52E5-4A0A-9D68-2AFABCE8DBDB}.SingleImage|Any CPU.ActiveCfg = Release|Any CPU
		{869F7503-52E5-4A0A-9D68-2AFABCE8DBDB}.SingleImage|Any CPU.Build.0 = Release|Any CPU
		{869F7503-52E5-4A0A-9D68-2AFABCE8DBDB}.SingleImage|Mixed Platforms.ActiveCfg = Release|Any CPU
		{869F7503-52E5-4A0A-9D68-2AFABCE8DBDB}.SingleImage|Mixed Platforms.Build.0 = Release|Any CPU
		{869F7503-52E5-4A0A-9D68-2AFABCE8DBDB}.SingleImage|x64.ActiveCfg = Release|Any CPU
		{869F7503-52E5-4A0A-9D68-2AFABCE8DBDB}.SingleImage|x86.ActiveCfg = Release|Any CPU
		{F9ADB781-6536-4FE7-B440-439F8481A33C}.CD_ROM|Any CPU.ActiveCfg = Release|Any CPU
		{F9ADB781-6536-4FE7-B440-439F8481A33C}.CD_ROM|Any CPU.Build.0 = Release|Any CPU
		{F9ADB781-6536-4FE7-B440-439F8481A33C}.CD_ROM|Mixed Platforms.ActiveCfg = Release|Any CPU
		{F9ADB781-6536-4FE7-B440-439F8481A33C}.CD_ROM|Mixed Platforms.Build.0 = Release|Any CPU
		{F9ADB781-6536-4FE7-B440-439F8481A33C}.CD_ROM|x64.ActiveCfg = Release|Any CPU
		{F9ADB781-6536-4FE7-B440-439F8481A33C}.CD_ROM|x86.ActiveCfg = Release|Any CPU
		{F9ADB781-6536-4FE7-B440-439F8481A33C}.Debug|Any CPU.ActiveCfg = Debug|Any CPU
		{F9ADB781-6536-4FE7-B440-439F8481A33C}.Debug|Any CPU.Build.0 = Debug|Any CPU
		{F9ADB781-6536-4FE7-B440-439F8481A33C}.Debug|Mixed Platforms.ActiveCfg = Debug|Any CPU
		{F9ADB781-6536-4FE7-B440-439F8481A33C}.Debug|Mixed Platforms.Build.0 = Debug|Any CPU
		{F9ADB781-6536-4FE7-B440-439F8481A33C}.Debug|x64.ActiveCfg = Debug|Any CPU
		{F9ADB781-6536-4FE7-B440-439F8481A33C}.Debug|x86.ActiveCfg = Debug|Any CPU
		{F9ADB781-6536-4FE7-B440-439F8481A33C}.DVD-5|Any CPU.ActiveCfg = Debug|Any CPU
		{F9ADB781-6536-4FE7-B440-439F8481A33C}.DVD-5|Any CPU.Build.0 = Debug|Any CPU
		{F9ADB781-6536-4FE7-B440-439F8481A33C}.DVD-5|Mixed Platforms.ActiveCfg = Debug|Any CPU
		{F9ADB781-6536-4FE7-B440-439F8481A33C}.DVD-5|Mixed Platforms.Build.0 = Debug|Any CPU
		{F9ADB781-6536-4FE7-B440-439F8481A33C}.DVD-5|x64.ActiveCfg = Debug|Any CPU
		{F9ADB781-6536-4FE7-B440-439F8481A33C}.DVD-5|x86.ActiveCfg = Debug|Any CPU
		{F9ADB781-6536-4FE7-B440-439F8481A33C}.Release|Any CPU.ActiveCfg = Release|Any CPU
		{F9ADB781-6536-4FE7-B440-439F8481A33C}.Release|Any CPU.Build.0 = Release|Any CPU
		{F9ADB781-6536-4FE7-B440-439F8481A33C}.Release|Mixed Platforms.ActiveCfg = Release|Any CPU
		{F9ADB781-6536-4FE7-B440-439F8481A33C}.Release|Mixed Platforms.Build.0 = Release|Any CPU
		{F9ADB781-6536-4FE7-B440-439F8481A33C}.Release|x64.ActiveCfg = Release|Any CPU
		{F9ADB781-6536-4FE7-B440-439F8481A33C}.Release|x86.ActiveCfg = Release|Any CPU
		{F9ADB781-6536-4FE7-B440-439F8481A33C}.ReleaseRaw|Any CPU.ActiveCfg = ReleaseRaw|Any CPU
		{F9ADB781-6536-4FE7-B440-439F8481A33C}.ReleaseRaw|Any CPU.Build.0 = ReleaseRaw|Any CPU
		{F9ADB781-6536-4FE7-B440-439F8481A33C}.ReleaseRaw|Mixed Platforms.ActiveCfg = ReleaseRaw|Any CPU
		{F9ADB781-6536-4FE7-B440-439F8481A33C}.ReleaseRaw|Mixed Platforms.Build.0 = ReleaseRaw|Any CPU
		{F9ADB781-6536-4FE7-B440-439F8481A33C}.ReleaseRaw|x64.ActiveCfg = ReleaseRaw|Any CPU
		{F9ADB781-6536-4FE7-B440-439F8481A33C}.ReleaseRaw|x86.ActiveCfg = ReleaseRaw|Any CPU
		{F9ADB781-6536-4FE7-B440-439F8481A33C}.SingleImage|Any CPU.ActiveCfg = Release|Any CPU
		{F9ADB781-6536-4FE7-B440-439F8481A33C}.SingleImage|Any CPU.Build.0 = Release|Any CPU
		{F9ADB781-6536-4FE7-B440-439F8481A33C}.SingleImage|Mixed Platforms.ActiveCfg = Release|Any CPU
		{F9ADB781-6536-4FE7-B440-439F8481A33C}.SingleImage|Mixed Platforms.Build.0 = Release|Any CPU
		{F9ADB781-6536-4FE7-B440-439F8481A33C}.SingleImage|x64.ActiveCfg = Release|Any CPU
		{F9ADB781-6536-4FE7-B440-439F8481A33C}.SingleImage|x86.ActiveCfg = Release|Any CPU
		{2ECD3A02-0B5A-4CEC-9277-D49590CF970A}.CD_ROM|Any CPU.ActiveCfg = Release|Any CPU
		{2ECD3A02-0B5A-4CEC-9277-D49590CF970A}.CD_ROM|Any CPU.Build.0 = Release|Any CPU
		{2ECD3A02-0B5A-4CEC-9277-D49590CF970A}.CD_ROM|Mixed Platforms.ActiveCfg = Release|Any CPU
		{2ECD3A02-0B5A-4CEC-9277-D49590CF970A}.CD_ROM|Mixed Platforms.Build.0 = Release|Any CPU
		{2ECD3A02-0B5A-4CEC-9277-D49590CF970A}.CD_ROM|x64.ActiveCfg = Release|Any CPU
		{2ECD3A02-0B5A-4CEC-9277-D49590CF970A}.CD_ROM|x86.ActiveCfg = Release|Any CPU
		{2ECD3A02-0B5A-4CEC-9277-D49590CF970A}.Debug|Any CPU.ActiveCfg = Debug|Any CPU
		{2ECD3A02-0B5A-4CEC-9277-D49590CF970A}.Debug|Any CPU.Build.0 = Debug|Any CPU
		{2ECD3A02-0B5A-4CEC-9277-D49590CF970A}.Debug|Mixed Platforms.ActiveCfg = Debug|Any CPU
		{2ECD3A02-0B5A-4CEC-9277-D49590CF970A}.Debug|Mixed Platforms.Build.0 = Debug|Any CPU
		{2ECD3A02-0B5A-4CEC-9277-D49590CF970A}.Debug|x64.ActiveCfg = Debug|Any CPU
		{2ECD3A02-0B5A-4CEC-9277-D49590CF970A}.Debug|x86.ActiveCfg = Debug|Any CPU
		{2ECD3A02-0B5A-4CEC-9277-D49590CF970A}.DVD-5|Any CPU.ActiveCfg = Debug|Any CPU
		{2ECD3A02-0B5A-4CEC-9277-D49590CF970A}.DVD-5|Any CPU.Build.0 = Debug|Any CPU
		{2ECD3A02-0B5A-4CEC-9277-D49590CF970A}.DVD-5|Mixed Platforms.ActiveCfg = Debug|Any CPU
		{2ECD3A02-0B5A-4CEC-9277-D49590CF970A}.DVD-5|Mixed Platforms.Build.0 = Debug|Any CPU
		{2ECD3A02-0B5A-4CEC-9277-D49590CF970A}.DVD-5|x64.ActiveCfg = Debug|Any CPU
		{2ECD3A02-0B5A-4CEC-9277-D49590CF970A}.DVD-5|x86.ActiveCfg = Debug|Any CPU
		{2ECD3A02-0B5A-4CEC-9277-D49590CF970A}.Release|Any CPU.ActiveCfg = Release|Any CPU
		{2ECD3A02-0B5A-4CEC-9277-D49590CF970A}.Release|Any CPU.Build.0 = Release|Any CPU
		{2ECD3A02-0B5A-4CEC-9277-D49590CF970A}.Release|Mixed Platforms.ActiveCfg = Release|Any CPU
		{2ECD3A02-0B5A-4CEC-9277-D49590CF970A}.Release|Mixed Platforms.Build.0 = Release|Any CPU
		{2ECD3A02-0B5A-4CEC-9277-D49590CF970A}.Release|x64.ActiveCfg = Release|Any CPU
		{2ECD3A02-0B5A-4CEC-9277-D49590CF970A}.Release|x86.ActiveCfg = Release|Any CPU
		{2ECD3A02-0B5A-4CEC-9277-D49590CF970A}.ReleaseRaw|Any CPU.ActiveCfg = ReleaseRaw|Any CPU
		{2ECD3A02-0B5A-4CEC-9277-D49590CF970A}.ReleaseRaw|Any CPU.Build.0 = ReleaseRaw|Any CPU
		{2ECD3A02-0B5A-4CEC-9277-D49590CF970A}.ReleaseRaw|Mixed Platforms.ActiveCfg = ReleaseRaw|Any CPU
		{2ECD3A02-0B5A-4CEC-9277-D49590CF970A}.ReleaseRaw|Mixed Platforms.Build.0 = ReleaseRaw|Any CPU
		{2ECD3A02-0B5A-4CEC-9277-D49590CF970A}.ReleaseRaw|x64.ActiveCfg = ReleaseRaw|Any CPU
		{2ECD3A02-0B5A-4CEC-9277-D49590CF970A}.ReleaseRaw|x86.ActiveCfg = ReleaseRaw|Any CPU
		{2ECD3A02-0B5A-4CEC-9277-D49590CF970A}.SingleImage|Any CPU.ActiveCfg = Release|Any CPU
		{2ECD3A02-0B5A-4CEC-9277-D49590CF970A}.SingleImage|Any CPU.Build.0 = Release|Any CPU
		{2ECD3A02-0B5A-4CEC-9277-D49590CF970A}.SingleImage|Mixed Platforms.ActiveCfg = Release|Any CPU
		{2ECD3A02-0B5A-4CEC-9277-D49590CF970A}.SingleImage|Mixed Platforms.Build.0 = Release|Any CPU
		{2ECD3A02-0B5A-4CEC-9277-D49590CF970A}.SingleImage|x64.ActiveCfg = Release|Any CPU
		{2ECD3A02-0B5A-4CEC-9277-D49590CF970A}.SingleImage|x86.ActiveCfg = Release|Any CPU
		{67D51221-DEBE-4A44-9C67-F09DEAA69368}.CD_ROM|Any CPU.ActiveCfg = Release|Any CPU
		{67D51221-DEBE-4A44-9C67-F09DEAA69368}.CD_ROM|Any CPU.Build.0 = Release|Any CPU
		{67D51221-DEBE-4A44-9C67-F09DEAA69368}.CD_ROM|Mixed Platforms.ActiveCfg = Release|Any CPU
		{67D51221-DEBE-4A44-9C67-F09DEAA69368}.CD_ROM|Mixed Platforms.Build.0 = Release|Any CPU
		{67D51221-DEBE-4A44-9C67-F09DEAA69368}.CD_ROM|x64.ActiveCfg = Release|Any CPU
		{67D51221-DEBE-4A44-9C67-F09DEAA69368}.CD_ROM|x86.ActiveCfg = Release|Any CPU
		{67D51221-DEBE-4A44-9C67-F09DEAA69368}.Debug|Any CPU.ActiveCfg = Debug|Any CPU
		{67D51221-DEBE-4A44-9C67-F09DEAA69368}.Debug|Any CPU.Build.0 = Debug|Any CPU
		{67D51221-DEBE-4A44-9C67-F09DEAA69368}.Debug|Mixed Platforms.ActiveCfg = Debug|Any CPU
		{67D51221-DEBE-4A44-9C67-F09DEAA69368}.Debug|Mixed Platforms.Build.0 = Debug|Any CPU
		{67D51221-DEBE-4A44-9C67-F09DEAA69368}.Debug|x64.ActiveCfg = Debug|Any CPU
		{67D51221-DEBE-4A44-9C67-F09DEAA69368}.Debug|x86.ActiveCfg = Debug|Any CPU
		{67D51221-DEBE-4A44-9C67-F09DEAA69368}.DVD-5|Any CPU.ActiveCfg = Debug|Any CPU
		{67D51221-DEBE-4A44-9C67-F09DEAA69368}.DVD-5|Any CPU.Build.0 = Debug|Any CPU
		{67D51221-DEBE-4A44-9C67-F09DEAA69368}.DVD-5|Mixed Platforms.ActiveCfg = Debug|Any CPU
		{67D51221-DEBE-4A44-9C67-F09DEAA69368}.DVD-5|Mixed Platforms.Build.0 = Debug|Any CPU
		{67D51221-DEBE-4A44-9C67-F09DEAA69368}.DVD-5|x64.ActiveCfg = Debug|Any CPU
		{67D51221-DEBE-4A44-9C67-F09DEAA69368}.DVD-5|x86.ActiveCfg = Debug|Any CPU
		{67D51221-DEBE-4A44-9C67-F09DEAA69368}.Release|Any CPU.ActiveCfg = Release|Any CPU
		{67D51221-DEBE-4A44-9C67-F09DEAA69368}.Release|Any CPU.Build.0 = Release|Any CPU
		{67D51221-DEBE-4A44-9C67-F09DEAA69368}.Release|Mixed Platforms.ActiveCfg = Release|Any CPU
		{67D51221-DEBE-4A44-9C67-F09DEAA69368}.Release|Mixed Platforms.Build.0 = Release|Any CPU
		{67D51221-DEBE-4A44-9C67-F09DEAA69368}.Release|x64.ActiveCfg = Release|Any CPU
		{67D51221-DEBE-4A44-9C67-F09DEAA69368}.Release|x86.ActiveCfg = Release|Any CPU
		{67D51221-DEBE-4A44-9C67-F09DEAA69368}.ReleaseRaw|Any CPU.ActiveCfg = ReleaseRaw|Any CPU
		{67D51221-DEBE-4A44-9C67-F09DEAA69368}.ReleaseRaw|Any CPU.Build.0 = ReleaseRaw|Any CPU
		{67D51221-DEBE-4A44-9C67-F09DEAA69368}.ReleaseRaw|Mixed Platforms.ActiveCfg = ReleaseRaw|Any CPU
		{67D51221-DEBE-4A44-9C67-F09DEAA69368}.ReleaseRaw|Mixed Platforms.Build.0 = ReleaseRaw|Any CPU
		{67D51221-DEBE-4A44-9C67-F09DEAA69368}.ReleaseRaw|x64.ActiveCfg = ReleaseRaw|Any CPU
		{67D51221-DEBE-4A44-9C67-F09DEAA69368}.ReleaseRaw|x86.ActiveCfg = ReleaseRaw|Any CPU
		{67D51221-DEBE-4A44-9C67-F09DEAA69368}.SingleImage|Any CPU.ActiveCfg = Release|Any CPU
		{67D51221-DEBE-4A44-9C67-F09DEAA69368}.SingleImage|Any CPU.Build.0 = Release|Any CPU
		{67D51221-DEBE-4A44-9C67-F09DEAA69368}.SingleImage|Mixed Platforms.ActiveCfg = Release|Any CPU
		{67D51221-DEBE-4A44-9C67-F09DEAA69368}.SingleImage|Mixed Platforms.Build.0 = Release|Any CPU
		{67D51221-DEBE-4A44-9C67-F09DEAA69368}.SingleImage|x64.ActiveCfg = Release|Any CPU
		{67D51221-DEBE-4A44-9C67-F09DEAA69368}.SingleImage|x86.ActiveCfg = Release|Any CPU
		{245AAB5D-E043-43AC-8507-32FA02CC5696}.CD_ROM|Any CPU.ActiveCfg = Release|Any CPU
		{245AAB5D-E043-43AC-8507-32FA02CC5696}.CD_ROM|Any CPU.Build.0 = Release|Any CPU
		{245AAB5D-E043-43AC-8507-32FA02CC5696}.CD_ROM|Mixed Platforms.ActiveCfg = Release|Any CPU
		{245AAB5D-E043-43AC-8507-32FA02CC5696}.CD_ROM|Mixed Platforms.Build.0 = Release|Any CPU
		{245AAB5D-E043-43AC-8507-32FA02CC5696}.CD_ROM|x64.ActiveCfg = Release|Any CPU
		{245AAB5D-E043-43AC-8507-32FA02CC5696}.CD_ROM|x86.ActiveCfg = Release|Any CPU
		{245AAB5D-E043-43AC-8507-32FA02CC5696}.Debug|Any CPU.ActiveCfg = Debug|Any CPU
		{245AAB5D-E043-43AC-8507-32FA02CC5696}.Debug|Any CPU.Build.0 = Debug|Any CPU
		{245AAB5D-E043-43AC-8507-32FA02CC5696}.Debug|Mixed Platforms.ActiveCfg = Debug|Any CPU
		{245AAB5D-E043-43AC-8507-32FA02CC5696}.Debug|Mixed Platforms.Build.0 = Debug|Any CPU
		{245AAB5D-E043-43AC-8507-32FA02CC5696}.Debug|x64.ActiveCfg = Debug|Any CPU
		{245AAB5D-E043-43AC-8507-32FA02CC5696}.Debug|x86.ActiveCfg = Debug|Any CPU
		{245AAB5D-E043-43AC-8507-32FA02CC5696}.DVD-5|Any CPU.ActiveCfg = Debug|Any CPU
		{245AAB5D-E043-43AC-8507-32FA02CC5696}.DVD-5|Any CPU.Build.0 = Debug|Any CPU
		{245AAB5D-E043-43AC-8507-32FA02CC5696}.DVD-5|Mixed Platforms.ActiveCfg = Debug|Any CPU
		{245AAB5D-E043-43AC-8507-32FA02CC5696}.DVD-5|Mixed Platforms.Build.0 = Debug|Any CPU
		{245AAB5D-E043-43AC-8507-32FA02CC5696}.DVD-5|x64.ActiveCfg = Debug|Any CPU
		{245AAB5D-E043-43AC-8507-32FA02CC5696}.DVD-5|x86.ActiveCfg = Debug|Any CPU
		{245AAB5D-E043-43AC-8507-32FA02CC5696}.Release|Any CPU.ActiveCfg = Release|Any CPU
		{245AAB5D-E043-43AC-8507-32FA02CC5696}.Release|Any CPU.Build.0 = Release|Any CPU
		{245AAB5D-E043-43AC-8507-32FA02CC5696}.Release|Mixed Platforms.ActiveCfg = Release|Any CPU
		{245AAB5D-E043-43AC-8507-32FA02CC5696}.Release|Mixed Platforms.Build.0 = Release|Any CPU
		{245AAB5D-E043-43AC-8507-32FA02CC5696}.Release|x64.ActiveCfg = Release|Any CPU
		{245AAB5D-E043-43AC-8507-32FA02CC5696}.Release|x86.ActiveCfg = Release|Any CPU
		{245AAB5D-E043-43AC-8507-32FA02CC5696}.ReleaseRaw|Any CPU.ActiveCfg = ReleaseRaw|Any CPU
		{245AAB5D-E043-43AC-8507-32FA02CC5696}.ReleaseRaw|Any CPU.Build.0 = ReleaseRaw|Any CPU
		{245AAB5D-E043-43AC-8507-32FA02CC5696}.ReleaseRaw|Mixed Platforms.ActiveCfg = ReleaseRaw|Any CPU
		{245AAB5D-E043-43AC-8507-32FA02CC5696}.ReleaseRaw|Mixed Platforms.Build.0 = ReleaseRaw|Any CPU
		{245AAB5D-E043-43AC-8507-32FA02CC5696}.ReleaseRaw|x64.ActiveCfg = ReleaseRaw|Any CPU
		{245AAB5D-E043-43AC-8507-32FA02CC5696}.ReleaseRaw|x86.ActiveCfg = ReleaseRaw|Any CPU
		{245AAB5D-E043-43AC-8507-32FA02CC5696}.SingleImage|Any CPU.ActiveCfg = Release|Any CPU
		{245AAB5D-E043-43AC-8507-32FA02CC5696}.SingleImage|Any CPU.Build.0 = Release|Any CPU
		{245AAB5D-E043-43AC-8507-32FA02CC5696}.SingleImage|Mixed Platforms.ActiveCfg = Release|Any CPU
		{245AAB5D-E043-43AC-8507-32FA02CC5696}.SingleImage|Mixed Platforms.Build.0 = Release|Any CPU
		{245AAB5D-E043-43AC-8507-32FA02CC5696}.SingleImage|x64.ActiveCfg = Release|Any CPU
		{245AAB5D-E043-43AC-8507-32FA02CC5696}.SingleImage|x86.ActiveCfg = Release|Any CPU
	EndGlobalSection
	GlobalSection(SolutionProperties) = preSolution
		HideSolutionNode = FALSE
	EndGlobalSection
EndGlobal
