
Microsoft Visual Studio Solution File, Format Version 11.00
# Visual Studio 2010
Project("{FAE04EC0-301F-11D3-BF4B-00C04F79EFBC}") = "TextEditorEx", "TextEditorEx\TextEditorEx.csproj", "{15E848B4-F289-4580-BAEA-F818F2899E23}"
EndProject
Project("{FAE04EC0-301F-11D3-BF4B-00C04F79EFBC}") = "TestEditorExTest", "TestEditorExTest\TestEditorExTest.csproj", "{2C4125FF-0B50-43B9-A37A-592977F6041E}"
EndProject
Global
	GlobalSection(SolutionConfigurationPlatforms) = preSolution
		Debug|Any CPU = Debug|Any CPU
		Debug|Mixed Platforms = Debug|Mixed Platforms
		Debug|x86 = Debug|x86
		Release|Any CPU = Release|Any CPU
		Release|Mixed Platforms = Release|Mixed Platforms
		Release|x86 = Release|x86
	EndGlobalSection
	GlobalSection(ProjectConfigurationPlatforms) = postSolution
		{15E848B4-F289-4580-BAEA-F818F2899E23}.Debug|Any CPU.ActiveCfg = Debug|Any CPU
		{15E848B4-F289-4580-BAEA-F818F2899E23}.Debug|Any CPU.Build.0 = Debug|Any CPU
		{15E848B4-F289-4580-BAEA-F818F2899E23}.Debug|Mixed Platforms.ActiveCfg = Debug|Any CPU
		{15E848B4-F289-4580-BAEA-F818F2899E23}.Debug|Mixed Platforms.Build.0 = Debug|Any CPU
		{15E848B4-F289-4580-BAEA-F818F2899E23}.Debug|x86.ActiveCfg = Debug|Any CPU
		{15E848B4-F289-4580-BAEA-F818F2899E23}.Release|Any CPU.ActiveCfg = Release|Any CPU
		{15E848B4-F289-4580-BAEA-F818F2899E23}.Release|Any CPU.Build.0 = Release|Any CPU
		{15E848B4-F289-4580-BAEA-F818F2899E23}.Release|Mixed Platforms.ActiveCfg = Release|Any CPU
		{15E848B4-F289-4580-BAEA-F818F2899E23}.Release|Mixed Platforms.Build.0 = Release|Any CPU
		{15E848B4-F289-4580-BAEA-F818F2899E23}.Release|x86.ActiveCfg = Release|Any CPU
		{2C4125FF-0B50-43B9-A37A-592977F6041E}.Debug|Any CPU.ActiveCfg = Debug|x86
		{2C4125FF-0B50-43B9-A37A-592977F6041E}.Debug|Mixed Platforms.ActiveCfg = Debug|x86
		{2C4125FF-0B50-43B9-A37A-592977F6041E}.Debug|Mixed Platforms.Build.0 = Debug|x86
		{2C4125FF-0B50-43B9-A37A-592977F6041E}.Debug|x86.ActiveCfg = Debug|x86
		{2C4125FF-0B50-43B9-A37A-592977F6041E}.Debug|x86.Build.0 = Debug|x86
		{2C4125FF-0B50-43B9-A37A-592977F6041E}.Release|Any CPU.ActiveCfg = Release|x86
		{2C4125FF-0B50-43B9-A37A-592977F6041E}.Release|Mixed Platforms.ActiveCfg = Release|x86
		{2C4125FF-0B50-43B9-A37A-592977F6041E}.Release|Mixed Platforms.Build.0 = Release|x86
		{2C4125FF-0B50-43B9-A37A-592977F6041E}.Release|x86.ActiveCfg = Release|x86
		{2C4125FF-0B50-43B9-A37A-592977F6041E}.Release|x86.Build.0 = Release|x86
	EndGlobalSection
	GlobalSection(SolutionProperties) = preSolution
		HideSolutionNode = FALSE
	EndGlobalSection
EndGlobal
