
Microsoft Visual Studio Solution File, Format Version 11.00
# Visual Studio 2010
Project("{FAE04EC0-301F-11D3-BF4B-00C04F79EFBC}") = "FindReplaceTest", "FindReplaceTest\FindReplaceTest.csproj", "{4C64F7EC-CAB4-49BB-8FB9-AB936D027086}"
EndProject
Project("{FAE04EC0-301F-11D3-BF4B-00C04F79EFBC}") = "FindReplace", "FindReplace\FindReplace.csproj", "{F6237B7D-9A3B-4F55-961B-72035B0DEA4D}"
EndProject
Project("{FAE04EC0-301F-11D3-BF4B-00C04F79EFBC}") = "FindReplaceUnitTests", "FindReplaceUnitTests\FindReplaceUnitTests.csproj", "{D7C9CB53-C1D7-450B-9EF7-6D7449D57793}"
EndProject
Project("{2150E333-8FDC-42A3-9474-1A3956D46DE8}") = "Solution Items", "Solution Items", "{FF1BA857-E2BB-4241-8351-D4EC43E47F44}"
	ProjectSection(SolutionItems) = preProject
		FindReplaceTest.vsmdi = FindReplaceTest.vsmdi
		Local.testsettings = Local.testsettings
		TraceAndTestImpact.testsettings = TraceAndTestImpact.testsettings
	EndProjectSection
EndProject
Project("{FAE04EC0-301F-11D3-BF4B-00C04F79EFBC}") = "FindReplaceTestSDI", "FindReplaceTestSDI\FindReplaceTestSDI.csproj", "{AE872F09-9471-4684-9F68-85588B46496F}"
EndProject
Global
	GlobalSection(TestCaseManagementSettings) = postSolution
		CategoryFile = FindReplaceTest.vsmdi
	EndGlobalSection
	GlobalSection(SolutionConfigurationPlatforms) = preSolution
		Debug|Any CPU = Debug|Any CPU
		Debug|Mixed Platforms = Debug|Mixed Platforms
		Debug|x86 = Debug|x86
		Release|Any CPU = Release|Any CPU
		Release|Mixed Platforms = Release|Mixed Platforms
		Release|x86 = Release|x86
	EndGlobalSection
	GlobalSection(ProjectConfigurationPlatforms) = postSolution
		{4C64F7EC-CAB4-49BB-8FB9-AB936D027086}.Debug|Any CPU.ActiveCfg = Debug|x86
		{4C64F7EC-CAB4-49BB-8FB9-AB936D027086}.Debug|Mixed Platforms.ActiveCfg = Debug|x86
		{4C64F7EC-CAB4-49BB-8FB9-AB936D027086}.Debug|Mixed Platforms.Build.0 = Debug|x86
		{4C64F7EC-CAB4-49BB-8FB9-AB936D027086}.Debug|x86.ActiveCfg = Debug|x86
		{4C64F7EC-CAB4-49BB-8FB9-AB936D027086}.Debug|x86.Build.0 = Debug|x86
		{4C64F7EC-CAB4-49BB-8FB9-AB936D027086}.Release|Any CPU.ActiveCfg = Release|x86
		{4C64F7EC-CAB4-49BB-8FB9-AB936D027086}.Release|Mixed Platforms.ActiveCfg = Release|x86
		{4C64F7EC-CAB4-49BB-8FB9-AB936D027086}.Release|Mixed Platforms.Build.0 = Release|x86
		{4C64F7EC-CAB4-49BB-8FB9-AB936D027086}.Release|x86.ActiveCfg = Release|x86
		{4C64F7EC-CAB4-49BB-8FB9-AB936D027086}.Release|x86.Build.0 = Release|x86
		{F6237B7D-9A3B-4F55-961B-72035B0DEA4D}.Debug|Any CPU.ActiveCfg = Debug|Any CPU
		{F6237B7D-9A3B-4F55-961B-72035B0DEA4D}.Debug|Any CPU.Build.0 = Debug|Any CPU
		{F6237B7D-9A3B-4F55-961B-72035B0DEA4D}.Debug|Mixed Platforms.ActiveCfg = Debug|Any CPU
		{F6237B7D-9A3B-4F55-961B-72035B0DEA4D}.Debug|Mixed Platforms.Build.0 = Debug|Any CPU
		{F6237B7D-9A3B-4F55-961B-72035B0DEA4D}.Debug|x86.ActiveCfg = Debug|Any CPU
		{F6237B7D-9A3B-4F55-961B-72035B0DEA4D}.Release|Any CPU.ActiveCfg = Release|Any CPU
		{F6237B7D-9A3B-4F55-961B-72035B0DEA4D}.Release|Any CPU.Build.0 = Release|Any CPU
		{F6237B7D-9A3B-4F55-961B-72035B0DEA4D}.Release|Mixed Platforms.ActiveCfg = Release|Any CPU
		{F6237B7D-9A3B-4F55-961B-72035B0DEA4D}.Release|Mixed Platforms.Build.0 = Release|Any CPU
		{F6237B7D-9A3B-4F55-961B-72035B0DEA4D}.Release|x86.ActiveCfg = Release|Any CPU
		{D7C9CB53-C1D7-450B-9EF7-6D7449D57793}.Debug|Any CPU.ActiveCfg = Debug|Any CPU
		{D7C9CB53-C1D7-450B-9EF7-6D7449D57793}.Debug|Any CPU.Build.0 = Debug|Any CPU
		{D7C9CB53-C1D7-450B-9EF7-6D7449D57793}.Debug|Mixed Platforms.ActiveCfg = Debug|Any CPU
		{D7C9CB53-C1D7-450B-9EF7-6D7449D57793}.Debug|Mixed Platforms.Build.0 = Debug|Any CPU
		{D7C9CB53-C1D7-450B-9EF7-6D7449D57793}.Debug|x86.ActiveCfg = Debug|Any CPU
		{D7C9CB53-C1D7-450B-9EF7-6D7449D57793}.Release|Any CPU.ActiveCfg = Release|Any CPU
		{D7C9CB53-C1D7-450B-9EF7-6D7449D57793}.Release|Any CPU.Build.0 = Release|Any CPU
		{D7C9CB53-C1D7-450B-9EF7-6D7449D57793}.Release|Mixed Platforms.ActiveCfg = Release|Any CPU
		{D7C9CB53-C1D7-450B-9EF7-6D7449D57793}.Release|Mixed Platforms.Build.0 = Release|Any CPU
		{D7C9CB53-C1D7-450B-9EF7-6D7449D57793}.Release|x86.ActiveCfg = Release|Any CPU
		{AE872F09-9471-4684-9F68-85588B46496F}.Debug|Any CPU.ActiveCfg = Debug|x86
		{AE872F09-9471-4684-9F68-85588B46496F}.Debug|Mixed Platforms.ActiveCfg = Debug|x86
		{AE872F09-9471-4684-9F68-85588B46496F}.Debug|Mixed Platforms.Build.0 = Debug|x86
		{AE872F09-9471-4684-9F68-85588B46496F}.Debug|x86.ActiveCfg = Debug|x86
		{AE872F09-9471-4684-9F68-85588B46496F}.Debug|x86.Build.0 = Debug|x86
		{AE872F09-9471-4684-9F68-85588B46496F}.Release|Any CPU.ActiveCfg = Release|x86
		{AE872F09-9471-4684-9F68-85588B46496F}.Release|Mixed Platforms.ActiveCfg = Release|x86
		{AE872F09-9471-4684-9F68-85588B46496F}.Release|Mixed Platforms.Build.0 = Release|x86
		{AE872F09-9471-4684-9F68-85588B46496F}.Release|x86.ActiveCfg = Release|x86
		{AE872F09-9471-4684-9F68-85588B46496F}.Release|x86.Build.0 = Release|x86
	EndGlobalSection
	GlobalSection(SolutionProperties) = preSolution
		HideSolutionNode = FALSE
	EndGlobalSection
EndGlobal
